
Microsoft Visual Studio Solution File, Format Version 12.00
# Visual Studio Version 17
Project("{8BC9CEB8-8B4A-11D0-8D11-00A0C91BC942}") = "ALL_BUILD", "ALL_BUILD.vcxproj", "{6B91772C-BD06-3B67-89E4-7B3ABBEAE695}"
	ProjectSection(ProjectDependencies) = postProject
		{907DCDC8-885E-31EB-B531-F3B57569E247} = {907DCDC8-885E-31EB-B531-F3B57569E247}
		{29C02FBE-680F-39B6-88A7-00B4607B1874} = {29C02FBE-680F-39B6-88A7-00B4607B1874}
		{EBF2CD5A-1C0B-3286-9E3A-DA44195435E0} = {EBF2CD5A-1C0B-3286-9E3A-DA44195435E0}
		{89949CEB-71D9-36DB-8901-E38C83C60C48} = {89949CEB-71D9-36DB-8901-E38C83C60C48}
		{19CF1404-5DAC-349A-BDF2-262B697D1763} = {19CF1404-5DAC-349A-BDF2-262B697D1763}
		{15B0125B-B32E-3B95-AB21-CBAEC55E5E53} = {15B0125B-B32E-3B95-AB21-CBAEC55E5E53}
		{F2F63B69-191E-3EED-BBCE-D797B8DE442C} = {F2F63B69-191E-3EED-BBCE-D797B8DE442C}
		{C53B2C3E-5407-357E-9FC2-B21ABB210ED1} = {C53B2C3E-5407-357E-9FC2-B21ABB210ED1}
		{B7BA8455-C779-3B97-A384-44C0FB69134B} = {B7BA8455-C779-3B97-A384-44C0FB69134B}
		{CA35516F-F88C-3ECF-AA16-D7C82E683DAC} = {CA35516F-F88C-3ECF-AA16-D7C82E683DAC}
		{3EB34E87-1115-31F8-8E67-191FAE51489D} = {3EB34E87-1115-31F8-8E67-191FAE51489D}
		{A0C1593F-87AD-30A5-8986-6161B8AF7798} = {A0C1593F-87AD-30A5-8986-6161B8AF7798}
		{D78DEAB0-1BF6-3B6C-B61B-07E9737E8F63} = {D78DEAB0-1BF6-3B6C-B61B-07E9737E8F63}
		{1121777B-2F50-30D9-85A6-809AFAA20E15} = {1121777B-2F50-30D9-85A6-809AFAA20E15}
		{DE85D25D-FB56-3446-BF11-378B41A63693} = {DE85D25D-FB56-3446-BF11-378B41A63693}
		{D40C3021-3117-3239-BEDB-DE3F76D2E3BB} = {D40C3021-3117-3239-BEDB-DE3F76D2E3BB}
		{E9D41F2D-4224-318A-ABE6-8B43B2C5A69D} = {E9D41F2D-4224-318A-ABE6-8B43B2C5A69D}
		{2F179C06-69DF-3D1E-81F3-99252AA13FF5} = {2F179C06-69DF-3D1E-81F3-99252AA13FF5}
		{38B21247-57D6-3CE1-B9B1-F8199604CCCA} = {38B21247-57D6-3CE1-B9B1-F8199604CCCA}
		{C9516873-FEC4-3549-B47C-B5F1B71FF780} = {C9516873-FEC4-3549-B47C-B5F1B71FF780}
		{6A998C59-F1DE-381A-B4FE-D54CA8670C09} = {6A998C59-F1DE-381A-B4FE-D54CA8670C09}
		{D805B43B-E7F2-3752-8A39-1557D6D464E8} = {D805B43B-E7F2-3752-8A39-1557D6D464E8}
		{74009E32-E537-328B-9B45-45FDDA496641} = {74009E32-E537-328B-9B45-45FDDA496641}
		{06A378DC-E9BC-3C7C-88D5-06D1312FE33B} = {06A378DC-E9BC-3C7C-88D5-06D1312FE33B}
		{96A72DCD-05C5-3BF2-8FA7-5B5F71FF619C} = {96A72DCD-05C5-3BF2-8FA7-5B5F71FF619C}
		{E0EECA2E-FB7E-3806-8FAB-9DD7DC3DDC3C} = {E0EECA2E-FB7E-3806-8FAB-9DD7DC3DDC3C}
		{3649C236-595A-3FB4-A82B-358DE08893A0} = {3649C236-595A-3FB4-A82B-358DE08893A0}
		{A8BB8EFE-471A-3916-A15B-659A2FE5C019} = {A8BB8EFE-471A-3916-A15B-659A2FE5C019}
		{F8B925D0-8034-32F6-B9AA-FAF5F1A25302} = {F8B925D0-8034-32F6-B9AA-FAF5F1A25302}
		{23392581-63E3-3917-A408-BB4FED7E98D4} = {23392581-63E3-3917-A408-BB4FED7E98D4}
		{94FF8353-7B8D-3E4E-9A1C-007199F117CA} = {94FF8353-7B8D-3E4E-9A1C-007199F117CA}
		{F379AF6C-ABEB-3016-B660-FDE19617E9AA} = {F379AF6C-ABEB-3016-B660-FDE19617E9AA}
		{EFA40FB4-11E9-38AC-A18E-DADBE2838BBF} = {EFA40FB4-11E9-38AC-A18E-DADBE2838BBF}
		{6EBB7192-A4E4-331B-8C09-DD0B45AC46E0} = {6EBB7192-A4E4-331B-8C09-DD0B45AC46E0}
		{32D0D43A-097A-33B2-B915-F016A46F1DCC} = {32D0D43A-097A-33B2-B915-F016A46F1DCC}
		{40A66C4A-30C9-35D5-9C19-1ED12AD8A9BA} = {40A66C4A-30C9-35D5-9C19-1ED12AD8A9BA}
		{F8B05000-5AB6-37D3-97EE-2B40E405C056} = {F8B05000-5AB6-37D3-97EE-2B40E405C056}
		{F64FC74A-25A1-3F2A-8E37-65C23D379700} = {F64FC74A-25A1-3F2A-8E37-65C23D379700}
		{2C0CE6E3-1088-3904-ACF5-B07C37A5CF77} = {2C0CE6E3-1088-3904-ACF5-B07C37A5CF77}
		{B44837F5-28B2-35DC-8DFC-7B04EBC53A84} = {B44837F5-28B2-35DC-8DFC-7B04EBC53A84}
		{5E9C0088-DE90-3447-9C8E-7763C08135A3} = {5E9C0088-DE90-3447-9C8E-7763C08135A3}
		{242F4422-FDA8-33C8-A53B-7F5E734DFDE3} = {242F4422-FDA8-33C8-A53B-7F5E734DFDE3}
		{7B4C4737-4965-3EF4-ABA7-DDFC0BA0DF13} = {7B4C4737-4965-3EF4-ABA7-DDFC0BA0DF13}
		{A9BDE3BB-BC9B-3E61-A156-9CABDF2086DE} = {A9BDE3BB-BC9B-3E61-A156-9CABDF2086DE}
		{89467AA3-0803-327C-A87B-AA3FACBFD1A9} = {89467AA3-0803-327C-A87B-AA3FACBFD1A9}
		{30BFDFCE-9E29-3735-83F6-B36C3E4B1D5F} = {30BFDFCE-9E29-3735-83F6-B36C3E4B1D5F}
		{822A67FA-430B-3CAE-B73B-8A4C0A8DD813} = {822A67FA-430B-3CAE-B73B-8A4C0A8DD813}
		{46BA9809-F343-363B-953A-950A6931A3A9} = {46BA9809-F343-363B-953A-950A6931A3A9}
		{3EA2C6D3-96CA-3314-87EC-D35C954AF9F3} = {3EA2C6D3-96CA-3314-87EC-D35C954AF9F3}
	EndProjectSection
EndProject
Project("{8BC9CEB8-8B4A-11D0-8D11-00A0C91BC942}") = "INSTALL", "INSTALL.vcxproj", "{5A78980F-24A8-3C26-851A-2EE69FF8C3FF}"
	ProjectSection(ProjectDependencies) = postProject
		{6B91772C-BD06-3B67-89E4-7B3ABBEAE695} = {6B91772C-BD06-3B67-89E4-7B3ABBEAE695}
		{907DCDC8-885E-31EB-B531-F3B57569E247} = {907DCDC8-885E-31EB-B531-F3B57569E247}
	EndProjectSection
EndProject
Project("{8BC9CEB8-8B4A-11D0-8D11-00A0C91BC942}") = "RUN_TESTS", "RUN_TESTS.vcxproj", "{E7B0586E-89F7-3BB8-BD21-7387CFFDE6C9}"
	ProjectSection(ProjectDependencies) = postProject
		{907DCDC8-885E-31EB-B531-F3B57569E247} = {907DCDC8-885E-31EB-B531-F3B57569E247}
	EndProjectSection
EndProject
Project("{8BC9CEB8-8B4A-11D0-8D11-00A0C91BC942}") = "ZERO_CHECK", "ZERO_CHECK.vcxproj", "{907DCDC8-885E-31EB-B531-F3B57569E247}"
	ProjectSection(ProjectDependencies) = postProject
	EndProjectSection
EndProject
Project("{8BC9CEB8-8B4A-11D0-8D11-00A0C91BC942}") = "vaist_ai", "vaist_ai.vcxproj", "{29C02FBE-680F-39B6-88A7-00B4607B1874}"
	ProjectSection(ProjectDependencies) = postProject
		{907DCDC8-885E-31EB-B531-F3B57569E247} = {907DCDC8-885E-31EB-B531-F3B57569E247}
		{F2F63B69-191E-3EED-BBCE-D797B8DE442C} = {F2F63B69-191E-3EED-BBCE-D797B8DE442C}
	EndProjectSection
EndProject
Project("{8BC9CEB8-8B4A-11D0-8D11-00A0C91BC942}") = "vaist_blas", "vaist_blas.vcxproj", "{EBF2CD5A-1C0B-3286-9E3A-DA44195435E0}"
	ProjectSection(ProjectDependencies) = postProject
		{907DCDC8-885E-31EB-B531-F3B57569E247} = {907DCDC8-885E-31EB-B531-F3B57569E247}
		{613AFD54-5F16-32B6-92A8-CF29EC9AFB27} = {613AFD54-5F16-32B6-92A8-CF29EC9AFB27}
		{15B0125B-B32E-3B95-AB21-CBAEC55E5E53} = {15B0125B-B32E-3B95-AB21-CBAEC55E5E53}
		{F2F63B69-191E-3EED-BBCE-D797B8DE442C} = {F2F63B69-191E-3EED-BBCE-D797B8DE442C}
		{30BFDFCE-9E29-3735-83F6-B36C3E4B1D5F} = {30BFDFCE-9E29-3735-83F6-B36C3E4B1D5F}
	EndProjectSection
EndProject
Project("{8BC9CEB8-8B4A-11D0-8D11-00A0C91BC942}") = "vaist_blas_spv_hdr", "vaist_blas_spv_hdr.vcxproj", "{613AFD54-5F16-32B6-92A8-CF29EC9AFB27}"
	ProjectSection(ProjectDependencies) = postProject
		{907DCDC8-885E-31EB-B531-F3B57569E247} = {907DCDC8-885E-31EB-B531-F3B57569E247}
	EndProjectSection
EndProject
Project("{8BC9CEB8-8B4A-11D0-8D11-00A0C91BC942}") = "vaist_blas_test", "vaist_blas_test.vcxproj", "{89949CEB-71D9-36DB-8901-E38C83C60C48}"
	ProjectSection(ProjectDependencies) = postProject
		{907DCDC8-885E-31EB-B531-F3B57569E247} = {907DCDC8-885E-31EB-B531-F3B57569E247}
		{EBF2CD5A-1C0B-3286-9E3A-DA44195435E0} = {EBF2CD5A-1C0B-3286-9E3A-DA44195435E0}
		{30BFDFCE-9E29-3735-83F6-B36C3E4B1D5F} = {30BFDFCE-9E29-3735-83F6-B36C3E4B1D5F}
	EndProjectSection
EndProject
Project("{8BC9CEB8-8B4A-11D0-8D11-00A0C91BC942}") = "vaist_blas_vulkan_test", "vaist_blas_vulkan_test.vcxproj", "{19CF1404-5DAC-349A-BDF2-262B697D1763}"
	ProjectSection(ProjectDependencies) = postProject
		{907DCDC8-885E-31EB-B531-F3B57569E247} = {907DCDC8-885E-31EB-B531-F3B57569E247}
		{EBF2CD5A-1C0B-3286-9E3A-DA44195435E0} = {EBF2CD5A-1C0B-3286-9E3A-DA44195435E0}
		{30BFDFCE-9E29-3735-83F6-B36C3E4B1D5F} = {30BFDFCE-9E29-3735-83F6-B36C3E4B1D5F}
	EndProjectSection
EndProject
Project("{8BC9CEB8-8B4A-11D0-8D11-00A0C91BC942}") = "vaist_compute", "vaist_compute.vcxproj", "{15B0125B-B32E-3B95-AB21-CBAEC55E5E53}"
	ProjectSection(ProjectDependencies) = postProject
		{907DCDC8-885E-31EB-B531-F3B57569E247} = {907DCDC8-885E-31EB-B531-F3B57569E247}
		{F2F63B69-191E-3EED-BBCE-D797B8DE442C} = {F2F63B69-191E-3EED-BBCE-D797B8DE442C}
		{30BFDFCE-9E29-3735-83F6-B36C3E4B1D5F} = {30BFDFCE-9E29-3735-83F6-B36C3E4B1D5F}
	EndProjectSection
EndProject
Project("{8BC9CEB8-8B4A-11D0-8D11-00A0C91BC942}") = "vaist_core", "vaist_core.vcxproj", "{F2F63B69-191E-3EED-BBCE-D797B8DE442C}"
	ProjectSection(ProjectDependencies) = postProject
		{907DCDC8-885E-31EB-B531-F3B57569E247} = {907DCDC8-885E-31EB-B531-F3B57569E247}
	EndProjectSection
EndProject
Project("{8BC9CEB8-8B4A-11D0-8D11-00A0C91BC942}") = "vaist_cpp_ai", "vaist_cpp_ai.vcxproj", "{C53B2C3E-5407-357E-9FC2-B21ABB210ED1}"
	ProjectSection(ProjectDependencies) = postProject
		{907DCDC8-885E-31EB-B531-F3B57569E247} = {907DCDC8-885E-31EB-B531-F3B57569E247}
		{29C02FBE-680F-39B6-88A7-00B4607B1874} = {29C02FBE-680F-39B6-88A7-00B4607B1874}
	EndProjectSection
EndProject
Project("{8BC9CEB8-8B4A-11D0-8D11-00A0C91BC942}") = "vaist_cpp_ai_test", "vaist_cpp_ai_test.vcxproj", "{B7BA8455-C779-3B97-A384-44C0FB69134B}"
	ProjectSection(ProjectDependencies) = postProject
		{907DCDC8-885E-31EB-B531-F3B57569E247} = {907DCDC8-885E-31EB-B531-F3B57569E247}
		{29C02FBE-680F-39B6-88A7-00B4607B1874} = {29C02FBE-680F-39B6-88A7-00B4607B1874}
		{C53B2C3E-5407-357E-9FC2-B21ABB210ED1} = {C53B2C3E-5407-357E-9FC2-B21ABB210ED1}
		{30BFDFCE-9E29-3735-83F6-B36C3E4B1D5F} = {30BFDFCE-9E29-3735-83F6-B36C3E4B1D5F}
	EndProjectSection
EndProject
Project("{8BC9CEB8-8B4A-11D0-8D11-00A0C91BC942}") = "vaist_cpp_blas", "vaist_cpp_blas.vcxproj", "{CA35516F-F88C-3ECF-AA16-D7C82E683DAC}"
	ProjectSection(ProjectDependencies) = postProject
		{907DCDC8-885E-31EB-B531-F3B57569E247} = {907DCDC8-885E-31EB-B531-F3B57569E247}
		{EBF2CD5A-1C0B-3286-9E3A-DA44195435E0} = {EBF2CD5A-1C0B-3286-9E3A-DA44195435E0}
	EndProjectSection
EndProject
Project("{8BC9CEB8-8B4A-11D0-8D11-00A0C91BC942}") = "vaist_cpp_blas_test", "vaist_cpp_blas_test.vcxproj", "{3EB34E87-1115-31F8-8E67-191FAE51489D}"
	ProjectSection(ProjectDependencies) = postProject
		{907DCDC8-885E-31EB-B531-F3B57569E247} = {907DCDC8-885E-31EB-B531-F3B57569E247}
		{EBF2CD5A-1C0B-3286-9E3A-DA44195435E0} = {EBF2CD5A-1C0B-3286-9E3A-DA44195435E0}
		{CA35516F-F88C-3ECF-AA16-D7C82E683DAC} = {CA35516F-F88C-3ECF-AA16-D7C82E683DAC}
		{30BFDFCE-9E29-3735-83F6-B36C3E4B1D5F} = {30BFDFCE-9E29-3735-83F6-B36C3E4B1D5F}
	EndProjectSection
EndProject
Project("{8BC9CEB8-8B4A-11D0-8D11-00A0C91BC942}") = "vaist_cpp_compute", "vaist_cpp_compute.vcxproj", "{A0C1593F-87AD-30A5-8986-6161B8AF7798}"
	ProjectSection(ProjectDependencies) = postProject
		{907DCDC8-885E-31EB-B531-F3B57569E247} = {907DCDC8-885E-31EB-B531-F3B57569E247}
		{15B0125B-B32E-3B95-AB21-CBAEC55E5E53} = {15B0125B-B32E-3B95-AB21-CBAEC55E5E53}
	EndProjectSection
EndProject
Project("{8BC9CEB8-8B4A-11D0-8D11-00A0C91BC942}") = "vaist_cpp_compute_test", "vaist_cpp_compute_test.vcxproj", "{D78DEAB0-1BF6-3B6C-B61B-07E9737E8F63}"
	ProjectSection(ProjectDependencies) = postProject
		{907DCDC8-885E-31EB-B531-F3B57569E247} = {907DCDC8-885E-31EB-B531-F3B57569E247}
		{15B0125B-B32E-3B95-AB21-CBAEC55E5E53} = {15B0125B-B32E-3B95-AB21-CBAEC55E5E53}
		{A0C1593F-87AD-30A5-8986-6161B8AF7798} = {A0C1593F-87AD-30A5-8986-6161B8AF7798}
		{30BFDFCE-9E29-3735-83F6-B36C3E4B1D5F} = {30BFDFCE-9E29-3735-83F6-B36C3E4B1D5F}
	EndProjectSection
EndProject
Project("{8BC9CEB8-8B4A-11D0-8D11-00A0C91BC942}") = "vaist_cpp_core", "vaist_cpp_core.vcxproj", "{1121777B-2F50-30D9-85A6-809AFAA20E15}"
	ProjectSection(ProjectDependencies) = postProject
		{907DCDC8-885E-31EB-B531-F3B57569E247} = {907DCDC8-885E-31EB-B531-F3B57569E247}
		{F2F63B69-191E-3EED-BBCE-D797B8DE442C} = {F2F63B69-191E-3EED-BBCE-D797B8DE442C}
	EndProjectSection
EndProject
Project("{8BC9CEB8-8B4A-11D0-8D11-00A0C91BC942}") = "vaist_cpp_core_test", "vaist_cpp_core_test.vcxproj", "{DE85D25D-FB56-3446-BF11-378B41A63693}"
	ProjectSection(ProjectDependencies) = postProject
		{907DCDC8-885E-31EB-B531-F3B57569E247} = {907DCDC8-885E-31EB-B531-F3B57569E247}
		{F2F63B69-191E-3EED-BBCE-D797B8DE442C} = {F2F63B69-191E-3EED-BBCE-D797B8DE442C}
		{1121777B-2F50-30D9-85A6-809AFAA20E15} = {1121777B-2F50-30D9-85A6-809AFAA20E15}
		{30BFDFCE-9E29-3735-83F6-B36C3E4B1D5F} = {30BFDFCE-9E29-3735-83F6-B36C3E4B1D5F}
	EndProjectSection
EndProject
Project("{8BC9CEB8-8B4A-11D0-8D11-00A0C91BC942}") = "vaist_cpp_distributed", "vaist_cpp_distributed.vcxproj", "{D40C3021-3117-3239-BEDB-DE3F76D2E3BB}"
	ProjectSection(ProjectDependencies) = postProject
		{907DCDC8-885E-31EB-B531-F3B57569E247} = {907DCDC8-885E-31EB-B531-F3B57569E247}
		{F8B05000-5AB6-37D3-97EE-2B40E405C056} = {F8B05000-5AB6-37D3-97EE-2B40E405C056}
	EndProjectSection
EndProject
Project("{8BC9CEB8-8B4A-11D0-8D11-00A0C91BC942}") = "vaist_cpp_distributed_test", "vaist_cpp_distributed_test.vcxproj", "{E9D41F2D-4224-318A-ABE6-8B43B2C5A69D}"
	ProjectSection(ProjectDependencies) = postProject
		{907DCDC8-885E-31EB-B531-F3B57569E247} = {907DCDC8-885E-31EB-B531-F3B57569E247}
		{D40C3021-3117-3239-BEDB-DE3F76D2E3BB} = {D40C3021-3117-3239-BEDB-DE3F76D2E3BB}
		{F8B05000-5AB6-37D3-97EE-2B40E405C056} = {F8B05000-5AB6-37D3-97EE-2B40E405C056}
		{30BFDFCE-9E29-3735-83F6-B36C3E4B1D5F} = {30BFDFCE-9E29-3735-83F6-B36C3E4B1D5F}
	EndProjectSection
EndProject
Project("{8BC9CEB8-8B4A-11D0-8D11-00A0C91BC942}") = "vaist_cpp_engine", "vaist_cpp_engine.vcxproj", "{2F179C06-69DF-3D1E-81F3-99252AA13FF5}"
	ProjectSection(ProjectDependencies) = postProject
		{907DCDC8-885E-31EB-B531-F3B57569E247} = {907DCDC8-885E-31EB-B531-F3B57569E247}
		{F64FC74A-25A1-3F2A-8E37-65C23D379700} = {F64FC74A-25A1-3F2A-8E37-65C23D379700}
	EndProjectSection
EndProject
Project("{8BC9CEB8-8B4A-11D0-8D11-00A0C91BC942}") = "vaist_cpp_engine_test", "vaist_cpp_engine_test.vcxproj", "{38B21247-57D6-3CE1-B9B1-F8199604CCCA}"
	ProjectSection(ProjectDependencies) = postProject
		{907DCDC8-885E-31EB-B531-F3B57569E247} = {907DCDC8-885E-31EB-B531-F3B57569E247}
		{2F179C06-69DF-3D1E-81F3-99252AA13FF5} = {2F179C06-69DF-3D1E-81F3-99252AA13FF5}
		{F64FC74A-25A1-3F2A-8E37-65C23D379700} = {F64FC74A-25A1-3F2A-8E37-65C23D379700}
		{30BFDFCE-9E29-3735-83F6-B36C3E4B1D5F} = {30BFDFCE-9E29-3735-83F6-B36C3E4B1D5F}
	EndProjectSection
EndProject
Project("{8BC9CEB8-8B4A-11D0-8D11-00A0C91BC942}") = "vaist_cpp_graph", "vaist_cpp_graph.vcxproj", "{C9516873-FEC4-3549-B47C-B5F1B71FF780}"
	ProjectSection(ProjectDependencies) = postProject
		{907DCDC8-885E-31EB-B531-F3B57569E247} = {907DCDC8-885E-31EB-B531-F3B57569E247}
		{2C0CE6E3-1088-3904-ACF5-B07C37A5CF77} = {2C0CE6E3-1088-3904-ACF5-B07C37A5CF77}
	EndProjectSection
EndProject
Project("{8BC9CEB8-8B4A-11D0-8D11-00A0C91BC942}") = "vaist_cpp_graph_test", "vaist_cpp_graph_test.vcxproj", "{6A998C59-F1DE-381A-B4FE-D54CA8670C09}"
	ProjectSection(ProjectDependencies) = postProject
		{907DCDC8-885E-31EB-B531-F3B57569E247} = {907DCDC8-885E-31EB-B531-F3B57569E247}
		{C9516873-FEC4-3549-B47C-B5F1B71FF780} = {C9516873-FEC4-3549-B47C-B5F1B71FF780}
		{2C0CE6E3-1088-3904-ACF5-B07C37A5CF77} = {2C0CE6E3-1088-3904-ACF5-B07C37A5CF77}
		{30BFDFCE-9E29-3735-83F6-B36C3E4B1D5F} = {30BFDFCE-9E29-3735-83F6-B36C3E4B1D5F}
	EndProjectSection
EndProject
Project("{8BC9CEB8-8B4A-11D0-8D11-00A0C91BC942}") = "vaist_cpp_linalg", "vaist_cpp_linalg.vcxproj", "{D805B43B-E7F2-3752-8A39-1557D6D464E8}"
	ProjectSection(ProjectDependencies) = postProject
		{907DCDC8-885E-31EB-B531-F3B57569E247} = {907DCDC8-885E-31EB-B531-F3B57569E247}
		{EBF2CD5A-1C0B-3286-9E3A-DA44195435E0} = {EBF2CD5A-1C0B-3286-9E3A-DA44195435E0}
		{B44837F5-28B2-35DC-8DFC-7B04EBC53A84} = {B44837F5-28B2-35DC-8DFC-7B04EBC53A84}
	EndProjectSection
EndProject
Project("{8BC9CEB8-8B4A-11D0-8D11-00A0C91BC942}") = "vaist_cpp_linalg_test", "vaist_cpp_linalg_test.vcxproj", "{74009E32-E537-328B-9B45-45FDDA496641}"
	ProjectSection(ProjectDependencies) = postProject
		{907DCDC8-885E-31EB-B531-F3B57569E247} = {907DCDC8-885E-31EB-B531-F3B57569E247}
		{EBF2CD5A-1C0B-3286-9E3A-DA44195435E0} = {EBF2CD5A-1C0B-3286-9E3A-DA44195435E0}
		{D805B43B-E7F2-3752-8A39-1557D6D464E8} = {D805B43B-E7F2-3752-8A39-1557D6D464E8}
		{B44837F5-28B2-35DC-8DFC-7B04EBC53A84} = {B44837F5-28B2-35DC-8DFC-7B04EBC53A84}
		{30BFDFCE-9E29-3735-83F6-B36C3E4B1D5F} = {30BFDFCE-9E29-3735-83F6-B36C3E4B1D5F}
	EndProjectSection
EndProject
Project("{8BC9CEB8-8B4A-11D0-8D11-00A0C91BC942}") = "vaist_cpp_llm", "vaist_cpp_llm.vcxproj", "{06A378DC-E9BC-3C7C-88D5-06D1312FE33B}"
	ProjectSection(ProjectDependencies) = postProject
		{907DCDC8-885E-31EB-B531-F3B57569E247} = {907DCDC8-885E-31EB-B531-F3B57569E247}
		{242F4422-FDA8-33C8-A53B-7F5E734DFDE3} = {242F4422-FDA8-33C8-A53B-7F5E734DFDE3}
	EndProjectSection
EndProject
Project("{8BC9CEB8-8B4A-11D0-8D11-00A0C91BC942}") = "vaist_cpp_llm_test", "vaist_cpp_llm_test.vcxproj", "{96A72DCD-05C5-3BF2-8FA7-5B5F71FF619C}"
	ProjectSection(ProjectDependencies) = postProject
		{907DCDC8-885E-31EB-B531-F3B57569E247} = {907DCDC8-885E-31EB-B531-F3B57569E247}
		{06A378DC-E9BC-3C7C-88D5-06D1312FE33B} = {06A378DC-E9BC-3C7C-88D5-06D1312FE33B}
		{242F4422-FDA8-33C8-A53B-7F5E734DFDE3} = {242F4422-FDA8-33C8-A53B-7F5E734DFDE3}
		{30BFDFCE-9E29-3735-83F6-B36C3E4B1D5F} = {30BFDFCE-9E29-3735-83F6-B36C3E4B1D5F}
	EndProjectSection
EndProject
Project("{8BC9CEB8-8B4A-11D0-8D11-00A0C91BC942}") = "vaist_cpp_model", "vaist_cpp_model.vcxproj", "{E0EECA2E-FB7E-3806-8FAB-9DD7DC3DDC3C}"
	ProjectSection(ProjectDependencies) = postProject
		{907DCDC8-885E-31EB-B531-F3B57569E247} = {907DCDC8-885E-31EB-B531-F3B57569E247}
		{7B4C4737-4965-3EF4-ABA7-DDFC0BA0DF13} = {7B4C4737-4965-3EF4-ABA7-DDFC0BA0DF13}
	EndProjectSection
EndProject
Project("{8BC9CEB8-8B4A-11D0-8D11-00A0C91BC942}") = "vaist_cpp_model_test", "vaist_cpp_model_test.vcxproj", "{3649C236-595A-3FB4-A82B-358DE08893A0}"
	ProjectSection(ProjectDependencies) = postProject
		{907DCDC8-885E-31EB-B531-F3B57569E247} = {907DCDC8-885E-31EB-B531-F3B57569E247}
		{E0EECA2E-FB7E-3806-8FAB-9DD7DC3DDC3C} = {E0EECA2E-FB7E-3806-8FAB-9DD7DC3DDC3C}
		{7B4C4737-4965-3EF4-ABA7-DDFC0BA0DF13} = {7B4C4737-4965-3EF4-ABA7-DDFC0BA0DF13}
		{30BFDFCE-9E29-3735-83F6-B36C3E4B1D5F} = {30BFDFCE-9E29-3735-83F6-B36C3E4B1D5F}
	EndProjectSection
EndProject
Project("{8BC9CEB8-8B4A-11D0-8D11-00A0C91BC942}") = "vaist_cpp_nn", "vaist_cpp_nn.vcxproj", "{A8BB8EFE-471A-3916-A15B-659A2FE5C019}"
	ProjectSection(ProjectDependencies) = postProject
		{907DCDC8-885E-31EB-B531-F3B57569E247} = {907DCDC8-885E-31EB-B531-F3B57569E247}
		{A9BDE3BB-BC9B-3E61-A156-9CABDF2086DE} = {A9BDE3BB-BC9B-3E61-A156-9CABDF2086DE}
	EndProjectSection
EndProject
Project("{8BC9CEB8-8B4A-11D0-8D11-00A0C91BC942}") = "vaist_cpp_nn_test", "vaist_cpp_nn_test.vcxproj", "{F8B925D0-8034-32F6-B9AA-FAF5F1A25302}"
	ProjectSection(ProjectDependencies) = postProject
		{907DCDC8-885E-31EB-B531-F3B57569E247} = {907DCDC8-885E-31EB-B531-F3B57569E247}
		{A8BB8EFE-471A-3916-A15B-659A2FE5C019} = {A8BB8EFE-471A-3916-A15B-659A2FE5C019}
		{A9BDE3BB-BC9B-3E61-A156-9CABDF2086DE} = {A9BDE3BB-BC9B-3E61-A156-9CABDF2086DE}
		{30BFDFCE-9E29-3735-83F6-B36C3E4B1D5F} = {30BFDFCE-9E29-3735-83F6-B36C3E4B1D5F}
	EndProjectSection
EndProject
Project("{8BC9CEB8-8B4A-11D0-8D11-00A0C91BC942}") = "vaist_cpp_quant", "vaist_cpp_quant.vcxproj", "{23392581-63E3-3917-A408-BB4FED7E98D4}"
	ProjectSection(ProjectDependencies) = postProject
		{907DCDC8-885E-31EB-B531-F3B57569E247} = {907DCDC8-885E-31EB-B531-F3B57569E247}
		{89467AA3-0803-327C-A87B-AA3FACBFD1A9} = {89467AA3-0803-327C-A87B-AA3FACBFD1A9}
	EndProjectSection
EndProject
Project("{8BC9CEB8-8B4A-11D0-8D11-00A0C91BC942}") = "vaist_cpp_quant_test", "vaist_cpp_quant_test.vcxproj", "{94FF8353-7B8D-3E4E-9A1C-007199F117CA}"
	ProjectSection(ProjectDependencies) = postProject
		{907DCDC8-885E-31EB-B531-F3B57569E247} = {907DCDC8-885E-31EB-B531-F3B57569E247}
		{23392581-63E3-3917-A408-BB4FED7E98D4} = {23392581-63E3-3917-A408-BB4FED7E98D4}
		{89467AA3-0803-327C-A87B-AA3FACBFD1A9} = {89467AA3-0803-327C-A87B-AA3FACBFD1A9}
		{30BFDFCE-9E29-3735-83F6-B36C3E4B1D5F} = {30BFDFCE-9E29-3735-83F6-B36C3E4B1D5F}
	EndProjectSection
EndProject
Project("{8BC9CEB8-8B4A-11D0-8D11-00A0C91BC942}") = "vaist_cpp_runtime", "vaist_cpp_runtime.vcxproj", "{F379AF6C-ABEB-3016-B660-FDE19617E9AA}"
	ProjectSection(ProjectDependencies) = postProject
		{907DCDC8-885E-31EB-B531-F3B57569E247} = {907DCDC8-885E-31EB-B531-F3B57569E247}
		{30BFDFCE-9E29-3735-83F6-B36C3E4B1D5F} = {30BFDFCE-9E29-3735-83F6-B36C3E4B1D5F}
	EndProjectSection
EndProject
Project("{8BC9CEB8-8B4A-11D0-8D11-00A0C91BC942}") = "vaist_cpp_runtime_test", "vaist_cpp_runtime_test.vcxproj", "{EFA40FB4-11E9-38AC-A18E-DADBE2838BBF}"
	ProjectSection(ProjectDependencies) = postProject
		{907DCDC8-885E-31EB-B531-F3B57569E247} = {907DCDC8-885E-31EB-B531-F3B57569E247}
		{F379AF6C-ABEB-3016-B660-FDE19617E9AA} = {F379AF6C-ABEB-3016-B660-FDE19617E9AA}
		{30BFDFCE-9E29-3735-83F6-B36C3E4B1D5F} = {30BFDFCE-9E29-3735-83F6-B36C3E4B1D5F}
	EndProjectSection
EndProject
Project("{8BC9CEB8-8B4A-11D0-8D11-00A0C91BC942}") = "vaist_cpp_smoke", "vaist_cpp_smoke.vcxproj", "{6EBB7192-A4E4-331B-8C09-DD0B45AC46E0}"
	ProjectSection(ProjectDependencies) = postProject
		{907DCDC8-885E-31EB-B531-F3B57569E247} = {907DCDC8-885E-31EB-B531-F3B57569E247}
		{29C02FBE-680F-39B6-88A7-00B4607B1874} = {29C02FBE-680F-39B6-88A7-00B4607B1874}
		{EBF2CD5A-1C0B-3286-9E3A-DA44195435E0} = {EBF2CD5A-1C0B-3286-9E3A-DA44195435E0}
		{15B0125B-B32E-3B95-AB21-CBAEC55E5E53} = {15B0125B-B32E-3B95-AB21-CBAEC55E5E53}
		{F2F63B69-191E-3EED-BBCE-D797B8DE442C} = {F2F63B69-191E-3EED-BBCE-D797B8DE442C}
		{C53B2C3E-5407-357E-9FC2-B21ABB210ED1} = {C53B2C3E-5407-357E-9FC2-B21ABB210ED1}
		{CA35516F-F88C-3ECF-AA16-D7C82E683DAC} = {CA35516F-F88C-3ECF-AA16-D7C82E683DAC}
		{A0C1593F-87AD-30A5-8986-6161B8AF7798} = {A0C1593F-87AD-30A5-8986-6161B8AF7798}
		{1121777B-2F50-30D9-85A6-809AFAA20E15} = {1121777B-2F50-30D9-85A6-809AFAA20E15}
		{D40C3021-3117-3239-BEDB-DE3F76D2E3BB} = {D40C3021-3117-3239-BEDB-DE3F76D2E3BB}
		{2F179C06-69DF-3D1E-81F3-99252AA13FF5} = {2F179C06-69DF-3D1E-81F3-99252AA13FF5}
		{C9516873-FEC4-3549-B47C-B5F1B71FF780} = {C9516873-FEC4-3549-B47C-B5F1B71FF780}
		{D805B43B-E7F2-3752-8A39-1557D6D464E8} = {D805B43B-E7F2-3752-8A39-1557D6D464E8}
		{06A378DC-E9BC-3C7C-88D5-06D1312FE33B} = {06A378DC-E9BC-3C7C-88D5-06D1312FE33B}
		{E0EECA2E-FB7E-3806-8FAB-9DD7DC3DDC3C} = {E0EECA2E-FB7E-3806-8FAB-9DD7DC3DDC3C}
		{A8BB8EFE-471A-3916-A15B-659A2FE5C019} = {A8BB8EFE-471A-3916-A15B-659A2FE5C019}
		{23392581-63E3-3917-A408-BB4FED7E98D4} = {23392581-63E3-3917-A408-BB4FED7E98D4}
		{F379AF6C-ABEB-3016-B660-FDE19617E9AA} = {F379AF6C-ABEB-3016-B660-FDE19617E9AA}
		{32D0D43A-097A-33B2-B915-F016A46F1DCC} = {32D0D43A-097A-33B2-B915-F016A46F1DCC}
		{F8B05000-5AB6-37D3-97EE-2B40E405C056} = {F8B05000-5AB6-37D3-97EE-2B40E405C056}
		{F64FC74A-25A1-3F2A-8E37-65C23D379700} = {F64FC74A-25A1-3F2A-8E37-65C23D379700}
		{2C0CE6E3-1088-3904-ACF5-B07C37A5CF77} = {2C0CE6E3-1088-3904-ACF5-B07C37A5CF77}
		{B44837F5-28B2-35DC-8DFC-7B04EBC53A84} = {B44837F5-28B2-35DC-8DFC-7B04EBC53A84}
		{242F4422-FDA8-33C8-A53B-7F5E734DFDE3} = {242F4422-FDA8-33C8-A53B-7F5E734DFDE3}
		{7B4C4737-4965-3EF4-ABA7-DDFC0BA0DF13} = {7B4C4737-4965-3EF4-ABA7-DDFC0BA0DF13}
		{A9BDE3BB-BC9B-3E61-A156-9CABDF2086DE} = {A9BDE3BB-BC9B-3E61-A156-9CABDF2086DE}
		{89467AA3-0803-327C-A87B-AA3FACBFD1A9} = {89467AA3-0803-327C-A87B-AA3FACBFD1A9}
		{30BFDFCE-9E29-3735-83F6-B36C3E4B1D5F} = {30BFDFCE-9E29-3735-83F6-B36C3E4B1D5F}
		{3EA2C6D3-96CA-3314-87EC-D35C954AF9F3} = {3EA2C6D3-96CA-3314-87EC-D35C954AF9F3}
	EndProjectSection
EndProject
Project("{8BC9CEB8-8B4A-11D0-8D11-00A0C91BC942}") = "vaist_cpp_tensor", "vaist_cpp_tensor.vcxproj", "{32D0D43A-097A-33B2-B915-F016A46F1DCC}"
	ProjectSection(ProjectDependencies) = postProject
		{907DCDC8-885E-31EB-B531-F3B57569E247} = {907DCDC8-885E-31EB-B531-F3B57569E247}
		{3EA2C6D3-96CA-3314-87EC-D35C954AF9F3} = {3EA2C6D3-96CA-3314-87EC-D35C954AF9F3}
	EndProjectSection
EndProject
Project("{8BC9CEB8-8B4A-11D0-8D11-00A0C91BC942}") = "vaist_cpp_tensor_test", "vaist_cpp_tensor_test.vcxproj", "{40A66C4A-30C9-35D5-9C19-1ED12AD8A9BA}"
	ProjectSection(ProjectDependencies) = postProject
		{907DCDC8-885E-31EB-B531-F3B57569E247} = {907DCDC8-885E-31EB-B531-F3B57569E247}
		{32D0D43A-097A-33B2-B915-F016A46F1DCC} = {32D0D43A-097A-33B2-B915-F016A46F1DCC}
		{30BFDFCE-9E29-3735-83F6-B36C3E4B1D5F} = {30BFDFCE-9E29-3735-83F6-B36C3E4B1D5F}
		{3EA2C6D3-96CA-3314-87EC-D35C954AF9F3} = {3EA2C6D3-96CA-3314-87EC-D35C954AF9F3}
	EndProjectSection
EndProject
Project("{8BC9CEB8-8B4A-11D0-8D11-00A0C91BC942}") = "vaist_distributed", "vaist_distributed.vcxproj", "{F8B05000-5AB6-37D3-97EE-2B40E405C056}"
	ProjectSection(ProjectDependencies) = postProject
		{907DCDC8-885E-31EB-B531-F3B57569E247} = {907DCDC8-885E-31EB-B531-F3B57569E247}
		{F2F63B69-191E-3EED-BBCE-D797B8DE442C} = {F2F63B69-191E-3EED-BBCE-D797B8DE442C}
	EndProjectSection
EndProject
Project("{8BC9CEB8-8B4A-11D0-8D11-00A0C91BC942}") = "vaist_engine", "vaist_engine.vcxproj", "{F64FC74A-25A1-3F2A-8E37-65C23D379700}"
	ProjectSection(ProjectDependencies) = postProject
		{907DCDC8-885E-31EB-B531-F3B57569E247} = {907DCDC8-885E-31EB-B531-F3B57569E247}
		{F2F63B69-191E-3EED-BBCE-D797B8DE442C} = {F2F63B69-191E-3EED-BBCE-D797B8DE442C}
	EndProjectSection
EndProject
Project("{8BC9CEB8-8B4A-11D0-8D11-00A0C91BC942}") = "vaist_graph", "vaist_graph.vcxproj", "{2C0CE6E3-1088-3904-ACF5-B07C37A5CF77}"
	ProjectSection(ProjectDependencies) = postProject
		{907DCDC8-885E-31EB-B531-F3B57569E247} = {907DCDC8-885E-31EB-B531-F3B57569E247}
		{F2F63B69-191E-3EED-BBCE-D797B8DE442C} = {F2F63B69-191E-3EED-BBCE-D797B8DE442C}
	EndProjectSection
EndProject
Project("{8BC9CEB8-8B4A-11D0-8D11-00A0C91BC942}") = "vaist_linalg", "vaist_linalg.vcxproj", "{B44837F5-28B2-35DC-8DFC-7B04EBC53A84}"
	ProjectSection(ProjectDependencies) = postProject
		{907DCDC8-885E-31EB-B531-F3B57569E247} = {907DCDC8-885E-31EB-B531-F3B57569E247}
		{EBF2CD5A-1C0B-3286-9E3A-DA44195435E0} = {EBF2CD5A-1C0B-3286-9E3A-DA44195435E0}
		{F2F63B69-191E-3EED-BBCE-D797B8DE442C} = {F2F63B69-191E-3EED-BBCE-D797B8DE442C}
		{30BFDFCE-9E29-3735-83F6-B36C3E4B1D5F} = {30BFDFCE-9E29-3735-83F6-B36C3E4B1D5F}
	EndProjectSection
EndProject
Project("{8BC9CEB8-8B4A-11D0-8D11-00A0C91BC942}") = "vaist_linalg_test", "vaist_linalg_test.vcxproj", "{5E9C0088-DE90-3447-9C8E-7763C08135A3}"
	ProjectSection(ProjectDependencies) = postProject
		{907DCDC8-885E-31EB-B531-F3B57569E247} = {907DCDC8-885E-31EB-B531-F3B57569E247}
		{EBF2CD5A-1C0B-3286-9E3A-DA44195435E0} = {EBF2CD5A-1C0B-3286-9E3A-DA44195435E0}
		{B44837F5-28B2-35DC-8DFC-7B04EBC53A84} = {B44837F5-28B2-35DC-8DFC-7B04EBC53A84}
		{30BFDFCE-9E29-3735-83F6-B36C3E4B1D5F} = {30BFDFCE-9E29-3735-83F6-B36C3E4B1D5F}
	EndProjectSection
EndProject
Project("{8BC9CEB8-8B4A-11D0-8D11-00A0C91BC942}") = "vaist_llm", "vaist_llm.vcxproj", "{242F4422-FDA8-33C8-A53B-7F5E734DFDE3}"
	ProjectSection(ProjectDependencies) = postProject
		{907DCDC8-885E-31EB-B531-F3B57569E247} = {907DCDC8-885E-31EB-B531-F3B57569E247}
		{F2F63B69-191E-3EED-BBCE-D797B8DE442C} = {F2F63B69-191E-3EED-BBCE-D797B8DE442C}
	EndProjectSection
EndProject
Project("{8BC9CEB8-8B4A-11D0-8D11-00A0C91BC942}") = "vaist_model", "vaist_model.vcxproj", "{7B4C4737-4965-3EF4-ABA7-DDFC0BA0DF13}"
	ProjectSection(ProjectDependencies) = postProject
		{907DCDC8-885E-31EB-B531-F3B57569E247} = {907DCDC8-885E-31EB-B531-F3B57569E247}
		{F2F63B69-191E-3EED-BBCE-D797B8DE442C} = {F2F63B69-191E-3EED-BBCE-D797B8DE442C}
	EndProjectSection
EndProject
Project("{8BC9CEB8-8B4A-11D0-8D11-00A0C91BC942}") = "vaist_nn", "vaist_nn.vcxproj", "{A9BDE3BB-BC9B-3E61-A156-9CABDF2086DE}"
	ProjectSection(ProjectDependencies) = postProject
		{907DCDC8-885E-31EB-B531-F3B57569E247} = {907DCDC8-885E-31EB-B531-F3B57569E247}
		{F2F63B69-191E-3EED-BBCE-D797B8DE442C} = {F2F63B69-191E-3EED-BBCE-D797B8DE442C}
	EndProjectSection
EndProject
Project("{8BC9CEB8-8B4A-11D0-8D11-00A0C91BC942}") = "vaist_quant", "vaist_quant.vcxproj", "{89467AA3-0803-327C-A87B-AA3FACBFD1A9}"
	ProjectSection(ProjectDependencies) = postProject
		{907DCDC8-885E-31EB-B531-F3B57569E247} = {907DCDC8-885E-31EB-B531-F3B57569E247}
		{F2F63B69-191E-3EED-BBCE-D797B8DE442C} = {F2F63B69-191E-3EED-BBCE-D797B8DE442C}
	EndProjectSection
EndProject
Project("{8BC9CEB8-8B4A-11D0-8D11-00A0C91BC942}") = "vaist_runtime", "vaist_runtime.vcxproj", "{30BFDFCE-9E29-3735-83F6-B36C3E4B1D5F}"
	ProjectSection(ProjectDependencies) = postProject
		{907DCDC8-885E-31EB-B531-F3B57569E247} = {907DCDC8-885E-31EB-B531-F3B57569E247}
		{F2F63B69-191E-3EED-BBCE-D797B8DE442C} = {F2F63B69-191E-3EED-BBCE-D797B8DE442C}
	EndProjectSection
EndProject
Project("{8BC9CEB8-8B4A-11D0-8D11-00A0C91BC942}") = "vaist_shaders", "vaist_shaders.vcxproj", "{822A67FA-430B-3CAE-B73B-8A4C0A8DD813}"
	ProjectSection(ProjectDependencies) = postProject
		{907DCDC8-885E-31EB-B531-F3B57569E247} = {907DCDC8-885E-31EB-B531-F3B57569E247}
	EndProjectSection
EndProject
Project("{8BC9CEB8-8B4A-11D0-8D11-00A0C91BC942}") = "vaist_spirv_validate", "vaist_spirv_validate.vcxproj", "{A731EE6F-780B-335C-864B-06C8BAA68E3F}"
	ProjectSection(ProjectDependencies) = postProject
		{907DCDC8-885E-31EB-B531-F3B57569E247} = {907DCDC8-885E-31EB-B531-F3B57569E247}
		{822A67FA-430B-3CAE-B73B-8A4C0A8DD813} = {822A67FA-430B-3CAE-B73B-8A4C0A8DD813}
	EndProjectSection
EndProject
Project("{8BC9CEB8-8B4A-11D0-8D11-00A0C91BC942}") = "vaist_stack_smoke", "vaist_stack_smoke.vcxproj", "{46BA9809-F343-363B-953A-950A6931A3A9}"
	ProjectSection(ProjectDependencies) = postProject
		{907DCDC8-885E-31EB-B531-F3B57569E247} = {907DCDC8-885E-31EB-B531-F3B57569E247}
		{29C02FBE-680F-39B6-88A7-00B4607B1874} = {29C02FBE-680F-39B6-88A7-00B4607B1874}
		{EBF2CD5A-1C0B-3286-9E3A-DA44195435E0} = {EBF2CD5A-1C0B-3286-9E3A-DA44195435E0}
		{15B0125B-B32E-3B95-AB21-CBAEC55E5E53} = {15B0125B-B32E-3B95-AB21-CBAEC55E5E53}
		{F2F63B69-191E-3EED-BBCE-D797B8DE442C} = {F2F63B69-191E-3EED-BBCE-D797B8DE442C}
		{F8B05000-5AB6-37D3-97EE-2B40E405C056} = {F8B05000-5AB6-37D3-97EE-2B40E405C056}
		{F64FC74A-25A1-3F2A-8E37-65C23D379700} = {F64FC74A-25A1-3F2A-8E37-65C23D379700}
		{2C0CE6E3-1088-3904-ACF5-B07C37A5CF77} = {2C0CE6E3-1088-3904-ACF5-B07C37A5CF77}
		{B44837F5-28B2-35DC-8DFC-7B04EBC53A84} = {B44837F5-28B2-35DC-8DFC-7B04EBC53A84}
		{242F4422-FDA8-33C8-A53B-7F5E734DFDE3} = {242F4422-FDA8-33C8-A53B-7F5E734DFDE3}
		{7B4C4737-4965-3EF4-ABA7-DDFC0BA0DF13} = {7B4C4737-4965-3EF4-ABA7-DDFC0BA0DF13}
		{A9BDE3BB-BC9B-3E61-A156-9CABDF2086DE} = {A9BDE3BB-BC9B-3E61-A156-9CABDF2086DE}
		{89467AA3-0803-327C-A87B-AA3FACBFD1A9} = {89467AA3-0803-327C-A87B-AA3FACBFD1A9}
		{30BFDFCE-9E29-3735-83F6-B36C3E4B1D5F} = {30BFDFCE-9E29-3735-83F6-B36C3E4B1D5F}
		{3EA2C6D3-96CA-3314-87EC-D35C954AF9F3} = {3EA2C6D3-96CA-3314-87EC-D35C954AF9F3}
	EndProjectSection
EndProject
Project("{8BC9CEB8-8B4A-11D0-8D11-00A0C91BC942}") = "vaist_tensor", "vaist_tensor.vcxproj", "{3EA2C6D3-96CA-3314-87EC-D35C954AF9F3}"
	ProjectSection(ProjectDependencies) = postProject
		{907DCDC8-885E-31EB-B531-F3B57569E247} = {907DCDC8-885E-31EB-B531-F3B57569E247}
		{F2F63B69-191E-3EED-BBCE-D797B8DE442C} = {F2F63B69-191E-3EED-BBCE-D797B8DE442C}
	EndProjectSection
EndProject
Global
	GlobalSection(SolutionConfigurationPlatforms) = preSolution
		Debug|x64 = Debug|x64
		Release|x64 = Release|x64
		MinSizeRel|x64 = MinSizeRel|x64
		RelWithDebInfo|x64 = RelWithDebInfo|x64
	EndGlobalSection
	GlobalSection(ProjectConfigurationPlatforms) = postSolution
		{6B91772C-BD06-3B67-89E4-7B3ABBEAE695}.Debug|x64.ActiveCfg = Debug|x64
		{6B91772C-BD06-3B67-89E4-7B3ABBEAE695}.Debug|x64.Build.0 = Debug|x64
		{6B91772C-BD06-3B67-89E4-7B3ABBEAE695}.Release|x64.ActiveCfg = Release|x64
		{6B91772C-BD06-3B67-89E4-7B3ABBEAE695}.Release|x64.Build.0 = Release|x64
		{6B91772C-BD06-3B67-89E4-7B3ABBEAE695}.MinSizeRel|x64.ActiveCfg = MinSizeRel|x64
		{6B91772C-BD06-3B67-89E4-7B3ABBEAE695}.MinSizeRel|x64.Build.0 = MinSizeRel|x64
		{6B91772C-BD06-3B67-89E4-7B3ABBEAE695}.RelWithDebInfo|x64.ActiveCfg = RelWithDebInfo|x64
		{6B91772C-BD06-3B67-89E4-7B3ABBEAE695}.RelWithDebInfo|x64.Build.0 = RelWithDebInfo|x64
		{5A78980F-24A8-3C26-851A-2EE69FF8C3FF}.Debug|x64.ActiveCfg = Debug|x64
		{5A78980F-24A8-3C26-851A-2EE69FF8C3FF}.Release|x64.ActiveCfg = Release|x64
		{5A78980F-24A8-3C26-851A-2EE69FF8C3FF}.MinSizeRel|x64.ActiveCfg = MinSizeRel|x64
		{5A78980F-24A8-3C26-851A-2EE69FF8C3FF}.RelWithDebInfo|x64.ActiveCfg = RelWithDebInfo|x64
		{E7B0586E-89F7-3BB8-BD21-7387CFFDE6C9}.Debug|x64.ActiveCfg = Debug|x64
		{E7B0586E-89F7-3BB8-BD21-7387CFFDE6C9}.Release|x64.ActiveCfg = Release|x64
		{E7B0586E-89F7-3BB8-BD21-7387CFFDE6C9}.MinSizeRel|x64.ActiveCfg = MinSizeRel|x64
		{E7B0586E-89F7-3BB8-BD21-7387CFFDE6C9}.RelWithDebInfo|x64.ActiveCfg = RelWithDebInfo|x64
		{907DCDC8-885E-31EB-B531-F3B57569E247}.Debug|x64.ActiveCfg = Debug|x64
		{907DCDC8-885E-31EB-B531-F3B57569E247}.Debug|x64.Build.0 = Debug|x64
		{907DCDC8-885E-31EB-B531-F3B57569E247}.Release|x64.ActiveCfg = Release|x64
		{907DCDC8-885E-31EB-B531-F3B57569E247}.Release|x64.Build.0 = Release|x64
		{907DCDC8-885E-31EB-B531-F3B57569E247}.MinSizeRel|x64.ActiveCfg = MinSizeRel|x64
		{907DCDC8-885E-31EB-B531-F3B57569E247}.MinSizeRel|x64.Build.0 = MinSizeRel|x64
		{907DCDC8-885E-31EB-B531-F3B57569E247}.RelWithDebInfo|x64.ActiveCfg = RelWithDebInfo|x64
		{907DCDC8-885E-31EB-B531-F3B57569E247}.RelWithDebInfo|x64.Build.0 = RelWithDebInfo|x64
		{29C02FBE-680F-39B6-88A7-00B4607B1874}.Debug|x64.ActiveCfg = Debug|x64
		{29C02FBE-680F-39B6-88A7-00B4607B1874}.Debug|x64.Build.0 = Debug|x64
		{29C02FBE-680F-39B6-88A7-00B4607B1874}.Release|x64.ActiveCfg = Release|x64
		{29C02FBE-680F-39B6-88A7-00B4607B1874}.Release|x64.Build.0 = Release|x64
		{29C02FBE-680F-39B6-88A7-00B4607B1874}.MinSizeRel|x64.ActiveCfg = MinSizeRel|x64
		{29C02FBE-680F-39B6-88A7-00B4607B1874}.MinSizeRel|x64.Build.0 = MinSizeRel|x64
		{29C02FBE-680F-39B6-88A7-00B4607B1874}.RelWithDebInfo|x64.ActiveCfg = RelWithDebInfo|x64
		{29C02FBE-680F-39B6-88A7-00B4607B1874}.RelWithDebInfo|x64.Build.0 = RelWithDebInfo|x64
		{EBF2CD5A-1C0B-3286-9E3A-DA44195435E0}.Debug|x64.ActiveCfg = Debug|x64
		{EBF2CD5A-1C0B-3286-9E3A-DA44195435E0}.Debug|x64.Build.0 = Debug|x64
		{EBF2CD5A-1C0B-3286-9E3A-DA44195435E0}.Release|x64.ActiveCfg = Release|x64
		{EBF2CD5A-1C0B-3286-9E3A-DA44195435E0}.Release|x64.Build.0 = Release|x64
		{EBF2CD5A-1C0B-3286-9E3A-DA44195435E0}.MinSizeRel|x64.ActiveCfg = MinSizeRel|x64
		{EBF2CD5A-1C0B-3286-9E3A-DA44195435E0}.MinSizeRel|x64.Build.0 = MinSizeRel|x64
		{EBF2CD5A-1C0B-3286-9E3A-DA44195435E0}.RelWithDebInfo|x64.ActiveCfg = RelWithDebInfo|x64
		{EBF2CD5A-1C0B-3286-9E3A-DA44195435E0}.RelWithDebInfo|x64.Build.0 = RelWithDebInfo|x64
		{613AFD54-5F16-32B6-92A8-CF29EC9AFB27}.Debug|x64.ActiveCfg = Debug|x64
		{613AFD54-5F16-32B6-92A8-CF29EC9AFB27}.Debug|x64.Build.0 = Debug|x64
		{613AFD54-5F16-32B6-92A8-CF29EC9AFB27}.Release|x64.ActiveCfg = Release|x64
		{613AFD54-5F16-32B6-92A8-CF29EC9AFB27}.Release|x64.Build.0 = Release|x64
		{613AFD54-5F16-32B6-92A8-CF29EC9AFB27}.MinSizeRel|x64.ActiveCfg = MinSizeRel|x64
		{613AFD54-5F16-32B6-92A8-CF29EC9AFB27}.MinSizeRel|x64.Build.0 = MinSizeRel|x64
		{613AFD54-5F16-32B6-92A8-CF29EC9AFB27}.RelWithDebInfo|x64.ActiveCfg = RelWithDebInfo|x64
		{613AFD54-5F16-32B6-92A8-CF29EC9AFB27}.RelWithDebInfo|x64.Build.0 = RelWithDebInfo|x64
		{89949CEB-71D9-36DB-8901-E38C83C60C48}.Debug|x64.ActiveCfg = Debug|x64
		{89949CEB-71D9-36DB-8901-E38C83C60C48}.Debug|x64.Build.0 = Debug|x64
		{89949CEB-71D9-36DB-8901-E38C83C60C48}.Release|x64.ActiveCfg = Release|x64
		{89949CEB-71D9-36DB-8901-E38C83C60C48}.Release|x64.Build.0 = Release|x64
		{89949CEB-71D9-36DB-8901-E38C83C60C48}.MinSizeRel|x64.ActiveCfg = MinSizeRel|x64
		{89949CEB-71D9-36DB-8901-E38C83C60C48}.MinSizeRel|x64.Build.0 = MinSizeRel|x64
		{89949CEB-71D9-36DB-8901-E38C83C60C48}.RelWithDebInfo|x64.ActiveCfg = RelWithDebInfo|x64
		{89949CEB-71D9-36DB-8901-E38C83C60C48}.RelWithDebInfo|x64.Build.0 = RelWithDebInfo|x64
		{19CF1404-5DAC-349A-BDF2-262B697D1763}.Debug|x64.ActiveCfg = Debug|x64
		{19CF1404-5DAC-349A-BDF2-262B697D1763}.Debug|x64.Build.0 = Debug|x64
		{19CF1404-5DAC-349A-BDF2-262B697D1763}.Release|x64.ActiveCfg = Release|x64
		{19CF1404-5DAC-349A-BDF2-262B697D1763}.Release|x64.Build.0 = Release|x64
		{19CF1404-5DAC-349A-BDF2-262B697D1763}.MinSizeRel|x64.ActiveCfg = MinSizeRel|x64
		{19CF1404-5DAC-349A-BDF2-262B697D1763}.MinSizeRel|x64.Build.0 = MinSizeRel|x64
		{19CF1404-5DAC-349A-BDF2-262B697D1763}.RelWithDebInfo|x64.ActiveCfg = RelWithDebInfo|x64
		{19CF1404-5DAC-349A-BDF2-262B697D1763}.RelWithDebInfo|x64.Build.0 = RelWithDebInfo|x64
		{15B0125B-B32E-3B95-AB21-CBAEC55E5E53}.Debug|x64.ActiveCfg = Debug|x64
		{15B0125B-B32E-3B95-AB21-CBAEC55E5E53}.Debug|x64.Build.0 = Debug|x64
		{15B0125B-B32E-3B95-AB21-CBAEC55E5E53}.Release|x64.ActiveCfg = Release|x64
		{15B0125B-B32E-3B95-AB21-CBAEC55E5E53}.Release|x64.Build.0 = Release|x64
		{15B0125B-B32E-3B95-AB21-CBAEC55E5E53}.MinSizeRel|x64.ActiveCfg = MinSizeRel|x64
		{15B0125B-B32E-3B95-AB21-CBAEC55E5E53}.MinSizeRel|x64.Build.0 = MinSizeRel|x64
		{15B0125B-B32E-3B95-AB21-CBAEC55E5E53}.RelWithDebInfo|x64.ActiveCfg = RelWithDebInfo|x64
		{15B0125B-B32E-3B95-AB21-CBAEC55E5E53}.RelWithDebInfo|x64.Build.0 = RelWithDebInfo|x64
		{F2F63B69-191E-3EED-BBCE-D797B8DE442C}.Debug|x64.ActiveCfg = Debug|x64
		{F2F63B69-191E-3EED-BBCE-D797B8DE442C}.Debug|x64.Build.0 = Debug|x64
		{F2F63B69-191E-3EED-BBCE-D797B8DE442C}.Release|x64.ActiveCfg = Release|x64
		{F2F63B69-191E-3EED-BBCE-D797B8DE442C}.Release|x64.Build.0 = Release|x64
		{F2F63B69-191E-3EED-BBCE-D797B8DE442C}.MinSizeRel|x64.ActiveCfg = MinSizeRel|x64
		{F2F63B69-191E-3EED-BBCE-D797B8DE442C}.MinSizeRel|x64.Build.0 = MinSizeRel|x64
		{F2F63B69-191E-3EED-BBCE-D797B8DE442C}.RelWithDebInfo|x64.ActiveCfg = RelWithDebInfo|x64
		{F2F63B69-191E-3EED-BBCE-D797B8DE442C}.RelWithDebInfo|x64.Build.0 = RelWithDebInfo|x64
		{C53B2C3E-5407-357E-9FC2-B21ABB210ED1}.Debug|x64.ActiveCfg = Debug|x64
		{C53B2C3E-5407-357E-9FC2-B21ABB210ED1}.Debug|x64.Build.0 = Debug|x64
		{C53B2C3E-5407-357E-9FC2-B21ABB210ED1}.Release|x64.ActiveCfg = Release|x64
		{C53B2C3E-5407-357E-9FC2-B21ABB210ED1}.Release|x64.Build.0 = Release|x64
		{C53B2C3E-5407-357E-9FC2-B21ABB210ED1}.MinSizeRel|x64.ActiveCfg = MinSizeRel|x64
		{C53B2C3E-5407-357E-9FC2-B21ABB210ED1}.MinSizeRel|x64.Build.0 = MinSizeRel|x64
		{C53B2C3E-5407-357E-9FC2-B21ABB210ED1}.RelWithDebInfo|x64.ActiveCfg = RelWithDebInfo|x64
		{C53B2C3E-5407-357E-9FC2-B21ABB210ED1}.RelWithDebInfo|x64.Build.0 = RelWithDebInfo|x64
		{B7BA8455-C779-3B97-A384-44C0FB69134B}.Debug|x64.ActiveCfg = Debug|x64
		{B7BA8455-C779-3B97-A384-44C0FB69134B}.Debug|x64.Build.0 = Debug|x64
		{B7BA8455-C779-3B97-A384-44C0FB69134B}.Release|x64.ActiveCfg = Release|x64
		{B7BA8455-C779-3B97-A384-44C0FB69134B}.Release|x64.Build.0 = Release|x64
		{B7BA8455-C779-3B97-A384-44C0FB69134B}.MinSizeRel|x64.ActiveCfg = MinSizeRel|x64
		{B7BA8455-C779-3B97-A384-44C0FB69134B}.MinSizeRel|x64.Build.0 = MinSizeRel|x64
		{B7BA8455-C779-3B97-A384-44C0FB69134B}.RelWithDebInfo|x64.ActiveCfg = RelWithDebInfo|x64
		{B7BA8455-C779-3B97-A384-44C0FB69134B}.RelWithDebInfo|x64.Build.0 = RelWithDebInfo|x64
		{CA35516F-F88C-3ECF-AA16-D7C82E683DAC}.Debug|x64.ActiveCfg = Debug|x64
		{CA35516F-F88C-3ECF-AA16-D7C82E683DAC}.Debug|x64.Build.0 = Debug|x64
		{CA35516F-F88C-3ECF-AA16-D7C82E683DAC}.Release|x64.ActiveCfg = Release|x64
		{CA35516F-F88C-3ECF-AA16-D7C82E683DAC}.Release|x64.Build.0 = Release|x64
		{CA35516F-F88C-3ECF-AA16-D7C82E683DAC}.MinSizeRel|x64.ActiveCfg = MinSizeRel|x64
		{CA35516F-F88C-3ECF-AA16-D7C82E683DAC}.MinSizeRel|x64.Build.0 = MinSizeRel|x64
		{CA35516F-F88C-3ECF-AA16-D7C82E683DAC}.RelWithDebInfo|x64.ActiveCfg = RelWithDebInfo|x64
		{CA35516F-F88C-3ECF-AA16-D7C82E683DAC}.RelWithDebInfo|x64.Build.0 = RelWithDebInfo|x64
		{3EB34E87-1115-31F8-8E67-191FAE51489D}.Debug|x64.ActiveCfg = Debug|x64
		{3EB34E87-1115-31F8-8E67-191FAE51489D}.Debug|x64.Build.0 = Debug|x64
		{3EB34E87-1115-31F8-8E67-191FAE51489D}.Release|x64.ActiveCfg = Release|x64
		{3EB34E87-1115-31F8-8E67-191FAE51489D}.Release|x64.Build.0 = Release|x64
		{3EB34E87-1115-31F8-8E67-191FAE51489D}.MinSizeRel|x64.ActiveCfg = MinSizeRel|x64
		{3EB34E87-1115-31F8-8E67-191FAE51489D}.MinSizeRel|x64.Build.0 = MinSizeRel|x64
		{3EB34E87-1115-31F8-8E67-191FAE51489D}.RelWithDebInfo|x64.ActiveCfg = RelWithDebInfo|x64
		{3EB34E87-1115-31F8-8E67-191FAE51489D}.RelWithDebInfo|x64.Build.0 = RelWithDebInfo|x64
		{A0C1593F-87AD-30A5-8986-6161B8AF7798}.Debug|x64.ActiveCfg = Debug|x64
		{A0C1593F-87AD-30A5-8986-6161B8AF7798}.Debug|x64.Build.0 = Debug|x64
		{A0C1593F-87AD-30A5-8986-6161B8AF7798}.Release|x64.ActiveCfg = Release|x64
		{A0C1593F-87AD-30A5-8986-6161B8AF7798}.Release|x64.Build.0 = Release|x64
		{A0C1593F-87AD-30A5-8986-6161B8AF7798}.MinSizeRel|x64.ActiveCfg = MinSizeRel|x64
		{A0C1593F-87AD-30A5-8986-6161B8AF7798}.MinSizeRel|x64.Build.0 = MinSizeRel|x64
		{A0C1593F-87AD-30A5-8986-6161B8AF7798}.RelWithDebInfo|x64.ActiveCfg = RelWithDebInfo|x64
		{A0C1593F-87AD-30A5-8986-6161B8AF7798}.RelWithDebInfo|x64.Build.0 = RelWithDebInfo|x64
		{D78DEAB0-1BF6-3B6C-B61B-07E9737E8F63}.Debug|x64.ActiveCfg = Debug|x64
		{D78DEAB0-1BF6-3B6C-B61B-07E9737E8F63}.Debug|x64.Build.0 = Debug|x64
		{D78DEAB0-1BF6-3B6C-B61B-07E9737E8F63}.Release|x64.ActiveCfg = Release|x64
		{D78DEAB0-1BF6-3B6C-B61B-07E9737E8F63}.Release|x64.Build.0 = Release|x64
		{D78DEAB0-1BF6-3B6C-B61B-07E9737E8F63}.MinSizeRel|x64.ActiveCfg = MinSizeRel|x64
		{D78DEAB0-1BF6-3B6C-B61B-07E9737E8F63}.MinSizeRel|x64.Build.0 = MinSizeRel|x64
		{D78DEAB0-1BF6-3B6C-B61B-07E9737E8F63}.RelWithDebInfo|x64.ActiveCfg = RelWithDebInfo|x64
		{D78DEAB0-1BF6-3B6C-B61B-07E9737E8F63}.RelWithDebInfo|x64.Build.0 = RelWithDebInfo|x64
		{1121777B-2F50-30D9-85A6-809AFAA20E15}.Debug|x64.ActiveCfg = Debug|x64
		{1121777B-2F50-30D9-85A6-809AFAA20E15}.Debug|x64.Build.0 = Debug|x64
		{1121777B-2F50-30D9-85A6-809AFAA20E15}.Release|x64.ActiveCfg = Release|x64
		{1121777B-2F50-30D9-85A6-809AFAA20E15}.Release|x64.Build.0 = Release|x64
		{1121777B-2F50-30D9-85A6-809AFAA20E15}.MinSizeRel|x64.ActiveCfg = MinSizeRel|x64
		{1121777B-2F50-30D9-85A6-809AFAA20E15}.MinSizeRel|x64.Build.0 = MinSizeRel|x64
		{1121777B-2F50-30D9-85A6-809AFAA20E15}.RelWithDebInfo|x64.ActiveCfg = RelWithDebInfo|x64
		{1121777B-2F50-30D9-85A6-809AFAA20E15}.RelWithDebInfo|x64.Build.0 = RelWithDebInfo|x64
		{DE85D25D-FB56-3446-BF11-378B41A63693}.Debug|x64.ActiveCfg = Debug|x64
		{DE85D25D-FB56-3446-BF11-378B41A63693}.Debug|x64.Build.0 = Debug|x64
		{DE85D25D-FB56-3446-BF11-378B41A63693}.Release|x64.ActiveCfg = Release|x64
		{DE85D25D-FB56-3446-BF11-378B41A63693}.Release|x64.Build.0 = Release|x64
		{DE85D25D-FB56-3446-BF11-378B41A63693}.MinSizeRel|x64.ActiveCfg = MinSizeRel|x64
		{DE85D25D-FB56-3446-BF11-378B41A63693}.MinSizeRel|x64.Build.0 = MinSizeRel|x64
		{DE85D25D-FB56-3446-BF11-378B41A63693}.RelWithDebInfo|x64.ActiveCfg = RelWithDebInfo|x64
		{DE85D25D-FB56-3446-BF11-378B41A63693}.RelWithDebInfo|x64.Build.0 = RelWithDebInfo|x64
		{D40C3021-3117-3239-BEDB-DE3F76D2E3BB}.Debug|x64.ActiveCfg = Debug|x64
		{D40C3021-3117-3239-BEDB-DE3F76D2E3BB}.Debug|x64.Build.0 = Debug|x64
		{D40C3021-3117-3239-BEDB-DE3F76D2E3BB}.Release|x64.ActiveCfg = Release|x64
		{D40C3021-3117-3239-BEDB-DE3F76D2E3BB}.Release|x64.Build.0 = Release|x64
		{D40C3021-3117-3239-BEDB-DE3F76D2E3BB}.MinSizeRel|x64.ActiveCfg = MinSizeRel|x64
		{D40C3021-3117-3239-BEDB-DE3F76D2E3BB}.MinSizeRel|x64.Build.0 = MinSizeRel|x64
		{D40C3021-3117-3239-BEDB-DE3F76D2E3BB}.RelWithDebInfo|x64.ActiveCfg = RelWithDebInfo|x64
		{D40C3021-3117-3239-BEDB-DE3F76D2E3BB}.RelWithDebInfo|x64.Build.0 = RelWithDebInfo|x64
		{E9D41F2D-4224-318A-ABE6-8B43B2C5A69D}.Debug|x64.ActiveCfg = Debug|x64
		{E9D41F2D-4224-318A-ABE6-8B43B2C5A69D}.Debug|x64.Build.0 = Debug|x64
		{E9D41F2D-4224-318A-ABE6-8B43B2C5A69D}.Release|x64.ActiveCfg = Release|x64
		{E9D41F2D-4224-318A-ABE6-8B43B2C5A69D}.Release|x64.Build.0 = Release|x64
		{E9D41F2D-4224-318A-ABE6-8B43B2C5A69D}.MinSizeRel|x64.ActiveCfg = MinSizeRel|x64
		{E9D41F2D-4224-318A-ABE6-8B43B2C5A69D}.MinSizeRel|x64.Build.0 = MinSizeRel|x64
		{E9D41F2D-4224-318A-ABE6-8B43B2C5A69D}.RelWithDebInfo|x64.ActiveCfg = RelWithDebInfo|x64
		{E9D41F2D-4224-318A-ABE6-8B43B2C5A69D}.RelWithDebInfo|x64.Build.0 = RelWithDebInfo|x64
		{2F179C06-69DF-3D1E-81F3-99252AA13FF5}.Debug|x64.ActiveCfg = Debug|x64
		{2F179C06-69DF-3D1E-81F3-99252AA13FF5}.Debug|x64.Build.0 = Debug|x64
		{2F179C06-69DF-3D1E-81F3-99252AA13FF5}.Release|x64.ActiveCfg = Release|x64
		{2F179C06-69DF-3D1E-81F3-99252AA13FF5}.Release|x64.Build.0 = Release|x64
		{2F179C06-69DF-3D1E-81F3-99252AA13FF5}.MinSizeRel|x64.ActiveCfg = MinSizeRel|x64
		{2F179C06-69DF-3D1E-81F3-99252AA13FF5}.MinSizeRel|x64.Build.0 = MinSizeRel|x64
		{2F179C06-69DF-3D1E-81F3-99252AA13FF5}.RelWithDebInfo|x64.ActiveCfg = RelWithDebInfo|x64
		{2F179C06-69DF-3D1E-81F3-99252AA13FF5}.RelWithDebInfo|x64.Build.0 = RelWithDebInfo|x64
		{38B21247-57D6-3CE1-B9B1-F8199604CCCA}.Debug|x64.ActiveCfg = Debug|x64
		{38B21247-57D6-3CE1-B9B1-F8199604CCCA}.Debug|x64.Build.0 = Debug|x64
		{38B21247-57D6-3CE1-B9B1-F8199604CCCA}.Release|x64.ActiveCfg = Release|x64
		{38B21247-57D6-3CE1-B9B1-F8199604CCCA}.Release|x64.Build.0 = Release|x64
		{38B21247-57D6-3CE1-B9B1-F8199604CCCA}.MinSizeRel|x64.ActiveCfg = MinSizeRel|x64
		{38B21247-57D6-3CE1-B9B1-F8199604CCCA}.MinSizeRel|x64.Build.0 = MinSizeRel|x64
		{38B21247-57D6-3CE1-B9B1-F8199604CCCA}.RelWithDebInfo|x64.ActiveCfg = RelWithDebInfo|x64
		{38B21247-57D6-3CE1-B9B1-F8199604CCCA}.RelWithDebInfo|x64.Build.0 = RelWithDebInfo|x64
		{C9516873-FEC4-3549-B47C-B5F1B71FF780}.Debug|x64.ActiveCfg = Debug|x64
		{C9516873-FEC4-3549-B47C-B5F1B71FF780}.Debug|x64.Build.0 = Debug|x64
		{C9516873-FEC4-3549-B47C-B5F1B71FF780}.Release|x64.ActiveCfg = Release|x64
		{C9516873-FEC4-3549-B47C-B5F1B71FF780}.Release|x64.Build.0 = Release|x64
		{C9516873-FEC4-3549-B47C-B5F1B71FF780}.MinSizeRel|x64.ActiveCfg = MinSizeRel|x64
		{C9516873-FEC4-3549-B47C-B5F1B71FF780}.MinSizeRel|x64.Build.0 = MinSizeRel|x64
		{C9516873-FEC4-3549-B47C-B5F1B71FF780}.RelWithDebInfo|x64.ActiveCfg = RelWithDebInfo|x64
		{C9516873-FEC4-3549-B47C-B5F1B71FF780}.RelWithDebInfo|x64.Build.0 = RelWithDebInfo|x64
		{6A998C59-F1DE-381A-B4FE-D54CA8670C09}.Debug|x64.ActiveCfg = Debug|x64
		{6A998C59-F1DE-381A-B4FE-D54CA8670C09}.Debug|x64.Build.0 = Debug|x64
		{6A998C59-F1DE-381A-B4FE-D54CA8670C09}.Release|x64.ActiveCfg = Release|x64
		{6A998C59-F1DE-381A-B4FE-D54CA8670C09}.Release|x64.Build.0 = Release|x64
		{6A998C59-F1DE-381A-B4FE-D54CA8670C09}.MinSizeRel|x64.ActiveCfg = MinSizeRel|x64
		{6A998C59-F1DE-381A-B4FE-D54CA8670C09}.MinSizeRel|x64.Build.0 = MinSizeRel|x64
		{6A998C59-F1DE-381A-B4FE-D54CA8670C09}.RelWithDebInfo|x64.ActiveCfg = RelWithDebInfo|x64
		{6A998C59-F1DE-381A-B4FE-D54CA8670C09}.RelWithDebInfo|x64.Build.0 = RelWithDebInfo|x64
		{D805B43B-E7F2-3752-8A39-1557D6D464E8}.Debug|x64.ActiveCfg = Debug|x64
		{D805B43B-E7F2-3752-8A39-1557D6D464E8}.Debug|x64.Build.0 = Debug|x64
		{D805B43B-E7F2-3752-8A39-1557D6D464E8}.Release|x64.ActiveCfg = Release|x64
		{D805B43B-E7F2-3752-8A39-1557D6D464E8}.Release|x64.Build.0 = Release|x64
		{D805B43B-E7F2-3752-8A39-1557D6D464E8}.MinSizeRel|x64.ActiveCfg = MinSizeRel|x64
		{D805B43B-E7F2-3752-8A39-1557D6D464E8}.MinSizeRel|x64.Build.0 = MinSizeRel|x64
		{D805B43B-E7F2-3752-8A39-1557D6D464E8}.RelWithDebInfo|x64.ActiveCfg = RelWithDebInfo|x64
		{D805B43B-E7F2-3752-8A39-1557D6D464E8}.RelWithDebInfo|x64.Build.0 = RelWithDebInfo|x64
		{74009E32-E537-328B-9B45-45FDDA496641}.Debug|x64.ActiveCfg = Debug|x64
		{74009E32-E537-328B-9B45-45FDDA496641}.Debug|x64.Build.0 = Debug|x64
		{74009E32-E537-328B-9B45-45FDDA496641}.Release|x64.ActiveCfg = Release|x64
		{74009E32-E537-328B-9B45-45FDDA496641}.Release|x64.Build.0 = Release|x64
		{74009E32-E537-328B-9B45-45FDDA496641}.MinSizeRel|x64.ActiveCfg = MinSizeRel|x64
		{74009E32-E537-328B-9B45-45FDDA496641}.MinSizeRel|x64.Build.0 = MinSizeRel|x64
		{74009E32-E537-328B-9B45-45FDDA496641}.RelWithDebInfo|x64.ActiveCfg = RelWithDebInfo|x64
		{74009E32-E537-328B-9B45-45FDDA496641}.RelWithDebInfo|x64.Build.0 = RelWithDebInfo|x64
		{06A378DC-E9BC-3C7C-88D5-06D1312FE33B}.Debug|x64.ActiveCfg = Debug|x64
		{06A378DC-E9BC-3C7C-88D5-06D1312FE33B}.Debug|x64.Build.0 = Debug|x64
		{06A378DC-E9BC-3C7C-88D5-06D1312FE33B}.Release|x64.ActiveCfg = Release|x64
		{06A378DC-E9BC-3C7C-88D5-06D1312FE33B}.Release|x64.Build.0 = Release|x64
		{06A378DC-E9BC-3C7C-88D5-06D1312FE33B}.MinSizeRel|x64.ActiveCfg = MinSizeRel|x64
		{06A378DC-E9BC-3C7C-88D5-06D1312FE33B}.MinSizeRel|x64.Build.0 = MinSizeRel|x64
		{06A378DC-E9BC-3C7C-88D5-06D1312FE33B}.RelWithDebInfo|x64.ActiveCfg = RelWithDebInfo|x64
		{06A378DC-E9BC-3C7C-88D5-06D1312FE33B}.RelWithDebInfo|x64.Build.0 = RelWithDebInfo|x64
		{96A72DCD-05C5-3BF2-8FA7-5B5F71FF619C}.Debug|x64.ActiveCfg = Debug|x64
		{96A72DCD-05C5-3BF2-8FA7-5B5F71FF619C}.Debug|x64.Build.0 = Debug|x64
		{96A72DCD-05C5-3BF2-8FA7-5B5F71FF619C}.Release|x64.ActiveCfg = Release|x64
		{96A72DCD-05C5-3BF2-8FA7-5B5F71FF619C}.Release|x64.Build.0 = Release|x64
		{96A72DCD-05C5-3BF2-8FA7-5B5F71FF619C}.MinSizeRel|x64.ActiveCfg = MinSizeRel|x64
		{96A72DCD-05C5-3BF2-8FA7-5B5F71FF619C}.MinSizeRel|x64.Build.0 = MinSizeRel|x64
		{96A72DCD-05C5-3BF2-8FA7-5B5F71FF619C}.RelWithDebInfo|x64.ActiveCfg = RelWithDebInfo|x64
		{96A72DCD-05C5-3BF2-8FA7-5B5F71FF619C}.RelWithDebInfo|x64.Build.0 = RelWithDebInfo|x64
		{E0EECA2E-FB7E-3806-8FAB-9DD7DC3DDC3C}.Debug|x64.ActiveCfg = Debug|x64
		{E0EECA2E-FB7E-3806-8FAB-9DD7DC3DDC3C}.Debug|x64.Build.0 = Debug|x64
		{E0EECA2E-FB7E-3806-8FAB-9DD7DC3DDC3C}.Release|x64.ActiveCfg = Release|x64
		{E0EECA2E-FB7E-3806-8FAB-9DD7DC3DDC3C}.Release|x64.Build.0 = Release|x64
		{E0EECA2E-FB7E-3806-8FAB-9DD7DC3DDC3C}.MinSizeRel|x64.ActiveCfg = MinSizeRel|x64
		{E0EECA2E-FB7E-3806-8FAB-9DD7DC3DDC3C}.MinSizeRel|x64.Build.0 = MinSizeRel|x64
		{E0EECA2E-FB7E-3806-8FAB-9DD7DC3DDC3C}.RelWithDebInfo|x64.ActiveCfg = RelWithDebInfo|x64
		{E0EECA2E-FB7E-3806-8FAB-9DD7DC3DDC3C}.RelWithDebInfo|x64.Build.0 = RelWithDebInfo|x64
		{3649C236-595A-3FB4-A82B-358DE08893A0}.Debug|x64.ActiveCfg = Debug|x64
		{3649C236-595A-3FB4-A82B-358DE08893A0}.Debug|x64.Build.0 = Debug|x64
		{3649C236-595A-3FB4-A82B-358DE08893A0}.Release|x64.ActiveCfg = Release|x64
		{3649C236-595A-3FB4-A82B-358DE08893A0}.Release|x64.Build.0 = Release|x64
		{3649C236-595A-3FB4-A82B-358DE08893A0}.MinSizeRel|x64.ActiveCfg = MinSizeRel|x64
		{3649C236-595A-3FB4-A82B-358DE08893A0}.MinSizeRel|x64.Build.0 = MinSizeRel|x64
		{3649C236-595A-3FB4-A82B-358DE08893A0}.RelWithDebInfo|x64.ActiveCfg = RelWithDebInfo|x64
		{3649C236-595A-3FB4-A82B-358DE08893A0}.RelWithDebInfo|x64.Build.0 = RelWithDebInfo|x64
		{A8BB8EFE-471A-3916-A15B-659A2FE5C019}.Debug|x64.ActiveCfg = Debug|x64
		{A8BB8EFE-471A-3916-A15B-659A2FE5C019}.Debug|x64.Build.0 = Debug|x64
		{A8BB8EFE-471A-3916-A15B-659A2FE5C019}.Release|x64.ActiveCfg = Release|x64
		{A8BB8EFE-471A-3916-A15B-659A2FE5C019}.Release|x64.Build.0 = Release|x64
		{A8BB8EFE-471A-3916-A15B-659A2FE5C019}.MinSizeRel|x64.ActiveCfg = MinSizeRel|x64
		{A8BB8EFE-471A-3916-A15B-659A2FE5C019}.MinSizeRel|x64.Build.0 = MinSizeRel|x64
		{A8BB8EFE-471A-3916-A15B-659A2FE5C019}.RelWithDebInfo|x64.ActiveCfg = RelWithDebInfo|x64
		{A8BB8EFE-471A-3916-A15B-659A2FE5C019}.RelWithDebInfo|x64.Build.0 = RelWithDebInfo|x64
		{F8B925D0-8034-32F6-B9AA-FAF5F1A25302}.Debug|x64.ActiveCfg = Debug|x64
		{F8B925D0-8034-32F6-B9AA-FAF5F1A25302}.Debug|x64.Build.0 = Debug|x64
		{F8B925D0-8034-32F6-B9AA-FAF5F1A25302}.Release|x64.ActiveCfg = Release|x64
		{F8B925D0-8034-32F6-B9AA-FAF5F1A25302}.Release|x64.Build.0 = Release|x64
		{F8B925D0-8034-32F6-B9AA-FAF5F1A25302}.MinSizeRel|x64.ActiveCfg = MinSizeRel|x64
		{F8B925D0-8034-32F6-B9AA-FAF5F1A25302}.MinSizeRel|x64.Build.0 = MinSizeRel|x64
		{F8B925D0-8034-32F6-B9AA-FAF5F1A25302}.RelWithDebInfo|x64.ActiveCfg = RelWithDebInfo|x64
		{F8B925D0-8034-32F6-B9AA-FAF5F1A25302}.RelWithDebInfo|x64.Build.0 = RelWithDebInfo|x64
		{23392581-63E3-3917-A408-BB4FED7E98D4}.Debug|x64.ActiveCfg = Debug|x64
		{23392581-63E3-3917-A408-BB4FED7E98D4}.Debug|x64.Build.0 = Debug|x64
		{23392581-63E3-3917-A408-BB4FED7E98D4}.Release|x64.ActiveCfg = Release|x64
		{23392581-63E3-3917-A408-BB4FED7E98D4}.Release|x64.Build.0 = Release|x64
		{23392581-63E3-3917-A408-BB4FED7E98D4}.MinSizeRel|x64.ActiveCfg = MinSizeRel|x64
		{23392581-63E3-3917-A408-BB4FED7E98D4}.MinSizeRel|x64.Build.0 = MinSizeRel|x64
		{23392581-63E3-3917-A408-BB4FED7E98D4}.RelWithDebInfo|x64.ActiveCfg = RelWithDebInfo|x64
		{23392581-63E3-3917-A408-BB4FED7E98D4}.RelWithDebInfo|x64.Build.0 = RelWithDebInfo|x64
		{94FF8353-7B8D-3E4E-9A1C-007199F117CA}.Debug|x64.ActiveCfg = Debug|x64
		{94FF8353-7B8D-3E4E-9A1C-007199F117CA}.Debug|x64.Build.0 = Debug|x64
		{94FF8353-7B8D-3E4E-9A1C-007199F117CA}.Release|x64.ActiveCfg = Release|x64
		{94FF8353-7B8D-3E4E-9A1C-007199F117CA}.Release|x64.Build.0 = Release|x64
		{94FF8353-7B8D-3E4E-9A1C-007199F117CA}.MinSizeRel|x64.ActiveCfg = MinSizeRel|x64
		{94FF8353-7B8D-3E4E-9A1C-007199F117CA}.MinSizeRel|x64.Build.0 = MinSizeRel|x64
		{94FF8353-7B8D-3E4E-9A1C-007199F117CA}.RelWithDebInfo|x64.ActiveCfg = RelWithDebInfo|x64
		{94FF8353-7B8D-3E4E-9A1C-007199F117CA}.RelWithDebInfo|x64.Build.0 = RelWithDebInfo|x64
		{F379AF6C-ABEB-3016-B660-FDE19617E9AA}.Debug|x64.ActiveCfg = Debug|x64
		{F379AF6C-ABEB-3016-B660-FDE19617E9AA}.Debug|x64.Build.0 = Debug|x64
		{F379AF6C-ABEB-3016-B660-FDE19617E9AA}.Release|x64.ActiveCfg = Release|x64
		{F379AF6C-ABEB-3016-B660-FDE19617E9AA}.Release|x64.Build.0 = Release|x64
		{F379AF6C-ABEB-3016-B660-FDE19617E9AA}.MinSizeRel|x64.ActiveCfg = MinSizeRel|x64
		{F379AF6C-ABEB-3016-B660-FDE19617E9AA}.MinSizeRel|x64.Build.0 = MinSizeRel|x64
		{F379AF6C-ABEB-3016-B660-FDE19617E9AA}.RelWithDebInfo|x64.ActiveCfg = RelWithDebInfo|x64
		{F379AF6C-ABEB-3016-B660-FDE19617E9AA}.RelWithDebInfo|x64.Build.0 = RelWithDebInfo|x64
		{EFA40FB4-11E9-38AC-A18E-DADBE2838BBF}.Debug|x64.ActiveCfg = Debug|x64
		{EFA40FB4-11E9-38AC-A18E-DADBE2838BBF}.Debug|x64.Build.0 = Debug|x64
		{EFA40FB4-11E9-38AC-A18E-DADBE2838BBF}.Release|x64.ActiveCfg = Release|x64
		{EFA40FB4-11E9-38AC-A18E-DADBE2838BBF}.Release|x64.Build.0 = Release|x64
		{EFA40FB4-11E9-38AC-A18E-DADBE2838BBF}.MinSizeRel|x64.ActiveCfg = MinSizeRel|x64
		{EFA40FB4-11E9-38AC-A18E-DADBE2838BBF}.MinSizeRel|x64.Build.0 = MinSizeRel|x64
		{EFA40FB4-11E9-38AC-A18E-DADBE2838BBF}.RelWithDebInfo|x64.ActiveCfg = RelWithDebInfo|x64
		{EFA40FB4-11E9-38AC-A18E-DADBE2838BBF}.RelWithDebInfo|x64.Build.0 = RelWithDebInfo|x64
		{6EBB7192-A4E4-331B-8C09-DD0B45AC46E0}.Debug|x64.ActiveCfg = Debug|x64
		{6EBB7192-A4E4-331B-8C09-DD0B45AC46E0}.Debug|x64.Build.0 = Debug|x64
		{6EBB7192-A4E4-331B-8C09-DD0B45AC46E0}.Release|x64.ActiveCfg = Release|x64
		{6EBB7192-A4E4-331B-8C09-DD0B45AC46E0}.Release|x64.Build.0 = Release|x64
		{6EBB7192-A4E4-331B-8C09-DD0B45AC46E0}.MinSizeRel|x64.ActiveCfg = MinSizeRel|x64
		{6EBB7192-A4E4-331B-8C09-DD0B45AC46E0}.MinSizeRel|x64.Build.0 = MinSizeRel|x64
		{6EBB7192-A4E4-331B-8C09-DD0B45AC46E0}.RelWithDebInfo|x64.ActiveCfg = RelWithDebInfo|x64
		{6EBB7192-A4E4-331B-8C09-DD0B45AC46E0}.RelWithDebInfo|x64.Build.0 = RelWithDebInfo|x64
		{32D0D43A-097A-33B2-B915-F016A46F1DCC}.Debug|x64.ActiveCfg = Debug|x64
		{32D0D43A-097A-33B2-B915-F016A46F1DCC}.Debug|x64.Build.0 = Debug|x64
		{32D0D43A-097A-33B2-B915-F016A46F1DCC}.Release|x64.ActiveCfg = Release|x64
		{32D0D43A-097A-33B2-B915-F016A46F1DCC}.Release|x64.Build.0 = Release|x64
		{32D0D43A-097A-33B2-B915-F016A46F1DCC}.MinSizeRel|x64.ActiveCfg = MinSizeRel|x64
		{32D0D43A-097A-33B2-B915-F016A46F1DCC}.MinSizeRel|x64.Build.0 = MinSizeRel|x64
		{32D0D43A-097A-33B2-B915-F016A46F1DCC}.RelWithDebInfo|x64.ActiveCfg = RelWithDebInfo|x64
		{32D0D43A-097A-33B2-B915-F016A46F1DCC}.RelWithDebInfo|x64.Build.0 = RelWithDebInfo|x64
		{40A66C4A-30C9-35D5-9C19-1ED12AD8A9BA}.Debug|x64.ActiveCfg = Debug|x64
		{40A66C4A-30C9-35D5-9C19-1ED12AD8A9BA}.Debug|x64.Build.0 = Debug|x64
		{40A66C4A-30C9-35D5-9C19-1ED12AD8A9BA}.Release|x64.ActiveCfg = Release|x64
		{40A66C4A-30C9-35D5-9C19-1ED12AD8A9BA}.Release|x64.Build.0 = Release|x64
		{40A66C4A-30C9-35D5-9C19-1ED12AD8A9BA}.MinSizeRel|x64.ActiveCfg = MinSizeRel|x64
		{40A66C4A-30C9-35D5-9C19-1ED12AD8A9BA}.MinSizeRel|x64.Build.0 = MinSizeRel|x64
		{40A66C4A-30C9-35D5-9C19-1ED12AD8A9BA}.RelWithDebInfo|x64.ActiveCfg = RelWithDebInfo|x64
		{40A66C4A-30C9-35D5-9C19-1ED12AD8A9BA}.RelWithDebInfo|x64.Build.0 = RelWithDebInfo|x64
		{F8B05000-5AB6-37D3-97EE-2B40E405C056}.Debug|x64.ActiveCfg = Debug|x64
		{F8B05000-5AB6-37D3-97EE-2B40E405C056}.Debug|x64.Build.0 = Debug|x64
		{F8B05000-5AB6-37D3-97EE-2B40E405C056}.Release|x64.ActiveCfg = Release|x64
		{F8B05000-5AB6-37D3-97EE-2B40E405C056}.Release|x64.Build.0 = Release|x64
		{F8B05000-5AB6-37D3-97EE-2B40E405C056}.MinSizeRel|x64.ActiveCfg = MinSizeRel|x64
		{F8B05000-5AB6-37D3-97EE-2B40E405C056}.MinSizeRel|x64.Build.0 = MinSizeRel|x64
		{F8B05000-5AB6-37D3-97EE-2B40E405C056}.RelWithDebInfo|x64.ActiveCfg = RelWithDebInfo|x64
		{F8B05000-5AB6-37D3-97EE-2B40E405C056}.RelWithDebInfo|x64.Build.0 = RelWithDebInfo|x64
		{F64FC74A-25A1-3F2A-8E37-65C23D379700}.Debug|x64.ActiveCfg = Debug|x64
		{F64FC74A-25A1-3F2A-8E37-65C23D379700}.Debug|x64.Build.0 = Debug|x64
		{F64FC74A-25A1-3F2A-8E37-65C23D379700}.Release|x64.ActiveCfg = Release|x64
		{F64FC74A-25A1-3F2A-8E37-65C23D379700}.Release|x64.Build.0 = Release|x64
		{F64FC74A-25A1-3F2A-8E37-65C23D379700}.MinSizeRel|x64.ActiveCfg = MinSizeRel|x64
		{F64FC74A-25A1-3F2A-8E37-65C23D379700}.MinSizeRel|x64.Build.0 = MinSizeRel|x64
		{F64FC74A-25A1-3F2A-8E37-65C23D379700}.RelWithDebInfo|x64.ActiveCfg = RelWithDebInfo|x64
		{F64FC74A-25A1-3F2A-8E37-65C23D379700}.RelWithDebInfo|x64.Build.0 = RelWithDebInfo|x64
		{2C0CE6E3-1088-3904-ACF5-B07C37A5CF77}.Debug|x64.ActiveCfg = Debug|x64
		{2C0CE6E3-1088-3904-ACF5-B07C37A5CF77}.Debug|x64.Build.0 = Debug|x64
		{2C0CE6E3-1088-3904-ACF5-B07C37A5CF77}.Release|x64.ActiveCfg = Release|x64
		{2C0CE6E3-1088-3904-ACF5-B07C37A5CF77}.Release|x64.Build.0 = Release|x64
		{2C0CE6E3-1088-3904-ACF5-B07C37A5CF77}.MinSizeRel|x64.ActiveCfg = MinSizeRel|x64
		{2C0CE6E3-1088-3904-ACF5-B07C37A5CF77}.MinSizeRel|x64.Build.0 = MinSizeRel|x64
		{2C0CE6E3-1088-3904-ACF5-B07C37A5CF77}.RelWithDebInfo|x64.ActiveCfg = RelWithDebInfo|x64
		{2C0CE6E3-1088-3904-ACF5-B07C37A5CF77}.RelWithDebInfo|x64.Build.0 = RelWithDebInfo|x64
		{B44837F5-28B2-35DC-8DFC-7B04EBC53A84}.Debug|x64.ActiveCfg = Debug|x64
		{B44837F5-28B2-35DC-8DFC-7B04EBC53A84}.Debug|x64.Build.0 = Debug|x64
		{B44837F5-28B2-35DC-8DFC-7B04EBC53A84}.Release|x64.ActiveCfg = Release|x64
		{B44837F5-28B2-35DC-8DFC-7B04EBC53A84}.Release|x64.Build.0 = Release|x64
		{B44837F5-28B2-35DC-8DFC-7B04EBC53A84}.MinSizeRel|x64.ActiveCfg = MinSizeRel|x64
		{B44837F5-28B2-35DC-8DFC-7B04EBC53A84}.MinSizeRel|x64.Build.0 = MinSizeRel|x64
		{B44837F5-28B2-35DC-8DFC-7B04EBC53A84}.RelWithDebInfo|x64.ActiveCfg = RelWithDebInfo|x64
		{B44837F5-28B2-35DC-8DFC-7B04EBC53A84}.RelWithDebInfo|x64.Build.0 = RelWithDebInfo|x64
		{5E9C0088-DE90-3447-9C8E-7763C08135A3}.Debug|x64.ActiveCfg = Debug|x64
		{5E9C0088-DE90-3447-9C8E-7763C08135A3}.Debug|x64.Build.0 = Debug|x64
		{5E9C0088-DE90-3447-9C8E-7763C08135A3}.Release|x64.ActiveCfg = Release|x64
		{5E9C0088-DE90-3447-9C8E-7763C08135A3}.Release|x64.Build.0 = Release|x64
		{5E9C0088-DE90-3447-9C8E-7763C08135A3}.MinSizeRel|x64.ActiveCfg = MinSizeRel|x64
		{5E9C0088-DE90-3447-9C8E-7763C08135A3}.MinSizeRel|x64.Build.0 = MinSizeRel|x64
		{5E9C0088-DE90-3447-9C8E-7763C08135A3}.RelWithDebInfo|x64.ActiveCfg = RelWithDebInfo|x64
		{5E9C0088-DE90-3447-9C8E-7763C08135A3}.RelWithDebInfo|x64.Build.0 = RelWithDebInfo|x64
		{242F4422-FDA8-33C8-A53B-7F5E734DFDE3}.Debug|x64.ActiveCfg = Debug|x64
		{242F4422-FDA8-33C8-A53B-7F5E734DFDE3}.Debug|x64.Build.0 = Debug|x64
		{242F4422-FDA8-33C8-A53B-7F5E734DFDE3}.Release|x64.ActiveCfg = Release|x64
		{242F4422-FDA8-33C8-A53B-7F5E734DFDE3}.Release|x64.Build.0 = Release|x64
		{242F4422-FDA8-33C8-A53B-7F5E734DFDE3}.MinSizeRel|x64.ActiveCfg = MinSizeRel|x64
		{242F4422-FDA8-33C8-A53B-7F5E734DFDE3}.MinSizeRel|x64.Build.0 = MinSizeRel|x64
		{242F4422-FDA8-33C8-A53B-7F5E734DFDE3}.RelWithDebInfo|x64.ActiveCfg = RelWithDebInfo|x64
		{242F4422-FDA8-33C8-A53B-7F5E734DFDE3}.RelWithDebInfo|x64.Build.0 = RelWithDebInfo|x64
		{7B4C4737-4965-3EF4-ABA7-DDFC0BA0DF13}.Debug|x64.ActiveCfg = Debug|x64
		{7B4C4737-4965-3EF4-ABA7-DDFC0BA0DF13}.Debug|x64.Build.0 = Debug|x64
		{7B4C4737-4965-3EF4-ABA7-DDFC0BA0DF13}.Release|x64.ActiveCfg = Release|x64
		{7B4C4737-4965-3EF4-ABA7-DDFC0BA0DF13}.Release|x64.Build.0 = Release|x64
		{7B4C4737-4965-3EF4-ABA7-DDFC0BA0DF13}.MinSizeRel|x64.ActiveCfg = MinSizeRel|x64
		{7B4C4737-4965-3EF4-ABA7-DDFC0BA0DF13}.MinSizeRel|x64.Build.0 = MinSizeRel|x64
		{7B4C4737-4965-3EF4-ABA7-DDFC0BA0DF13}.RelWithDebInfo|x64.ActiveCfg = RelWithDebInfo|x64
		{7B4C4737-4965-3EF4-ABA7-DDFC0BA0DF13}.RelWithDebInfo|x64.Build.0 = RelWithDebInfo|x64
		{A9BDE3BB-BC9B-3E61-A156-9CABDF2086DE}.Debug|x64.ActiveCfg = Debug|x64
		{A9BDE3BB-BC9B-3E61-A156-9CABDF2086DE}.Debug|x64.Build.0 = Debug|x64
		{A9BDE3BB-BC9B-3E61-A156-9CABDF2086DE}.Release|x64.ActiveCfg = Release|x64
		{A9BDE3BB-BC9B-3E61-A156-9CABDF2086DE}.Release|x64.Build.0 = Release|x64
		{A9BDE3BB-BC9B-3E61-A156-9CABDF2086DE}.MinSizeRel|x64.ActiveCfg = MinSizeRel|x64
		{A9BDE3BB-BC9B-3E61-A156-9CABDF2086DE}.MinSizeRel|x64.Build.0 = MinSizeRel|x64
		{A9BDE3BB-BC9B-3E61-A156-9CABDF2086DE}.RelWithDebInfo|x64.ActiveCfg = RelWithDebInfo|x64
		{A9BDE3BB-BC9B-3E61-A156-9CABDF2086DE}.RelWithDebInfo|x64.Build.0 = RelWithDebInfo|x64
		{89467AA3-0803-327C-A87B-AA3FACBFD1A9}.Debug|x64.ActiveCfg = Debug|x64
		{89467AA3-0803-327C-A87B-AA3FACBFD1A9}.Debug|x64.Build.0 = Debug|x64
		{89467AA3-0803-327C-A87B-AA3FACBFD1A9}.Release|x64.ActiveCfg = Release|x64
		{89467AA3-0803-327C-A87B-AA3FACBFD1A9}.Release|x64.Build.0 = Release|x64
		{89467AA3-0803-327C-A87B-AA3FACBFD1A9}.MinSizeRel|x64.ActiveCfg = MinSizeRel|x64
		{89467AA3-0803-327C-A87B-AA3FACBFD1A9}.MinSizeRel|x64.Build.0 = MinSizeRel|x64
		{89467AA3-0803-327C-A87B-AA3FACBFD1A9}.RelWithDebInfo|x64.ActiveCfg = RelWithDebInfo|x64
		{89467AA3-0803-327C-A87B-AA3FACBFD1A9}.RelWithDebInfo|x64.Build.0 = RelWithDebInfo|x64
		{30BFDFCE-9E29-3735-83F6-B36C3E4B1D5F}.Debug|x64.ActiveCfg = Debug|x64
		{30BFDFCE-9E29-3735-83F6-B36C3E4B1D5F}.Debug|x64.Build.0 = Debug|x64
		{30BFDFCE-9E29-3735-83F6-B36C3E4B1D5F}.Release|x64.ActiveCfg = Release|x64
		{30BFDFCE-9E29-3735-83F6-B36C3E4B1D5F}.Release|x64.Build.0 = Release|x64
		{30BFDFCE-9E29-3735-83F6-B36C3E4B1D5F}.MinSizeRel|x64.ActiveCfg = MinSizeRel|x64
		{30BFDFCE-9E29-3735-83F6-B36C3E4B1D5F}.MinSizeRel|x64.Build.0 = MinSizeRel|x64
		{30BFDFCE-9E29-3735-83F6-B36C3E4B1D5F}.RelWithDebInfo|x64.ActiveCfg = RelWithDebInfo|x64
		{30BFDFCE-9E29-3735-83F6-B36C3E4B1D5F}.RelWithDebInfo|x64.Build.0 = RelWithDebInfo|x64
		{822A67FA-430B-3CAE-B73B-8A4C0A8DD813}.Debug|x64.ActiveCfg = Debug|x64
		{822A67FA-430B-3CAE-B73B-8A4C0A8DD813}.Debug|x64.Build.0 = Debug|x64
		{822A67FA-430B-3CAE-B73B-8A4C0A8DD813}.Release|x64.ActiveCfg = Release|x64
		{822A67FA-430B-3CAE-B73B-8A4C0A8DD813}.Release|x64.Build.0 = Release|x64
		{822A67FA-430B-3CAE-B73B-8A4C0A8DD813}.MinSizeRel|x64.ActiveCfg = MinSizeRel|x64
		{822A67FA-430B-3CAE-B73B-8A4C0A8DD813}.MinSizeRel|x64.Build.0 = MinSizeRel|x64
		{822A67FA-430B-3CAE-B73B-8A4C0A8DD813}.RelWithDebInfo|x64.ActiveCfg = RelWithDebInfo|x64
		{822A67FA-430B-3CAE-B73B-8A4C0A8DD813}.RelWithDebInfo|x64.Build.0 = RelWithDebInfo|x64
		{A731EE6F-780B-335C-864B-06C8BAA68E3F}.Debug|x64.ActiveCfg = Debug|x64
		{A731EE6F-780B-335C-864B-06C8BAA68E3F}.Release|x64.ActiveCfg = Release|x64
		{A731EE6F-780B-335C-864B-06C8BAA68E3F}.MinSizeRel|x64.ActiveCfg = MinSizeRel|x64
		{A731EE6F-780B-335C-864B-06C8BAA68E3F}.RelWithDebInfo|x64.ActiveCfg = RelWithDebInfo|x64
		{46BA9809-F343-363B-953A-950A6931A3A9}.Debug|x64.ActiveCfg = Debug|x64
		{46BA9809-F343-363B-953A-950A6931A3A9}.Debug|x64.Build.0 = Debug|x64
		{46BA9809-F343-363B-953A-950A6931A3A9}.Release|x64.ActiveCfg = Release|x64
		{46BA9809-F343-363B-953A-950A6931A3A9}.Release|x64.Build.0 = Release|x64
		{46BA9809-F343-363B-953A-950A6931A3A9}.MinSizeRel|x64.ActiveCfg = MinSizeRel|x64
		{46BA9809-F343-363B-953A-950A6931A3A9}.MinSizeRel|x64.Build.0 = MinSizeRel|x64
		{46BA9809-F343-363B-953A-950A6931A3A9}.RelWithDebInfo|x64.ActiveCfg = RelWithDebInfo|x64
		{46BA9809-F343-363B-953A-950A6931A3A9}.RelWithDebInfo|x64.Build.0 = RelWithDebInfo|x64
		{3EA2C6D3-96CA-3314-87EC-D35C954AF9F3}.Debug|x64.ActiveCfg = Debug|x64
		{3EA2C6D3-96CA-3314-87EC-D35C954AF9F3}.Debug|x64.Build.0 = Debug|x64
		{3EA2C6D3-96CA-3314-87EC-D35C954AF9F3}.Release|x64.ActiveCfg = Release|x64
		{3EA2C6D3-96CA-3314-87EC-D35C954AF9F3}.Release|x64.Build.0 = Release|x64
		{3EA2C6D3-96CA-3314-87EC-D35C954AF9F3}.MinSizeRel|x64.ActiveCfg = MinSizeRel|x64
		{3EA2C6D3-96CA-3314-87EC-D35C954AF9F3}.MinSizeRel|x64.Build.0 = MinSizeRel|x64
		{3EA2C6D3-96CA-3314-87EC-D35C954AF9F3}.RelWithDebInfo|x64.ActiveCfg = RelWithDebInfo|x64
		{3EA2C6D3-96CA-3314-87EC-D35C954AF9F3}.RelWithDebInfo|x64.Build.0 = RelWithDebInfo|x64
	EndGlobalSection
	GlobalSection(ExtensibilityGlobals) = postSolution
		SolutionGuid = {F847C7DC-AC5C-3CA0-BD83-8080DE58F0BD}
	EndGlobalSection
	GlobalSection(ExtensibilityAddIns) = postSolution
	EndGlobalSection
EndGlobal
