
Microsoft Visual Studio Solution File, Format Version 12.00
# Visual Studio Version 17
Project("{8BC9CEB8-8B4A-11D0-8D11-00A0C91BC942}") = "ALL_BUILD", "ALL_BUILD.vcxproj", "{03229F4F-8F12-3D4B-B0FE-91BB72983630}"
	ProjectSection(ProjectDependencies) = postProject
		{3B81462C-7974-3248-A886-3AAEB2FB7EB1} = {3B81462C-7974-3248-A886-3AAEB2FB7EB1}
		{CF6C696D-AC3D-33DC-92EB-41C06A35280A} = {CF6C696D-AC3D-33DC-92EB-41C06A35280A}
		{5FCB3EBC-1C3D-3564-B21F-516FF0B8D885} = {5FCB3EBC-1C3D-3564-B21F-516FF0B8D885}
		{DBBCD4EF-3293-315A-96F1-00D66D2C37A1} = {DBBCD4EF-3293-315A-96F1-00D66D2C37A1}
		{B0567AD1-81BB-31E0-BBEF-CADF5A213AD4} = {B0567AD1-81BB-31E0-BBEF-CADF5A213AD4}
		{269E3B64-4217-3904-923A-0D1DCD99BBEA} = {269E3B64-4217-3904-923A-0D1DCD99BBEA}
		{D5E9FD89-F177-3EC7-8D48-8723D997C56F} = {D5E9FD89-F177-3EC7-8D48-8723D997C56F}
		{1EB34264-5518-3175-B7F6-5E88BDAF04DB} = {1EB34264-5518-3175-B7F6-5E88BDAF04DB}
		{0F703070-A4BB-336B-8E2A-C8F40E425BBD} = {0F703070-A4BB-336B-8E2A-C8F40E425BBD}
		{C970E7E1-13A0-3F3C-AE33-66D255B41F21} = {C970E7E1-13A0-3F3C-AE33-66D255B41F21}
		{FA693813-A714-34EA-B201-3B7C4963FEEA} = {FA693813-A714-34EA-B201-3B7C4963FEEA}
		{62D65A9B-6C9F-3627-8E82-0AC70F748197} = {62D65A9B-6C9F-3627-8E82-0AC70F748197}
		{1EB9135E-739E-35E1-AB91-1A76B620451D} = {1EB9135E-739E-35E1-AB91-1A76B620451D}
		{E8E701E4-B5B7-3C2A-A64A-D59AB7186663} = {E8E701E4-B5B7-3C2A-A64A-D59AB7186663}
		{BD3B134B-70D8-3849-A0B2-AEDEC1FF841B} = {BD3B134B-70D8-3849-A0B2-AEDEC1FF841B}
		{ECB7A5DA-120C-3BA9-9110-692771DC5854} = {ECB7A5DA-120C-3BA9-9110-692771DC5854}
		{89C9AA9A-D80A-3732-8609-8C13EA4E1D20} = {89C9AA9A-D80A-3732-8609-8C13EA4E1D20}
		{695553A8-382F-3A0C-BD81-047BCAA9C08C} = {695553A8-382F-3A0C-BD81-047BCAA9C08C}
		{9240D4D0-45F1-34C8-A944-ED59F26439F2} = {9240D4D0-45F1-34C8-A944-ED59F26439F2}
		{C03F8C58-974C-37CA-B2FD-FA7F70222059} = {C03F8C58-974C-37CA-B2FD-FA7F70222059}
		{C83F15D0-4A28-3D6B-800E-B40C2BDB3F55} = {C83F15D0-4A28-3D6B-800E-B40C2BDB3F55}
		{0E6C07E5-2627-3236-99F2-D20F97D45CD3} = {0E6C07E5-2627-3236-99F2-D20F97D45CD3}
		{8E23FE3A-DFF6-3E4B-913C-E5A4F2AD7A04} = {8E23FE3A-DFF6-3E4B-913C-E5A4F2AD7A04}
		{11E8DAD8-9D86-3C32-982A-9C3D905B7A2D} = {11E8DAD8-9D86-3C32-982A-9C3D905B7A2D}
		{F741BCC9-9AF6-3E04-B25C-F06908020008} = {F741BCC9-9AF6-3E04-B25C-F06908020008}
		{FABD9DD5-0FDC-3E86-B1E8-A41EAE40641D} = {FABD9DD5-0FDC-3E86-B1E8-A41EAE40641D}
		{08F34421-ED55-3209-9038-591E6C020122} = {08F34421-ED55-3209-9038-591E6C020122}
		{9FE9AF4F-5A92-388B-9DEF-BAF829D23CC0} = {9FE9AF4F-5A92-388B-9DEF-BAF829D23CC0}
		{750AB983-71D6-3717-9205-F5B9D10A0972} = {750AB983-71D6-3717-9205-F5B9D10A0972}
		{96DBE8B5-D042-3D50-A2CF-EF692C3D4B8D} = {96DBE8B5-D042-3D50-A2CF-EF692C3D4B8D}
		{F30E4BB0-A20E-3EF4-9D0F-9B83C89527BD} = {F30E4BB0-A20E-3EF4-9D0F-9B83C89527BD}
		{62C4B1D0-7123-3C42-9C0A-4B99BE229E29} = {62C4B1D0-7123-3C42-9C0A-4B99BE229E29}
		{39F23595-9FAF-3B54-B89F-590D5A9DDDD5} = {39F23595-9FAF-3B54-B89F-590D5A9DDDD5}
		{7FCCE94F-76B8-3B32-B8EC-84D249989218} = {7FCCE94F-76B8-3B32-B8EC-84D249989218}
		{8F7A0B47-787A-3D89-BD21-BA7380AA9CEA} = {8F7A0B47-787A-3D89-BD21-BA7380AA9CEA}
		{46131543-643B-3169-ACF9-5B5B3407ED04} = {46131543-643B-3169-ACF9-5B5B3407ED04}
		{4092A617-E497-3A56-B3A3-6AB71543E5D2} = {4092A617-E497-3A56-B3A3-6AB71543E5D2}
		{ED2A7147-9661-38E8-B66C-57D6B258041E} = {ED2A7147-9661-38E8-B66C-57D6B258041E}
		{16740359-60F5-3D3C-8CFC-99F2BBEC1820} = {16740359-60F5-3D3C-8CFC-99F2BBEC1820}
		{2AF907E5-F859-3188-B407-864926E4C25C} = {2AF907E5-F859-3188-B407-864926E4C25C}
		{1820A61C-93E4-3E8D-A4E1-D5B5084D6315} = {1820A61C-93E4-3E8D-A4E1-D5B5084D6315}
		{4300EE8C-5F3F-3200-958D-FC4180A31C02} = {4300EE8C-5F3F-3200-958D-FC4180A31C02}
		{D65E0278-F98D-339B-89C0-4BEBCD618674} = {D65E0278-F98D-339B-89C0-4BEBCD618674}
		{570A4F95-A1AE-31A2-9EA3-C6273CCC174C} = {570A4F95-A1AE-31A2-9EA3-C6273CCC174C}
		{9C119F8F-7465-3041-A8E2-7F4DA3066A1B} = {9C119F8F-7465-3041-A8E2-7F4DA3066A1B}
		{B5A42350-7F9D-376D-8374-0909BE74C4F5} = {B5A42350-7F9D-376D-8374-0909BE74C4F5}
		{0BCFA7C2-02BD-3A3D-8370-13D3B1F1AD22} = {0BCFA7C2-02BD-3A3D-8370-13D3B1F1AD22}
		{BC2947F9-9075-3FD3-8FDA-8FC04DC2A68B} = {BC2947F9-9075-3FD3-8FDA-8FC04DC2A68B}
		{9DEF9194-E727-3A20-8609-82D9CB2EA6FF} = {9DEF9194-E727-3A20-8609-82D9CB2EA6FF}
	EndProjectSection
EndProject
Project("{8BC9CEB8-8B4A-11D0-8D11-00A0C91BC942}") = "INSTALL", "INSTALL.vcxproj", "{BA4B6144-04CA-3A0C-BAD2-B3AFB81447D6}"
	ProjectSection(ProjectDependencies) = postProject
		{03229F4F-8F12-3D4B-B0FE-91BB72983630} = {03229F4F-8F12-3D4B-B0FE-91BB72983630}
		{3B81462C-7974-3248-A886-3AAEB2FB7EB1} = {3B81462C-7974-3248-A886-3AAEB2FB7EB1}
	EndProjectSection
EndProject
Project("{8BC9CEB8-8B4A-11D0-8D11-00A0C91BC942}") = "RUN_TESTS", "RUN_TESTS.vcxproj", "{36E2BE35-374C-3245-8DED-67EFE62F2AF7}"
	ProjectSection(ProjectDependencies) = postProject
		{3B81462C-7974-3248-A886-3AAEB2FB7EB1} = {3B81462C-7974-3248-A886-3AAEB2FB7EB1}
	EndProjectSection
EndProject
Project("{8BC9CEB8-8B4A-11D0-8D11-00A0C91BC942}") = "ZERO_CHECK", "ZERO_CHECK.vcxproj", "{3B81462C-7974-3248-A886-3AAEB2FB7EB1}"
	ProjectSection(ProjectDependencies) = postProject
	EndProjectSection
EndProject
Project("{8BC9CEB8-8B4A-11D0-8D11-00A0C91BC942}") = "vaist_ai", "vaist_ai.vcxproj", "{CF6C696D-AC3D-33DC-92EB-41C06A35280A}"
	ProjectSection(ProjectDependencies) = postProject
		{3B81462C-7974-3248-A886-3AAEB2FB7EB1} = {3B81462C-7974-3248-A886-3AAEB2FB7EB1}
		{D5E9FD89-F177-3EC7-8D48-8723D997C56F} = {D5E9FD89-F177-3EC7-8D48-8723D997C56F}
	EndProjectSection
EndProject
Project("{8BC9CEB8-8B4A-11D0-8D11-00A0C91BC942}") = "vaist_blas", "vaist_blas.vcxproj", "{5FCB3EBC-1C3D-3564-B21F-516FF0B8D885}"
	ProjectSection(ProjectDependencies) = postProject
		{3B81462C-7974-3248-A886-3AAEB2FB7EB1} = {3B81462C-7974-3248-A886-3AAEB2FB7EB1}
		{269E3B64-4217-3904-923A-0D1DCD99BBEA} = {269E3B64-4217-3904-923A-0D1DCD99BBEA}
		{D5E9FD89-F177-3EC7-8D48-8723D997C56F} = {D5E9FD89-F177-3EC7-8D48-8723D997C56F}
		{B5A42350-7F9D-376D-8374-0909BE74C4F5} = {B5A42350-7F9D-376D-8374-0909BE74C4F5}
	EndProjectSection
EndProject
Project("{8BC9CEB8-8B4A-11D0-8D11-00A0C91BC942}") = "vaist_blas_test", "vaist_blas_test.vcxproj", "{DBBCD4EF-3293-315A-96F1-00D66D2C37A1}"
	ProjectSection(ProjectDependencies) = postProject
		{3B81462C-7974-3248-A886-3AAEB2FB7EB1} = {3B81462C-7974-3248-A886-3AAEB2FB7EB1}
		{5FCB3EBC-1C3D-3564-B21F-516FF0B8D885} = {5FCB3EBC-1C3D-3564-B21F-516FF0B8D885}
		{B5A42350-7F9D-376D-8374-0909BE74C4F5} = {B5A42350-7F9D-376D-8374-0909BE74C4F5}
	EndProjectSection
EndProject
Project("{8BC9CEB8-8B4A-11D0-8D11-00A0C91BC942}") = "vaist_blas_vulkan_test", "vaist_blas_vulkan_test.vcxproj", "{B0567AD1-81BB-31E0-BBEF-CADF5A213AD4}"
	ProjectSection(ProjectDependencies) = postProject
		{3B81462C-7974-3248-A886-3AAEB2FB7EB1} = {3B81462C-7974-3248-A886-3AAEB2FB7EB1}
		{5FCB3EBC-1C3D-3564-B21F-516FF0B8D885} = {5FCB3EBC-1C3D-3564-B21F-516FF0B8D885}
		{B5A42350-7F9D-376D-8374-0909BE74C4F5} = {B5A42350-7F9D-376D-8374-0909BE74C4F5}
	EndProjectSection
EndProject
Project("{8BC9CEB8-8B4A-11D0-8D11-00A0C91BC942}") = "vaist_compute", "vaist_compute.vcxproj", "{269E3B64-4217-3904-923A-0D1DCD99BBEA}"
	ProjectSection(ProjectDependencies) = postProject
		{3B81462C-7974-3248-A886-3AAEB2FB7EB1} = {3B81462C-7974-3248-A886-3AAEB2FB7EB1}
		{D5E9FD89-F177-3EC7-8D48-8723D997C56F} = {D5E9FD89-F177-3EC7-8D48-8723D997C56F}
		{B5A42350-7F9D-376D-8374-0909BE74C4F5} = {B5A42350-7F9D-376D-8374-0909BE74C4F5}
	EndProjectSection
EndProject
Project("{8BC9CEB8-8B4A-11D0-8D11-00A0C91BC942}") = "vaist_core", "vaist_core.vcxproj", "{D5E9FD89-F177-3EC7-8D48-8723D997C56F}"
	ProjectSection(ProjectDependencies) = postProject
		{3B81462C-7974-3248-A886-3AAEB2FB7EB1} = {3B81462C-7974-3248-A886-3AAEB2FB7EB1}
	EndProjectSection
EndProject
Project("{8BC9CEB8-8B4A-11D0-8D11-00A0C91BC942}") = "vaist_cpp_ai", "vaist_cpp_ai.vcxproj", "{1EB34264-5518-3175-B7F6-5E88BDAF04DB}"
	ProjectSection(ProjectDependencies) = postProject
		{3B81462C-7974-3248-A886-3AAEB2FB7EB1} = {3B81462C-7974-3248-A886-3AAEB2FB7EB1}
		{CF6C696D-AC3D-33DC-92EB-41C06A35280A} = {CF6C696D-AC3D-33DC-92EB-41C06A35280A}
	EndProjectSection
EndProject
Project("{8BC9CEB8-8B4A-11D0-8D11-00A0C91BC942}") = "vaist_cpp_ai_test", "vaist_cpp_ai_test.vcxproj", "{0F703070-A4BB-336B-8E2A-C8F40E425BBD}"
	ProjectSection(ProjectDependencies) = postProject
		{3B81462C-7974-3248-A886-3AAEB2FB7EB1} = {3B81462C-7974-3248-A886-3AAEB2FB7EB1}
		{CF6C696D-AC3D-33DC-92EB-41C06A35280A} = {CF6C696D-AC3D-33DC-92EB-41C06A35280A}
		{1EB34264-5518-3175-B7F6-5E88BDAF04DB} = {1EB34264-5518-3175-B7F6-5E88BDAF04DB}
		{B5A42350-7F9D-376D-8374-0909BE74C4F5} = {B5A42350-7F9D-376D-8374-0909BE74C4F5}
	EndProjectSection
EndProject
Project("{8BC9CEB8-8B4A-11D0-8D11-00A0C91BC942}") = "vaist_cpp_blas", "vaist_cpp_blas.vcxproj", "{C970E7E1-13A0-3F3C-AE33-66D255B41F21}"
	ProjectSection(ProjectDependencies) = postProject
		{3B81462C-7974-3248-A886-3AAEB2FB7EB1} = {3B81462C-7974-3248-A886-3AAEB2FB7EB1}
		{5FCB3EBC-1C3D-3564-B21F-516FF0B8D885} = {5FCB3EBC-1C3D-3564-B21F-516FF0B8D885}
	EndProjectSection
EndProject
Project("{8BC9CEB8-8B4A-11D0-8D11-00A0C91BC942}") = "vaist_cpp_blas_test", "vaist_cpp_blas_test.vcxproj", "{FA693813-A714-34EA-B201-3B7C4963FEEA}"
	ProjectSection(ProjectDependencies) = postProject
		{3B81462C-7974-3248-A886-3AAEB2FB7EB1} = {3B81462C-7974-3248-A886-3AAEB2FB7EB1}
		{5FCB3EBC-1C3D-3564-B21F-516FF0B8D885} = {5FCB3EBC-1C3D-3564-B21F-516FF0B8D885}
		{C970E7E1-13A0-3F3C-AE33-66D255B41F21} = {C970E7E1-13A0-3F3C-AE33-66D255B41F21}
		{B5A42350-7F9D-376D-8374-0909BE74C4F5} = {B5A42350-7F9D-376D-8374-0909BE74C4F5}
	EndProjectSection
EndProject
Project("{8BC9CEB8-8B4A-11D0-8D11-00A0C91BC942}") = "vaist_cpp_compute", "vaist_cpp_compute.vcxproj", "{62D65A9B-6C9F-3627-8E82-0AC70F748197}"
	ProjectSection(ProjectDependencies) = postProject
		{3B81462C-7974-3248-A886-3AAEB2FB7EB1} = {3B81462C-7974-3248-A886-3AAEB2FB7EB1}
		{269E3B64-4217-3904-923A-0D1DCD99BBEA} = {269E3B64-4217-3904-923A-0D1DCD99BBEA}
	EndProjectSection
EndProject
Project("{8BC9CEB8-8B4A-11D0-8D11-00A0C91BC942}") = "vaist_cpp_compute_test", "vaist_cpp_compute_test.vcxproj", "{1EB9135E-739E-35E1-AB91-1A76B620451D}"
	ProjectSection(ProjectDependencies) = postProject
		{3B81462C-7974-3248-A886-3AAEB2FB7EB1} = {3B81462C-7974-3248-A886-3AAEB2FB7EB1}
		{269E3B64-4217-3904-923A-0D1DCD99BBEA} = {269E3B64-4217-3904-923A-0D1DCD99BBEA}
		{62D65A9B-6C9F-3627-8E82-0AC70F748197} = {62D65A9B-6C9F-3627-8E82-0AC70F748197}
		{B5A42350-7F9D-376D-8374-0909BE74C4F5} = {B5A42350-7F9D-376D-8374-0909BE74C4F5}
	EndProjectSection
EndProject
Project("{8BC9CEB8-8B4A-11D0-8D11-00A0C91BC942}") = "vaist_cpp_core", "vaist_cpp_core.vcxproj", "{E8E701E4-B5B7-3C2A-A64A-D59AB7186663}"
	ProjectSection(ProjectDependencies) = postProject
		{3B81462C-7974-3248-A886-3AAEB2FB7EB1} = {3B81462C-7974-3248-A886-3AAEB2FB7EB1}
		{D5E9FD89-F177-3EC7-8D48-8723D997C56F} = {D5E9FD89-F177-3EC7-8D48-8723D997C56F}
	EndProjectSection
EndProject
Project("{8BC9CEB8-8B4A-11D0-8D11-00A0C91BC942}") = "vaist_cpp_core_test", "vaist_cpp_core_test.vcxproj", "{BD3B134B-70D8-3849-A0B2-AEDEC1FF841B}"
	ProjectSection(ProjectDependencies) = postProject
		{3B81462C-7974-3248-A886-3AAEB2FB7EB1} = {3B81462C-7974-3248-A886-3AAEB2FB7EB1}
		{D5E9FD89-F177-3EC7-8D48-8723D997C56F} = {D5E9FD89-F177-3EC7-8D48-8723D997C56F}
		{E8E701E4-B5B7-3C2A-A64A-D59AB7186663} = {E8E701E4-B5B7-3C2A-A64A-D59AB7186663}
		{B5A42350-7F9D-376D-8374-0909BE74C4F5} = {B5A42350-7F9D-376D-8374-0909BE74C4F5}
	EndProjectSection
EndProject
Project("{8BC9CEB8-8B4A-11D0-8D11-00A0C91BC942}") = "vaist_cpp_distributed", "vaist_cpp_distributed.vcxproj", "{ECB7A5DA-120C-3BA9-9110-692771DC5854}"
	ProjectSection(ProjectDependencies) = postProject
		{3B81462C-7974-3248-A886-3AAEB2FB7EB1} = {3B81462C-7974-3248-A886-3AAEB2FB7EB1}
		{4092A617-E497-3A56-B3A3-6AB71543E5D2} = {4092A617-E497-3A56-B3A3-6AB71543E5D2}
	EndProjectSection
EndProject
Project("{8BC9CEB8-8B4A-11D0-8D11-00A0C91BC942}") = "vaist_cpp_distributed_test", "vaist_cpp_distributed_test.vcxproj", "{89C9AA9A-D80A-3732-8609-8C13EA4E1D20}"
	ProjectSection(ProjectDependencies) = postProject
		{3B81462C-7974-3248-A886-3AAEB2FB7EB1} = {3B81462C-7974-3248-A886-3AAEB2FB7EB1}
		{ECB7A5DA-120C-3BA9-9110-692771DC5854} = {ECB7A5DA-120C-3BA9-9110-692771DC5854}
		{4092A617-E497-3A56-B3A3-6AB71543E5D2} = {4092A617-E497-3A56-B3A3-6AB71543E5D2}
		{B5A42350-7F9D-376D-8374-0909BE74C4F5} = {B5A42350-7F9D-376D-8374-0909BE74C4F5}
	EndProjectSection
EndProject
Project("{8BC9CEB8-8B4A-11D0-8D11-00A0C91BC942}") = "vaist_cpp_engine", "vaist_cpp_engine.vcxproj", "{695553A8-382F-3A0C-BD81-047BCAA9C08C}"
	ProjectSection(ProjectDependencies) = postProject
		{3B81462C-7974-3248-A886-3AAEB2FB7EB1} = {3B81462C-7974-3248-A886-3AAEB2FB7EB1}
		{ED2A7147-9661-38E8-B66C-57D6B258041E} = {ED2A7147-9661-38E8-B66C-57D6B258041E}
	EndProjectSection
EndProject
Project("{8BC9CEB8-8B4A-11D0-8D11-00A0C91BC942}") = "vaist_cpp_engine_test", "vaist_cpp_engine_test.vcxproj", "{9240D4D0-45F1-34C8-A944-ED59F26439F2}"
	ProjectSection(ProjectDependencies) = postProject
		{3B81462C-7974-3248-A886-3AAEB2FB7EB1} = {3B81462C-7974-3248-A886-3AAEB2FB7EB1}
		{695553A8-382F-3A0C-BD81-047BCAA9C08C} = {695553A8-382F-3A0C-BD81-047BCAA9C08C}
		{ED2A7147-9661-38E8-B66C-57D6B258041E} = {ED2A7147-9661-38E8-B66C-57D6B258041E}
		{B5A42350-7F9D-376D-8374-0909BE74C4F5} = {B5A42350-7F9D-376D-8374-0909BE74C4F5}
	EndProjectSection
EndProject
Project("{8BC9CEB8-8B4A-11D0-8D11-00A0C91BC942}") = "vaist_cpp_graph", "vaist_cpp_graph.vcxproj", "{C03F8C58-974C-37CA-B2FD-FA7F70222059}"
	ProjectSection(ProjectDependencies) = postProject
		{3B81462C-7974-3248-A886-3AAEB2FB7EB1} = {3B81462C-7974-3248-A886-3AAEB2FB7EB1}
		{16740359-60F5-3D3C-8CFC-99F2BBEC1820} = {16740359-60F5-3D3C-8CFC-99F2BBEC1820}
	EndProjectSection
EndProject
Project("{8BC9CEB8-8B4A-11D0-8D11-00A0C91BC942}") = "vaist_cpp_graph_test", "vaist_cpp_graph_test.vcxproj", "{C83F15D0-4A28-3D6B-800E-B40C2BDB3F55}"
	ProjectSection(ProjectDependencies) = postProject
		{3B81462C-7974-3248-A886-3AAEB2FB7EB1} = {3B81462C-7974-3248-A886-3AAEB2FB7EB1}
		{C03F8C58-974C-37CA-B2FD-FA7F70222059} = {C03F8C58-974C-37CA-B2FD-FA7F70222059}
		{16740359-60F5-3D3C-8CFC-99F2BBEC1820} = {16740359-60F5-3D3C-8CFC-99F2BBEC1820}
		{B5A42350-7F9D-376D-8374-0909BE74C4F5} = {B5A42350-7F9D-376D-8374-0909BE74C4F5}
	EndProjectSection
EndProject
Project("{8BC9CEB8-8B4A-11D0-8D11-00A0C91BC942}") = "vaist_cpp_linalg", "vaist_cpp_linalg.vcxproj", "{0E6C07E5-2627-3236-99F2-D20F97D45CD3}"
	ProjectSection(ProjectDependencies) = postProject
		{3B81462C-7974-3248-A886-3AAEB2FB7EB1} = {3B81462C-7974-3248-A886-3AAEB2FB7EB1}
		{5FCB3EBC-1C3D-3564-B21F-516FF0B8D885} = {5FCB3EBC-1C3D-3564-B21F-516FF0B8D885}
		{2AF907E5-F859-3188-B407-864926E4C25C} = {2AF907E5-F859-3188-B407-864926E4C25C}
	EndProjectSection
EndProject
Project("{8BC9CEB8-8B4A-11D0-8D11-00A0C91BC942}") = "vaist_cpp_linalg_test", "vaist_cpp_linalg_test.vcxproj", "{8E23FE3A-DFF6-3E4B-913C-E5A4F2AD7A04}"
	ProjectSection(ProjectDependencies) = postProject
		{3B81462C-7974-3248-A886-3AAEB2FB7EB1} = {3B81462C-7974-3248-A886-3AAEB2FB7EB1}
		{5FCB3EBC-1C3D-3564-B21F-516FF0B8D885} = {5FCB3EBC-1C3D-3564-B21F-516FF0B8D885}
		{0E6C07E5-2627-3236-99F2-D20F97D45CD3} = {0E6C07E5-2627-3236-99F2-D20F97D45CD3}
		{2AF907E5-F859-3188-B407-864926E4C25C} = {2AF907E5-F859-3188-B407-864926E4C25C}
		{B5A42350-7F9D-376D-8374-0909BE74C4F5} = {B5A42350-7F9D-376D-8374-0909BE74C4F5}
	EndProjectSection
EndProject
Project("{8BC9CEB8-8B4A-11D0-8D11-00A0C91BC942}") = "vaist_cpp_llm", "vaist_cpp_llm.vcxproj", "{11E8DAD8-9D86-3C32-982A-9C3D905B7A2D}"
	ProjectSection(ProjectDependencies) = postProject
		{3B81462C-7974-3248-A886-3AAEB2FB7EB1} = {3B81462C-7974-3248-A886-3AAEB2FB7EB1}
		{4300EE8C-5F3F-3200-958D-FC4180A31C02} = {4300EE8C-5F3F-3200-958D-FC4180A31C02}
	EndProjectSection
EndProject
Project("{8BC9CEB8-8B4A-11D0-8D11-00A0C91BC942}") = "vaist_cpp_llm_test", "vaist_cpp_llm_test.vcxproj", "{F741BCC9-9AF6-3E04-B25C-F06908020008}"
	ProjectSection(ProjectDependencies) = postProject
		{3B81462C-7974-3248-A886-3AAEB2FB7EB1} = {3B81462C-7974-3248-A886-3AAEB2FB7EB1}
		{11E8DAD8-9D86-3C32-982A-9C3D905B7A2D} = {11E8DAD8-9D86-3C32-982A-9C3D905B7A2D}
		{4300EE8C-5F3F-3200-958D-FC4180A31C02} = {4300EE8C-5F3F-3200-958D-FC4180A31C02}
		{B5A42350-7F9D-376D-8374-0909BE74C4F5} = {B5A42350-7F9D-376D-8374-0909BE74C4F5}
	EndProjectSection
EndProject
Project("{8BC9CEB8-8B4A-11D0-8D11-00A0C91BC942}") = "vaist_cpp_model", "vaist_cpp_model.vcxproj", "{FABD9DD5-0FDC-3E86-B1E8-A41EAE40641D}"
	ProjectSection(ProjectDependencies) = postProject
		{3B81462C-7974-3248-A886-3AAEB2FB7EB1} = {3B81462C-7974-3248-A886-3AAEB2FB7EB1}
		{D65E0278-F98D-339B-89C0-4BEBCD618674} = {D65E0278-F98D-339B-89C0-4BEBCD618674}
	EndProjectSection
EndProject
Project("{8BC9CEB8-8B4A-11D0-8D11-00A0C91BC942}") = "vaist_cpp_model_test", "vaist_cpp_model_test.vcxproj", "{08F34421-ED55-3209-9038-591E6C020122}"
	ProjectSection(ProjectDependencies) = postProject
		{3B81462C-7974-3248-A886-3AAEB2FB7EB1} = {3B81462C-7974-3248-A886-3AAEB2FB7EB1}
		{FABD9DD5-0FDC-3E86-B1E8-A41EAE40641D} = {FABD9DD5-0FDC-3E86-B1E8-A41EAE40641D}
		{D65E0278-F98D-339B-89C0-4BEBCD618674} = {D65E0278-F98D-339B-89C0-4BEBCD618674}
		{B5A42350-7F9D-376D-8374-0909BE74C4F5} = {B5A42350-7F9D-376D-8374-0909BE74C4F5}
	EndProjectSection
EndProject
Project("{8BC9CEB8-8B4A-11D0-8D11-00A0C91BC942}") = "vaist_cpp_nn", "vaist_cpp_nn.vcxproj", "{9FE9AF4F-5A92-388B-9DEF-BAF829D23CC0}"
	ProjectSection(ProjectDependencies) = postProject
		{3B81462C-7974-3248-A886-3AAEB2FB7EB1} = {3B81462C-7974-3248-A886-3AAEB2FB7EB1}
		{570A4F95-A1AE-31A2-9EA3-C6273CCC174C} = {570A4F95-A1AE-31A2-9EA3-C6273CCC174C}
	EndProjectSection
EndProject
Project("{8BC9CEB8-8B4A-11D0-8D11-00A0C91BC942}") = "vaist_cpp_nn_test", "vaist_cpp_nn_test.vcxproj", "{750AB983-71D6-3717-9205-F5B9D10A0972}"
	ProjectSection(ProjectDependencies) = postProject
		{3B81462C-7974-3248-A886-3AAEB2FB7EB1} = {3B81462C-7974-3248-A886-3AAEB2FB7EB1}
		{9FE9AF4F-5A92-388B-9DEF-BAF829D23CC0} = {9FE9AF4F-5A92-388B-9DEF-BAF829D23CC0}
		{570A4F95-A1AE-31A2-9EA3-C6273CCC174C} = {570A4F95-A1AE-31A2-9EA3-C6273CCC174C}
		{B5A42350-7F9D-376D-8374-0909BE74C4F5} = {B5A42350-7F9D-376D-8374-0909BE74C4F5}
	EndProjectSection
EndProject
Project("{8BC9CEB8-8B4A-11D0-8D11-00A0C91BC942}") = "vaist_cpp_quant", "vaist_cpp_quant.vcxproj", "{96DBE8B5-D042-3D50-A2CF-EF692C3D4B8D}"
	ProjectSection(ProjectDependencies) = postProject
		{3B81462C-7974-3248-A886-3AAEB2FB7EB1} = {3B81462C-7974-3248-A886-3AAEB2FB7EB1}
		{9C119F8F-7465-3041-A8E2-7F4DA3066A1B} = {9C119F8F-7465-3041-A8E2-7F4DA3066A1B}
	EndProjectSection
EndProject
Project("{8BC9CEB8-8B4A-11D0-8D11-00A0C91BC942}") = "vaist_cpp_quant_test", "vaist_cpp_quant_test.vcxproj", "{F30E4BB0-A20E-3EF4-9D0F-9B83C89527BD}"
	ProjectSection(ProjectDependencies) = postProject
		{3B81462C-7974-3248-A886-3AAEB2FB7EB1} = {3B81462C-7974-3248-A886-3AAEB2FB7EB1}
		{96DBE8B5-D042-3D50-A2CF-EF692C3D4B8D} = {96DBE8B5-D042-3D50-A2CF-EF692C3D4B8D}
		{9C119F8F-7465-3041-A8E2-7F4DA3066A1B} = {9C119F8F-7465-3041-A8E2-7F4DA3066A1B}
		{B5A42350-7F9D-376D-8374-0909BE74C4F5} = {B5A42350-7F9D-376D-8374-0909BE74C4F5}
	EndProjectSection
EndProject
Project("{8BC9CEB8-8B4A-11D0-8D11-00A0C91BC942}") = "vaist_cpp_runtime", "vaist_cpp_runtime.vcxproj", "{62C4B1D0-7123-3C42-9C0A-4B99BE229E29}"
	ProjectSection(ProjectDependencies) = postProject
		{3B81462C-7974-3248-A886-3AAEB2FB7EB1} = {3B81462C-7974-3248-A886-3AAEB2FB7EB1}
		{B5A42350-7F9D-376D-8374-0909BE74C4F5} = {B5A42350-7F9D-376D-8374-0909BE74C4F5}
	EndProjectSection
EndProject
Project("{8BC9CEB8-8B4A-11D0-8D11-00A0C91BC942}") = "vaist_cpp_runtime_test", "vaist_cpp_runtime_test.vcxproj", "{39F23595-9FAF-3B54-B89F-590D5A9DDDD5}"
	ProjectSection(ProjectDependencies) = postProject
		{3B81462C-7974-3248-A886-3AAEB2FB7EB1} = {3B81462C-7974-3248-A886-3AAEB2FB7EB1}
		{62C4B1D0-7123-3C42-9C0A-4B99BE229E29} = {62C4B1D0-7123-3C42-9C0A-4B99BE229E29}
		{B5A42350-7F9D-376D-8374-0909BE74C4F5} = {B5A42350-7F9D-376D-8374-0909BE74C4F5}
	EndProjectSection
EndProject
Project("{8BC9CEB8-8B4A-11D0-8D11-00A0C91BC942}") = "vaist_cpp_smoke", "vaist_cpp_smoke.vcxproj", "{7FCCE94F-76B8-3B32-B8EC-84D249989218}"
	ProjectSection(ProjectDependencies) = postProject
		{3B81462C-7974-3248-A886-3AAEB2FB7EB1} = {3B81462C-7974-3248-A886-3AAEB2FB7EB1}
		{CF6C696D-AC3D-33DC-92EB-41C06A35280A} = {CF6C696D-AC3D-33DC-92EB-41C06A35280A}
		{5FCB3EBC-1C3D-3564-B21F-516FF0B8D885} = {5FCB3EBC-1C3D-3564-B21F-516FF0B8D885}
		{269E3B64-4217-3904-923A-0D1DCD99BBEA} = {269E3B64-4217-3904-923A-0D1DCD99BBEA}
		{D5E9FD89-F177-3EC7-8D48-8723D997C56F} = {D5E9FD89-F177-3EC7-8D48-8723D997C56F}
		{1EB34264-5518-3175-B7F6-5E88BDAF04DB} = {1EB34264-5518-3175-B7F6-5E88BDAF04DB}
		{C970E7E1-13A0-3F3C-AE33-66D255B41F21} = {C970E7E1-13A0-3F3C-AE33-66D255B41F21}
		{62D65A9B-6C9F-3627-8E82-0AC70F748197} = {62D65A9B-6C9F-3627-8E82-0AC70F748197}
		{E8E701E4-B5B7-3C2A-A64A-D59AB7186663} = {E8E701E4-B5B7-3C2A-A64A-D59AB7186663}
		{ECB7A5DA-120C-3BA9-9110-692771DC5854} = {ECB7A5DA-120C-3BA9-9110-692771DC5854}
		{695553A8-382F-3A0C-BD81-047BCAA9C08C} = {695553A8-382F-3A0C-BD81-047BCAA9C08C}
		{C03F8C58-974C-37CA-B2FD-FA7F70222059} = {C03F8C58-974C-37CA-B2FD-FA7F70222059}
		{0E6C07E5-2627-3236-99F2-D20F97D45CD3} = {0E6C07E5-2627-3236-99F2-D20F97D45CD3}
		{11E8DAD8-9D86-3C32-982A-9C3D905B7A2D} = {11E8DAD8-9D86-3C32-982A-9C3D905B7A2D}
		{FABD9DD5-0FDC-3E86-B1E8-A41EAE40641D} = {FABD9DD5-0FDC-3E86-B1E8-A41EAE40641D}
		{9FE9AF4F-5A92-388B-9DEF-BAF829D23CC0} = {9FE9AF4F-5A92-388B-9DEF-BAF829D23CC0}
		{96DBE8B5-D042-3D50-A2CF-EF692C3D4B8D} = {96DBE8B5-D042-3D50-A2CF-EF692C3D4B8D}
		{62C4B1D0-7123-3C42-9C0A-4B99BE229E29} = {62C4B1D0-7123-3C42-9C0A-4B99BE229E29}
		{8F7A0B47-787A-3D89-BD21-BA7380AA9CEA} = {8F7A0B47-787A-3D89-BD21-BA7380AA9CEA}
		{4092A617-E497-3A56-B3A3-6AB71543E5D2} = {4092A617-E497-3A56-B3A3-6AB71543E5D2}
		{ED2A7147-9661-38E8-B66C-57D6B258041E} = {ED2A7147-9661-38E8-B66C-57D6B258041E}
		{16740359-60F5-3D3C-8CFC-99F2BBEC1820} = {16740359-60F5-3D3C-8CFC-99F2BBEC1820}
		{2AF907E5-F859-3188-B407-864926E4C25C} = {2AF907E5-F859-3188-B407-864926E4C25C}
		{4300EE8C-5F3F-3200-958D-FC4180A31C02} = {4300EE8C-5F3F-3200-958D-FC4180A31C02}
		{D65E0278-F98D-339B-89C0-4BEBCD618674} = {D65E0278-F98D-339B-89C0-4BEBCD618674}
		{570A4F95-A1AE-31A2-9EA3-C6273CCC174C} = {570A4F95-A1AE-31A2-9EA3-C6273CCC174C}
		{9C119F8F-7465-3041-A8E2-7F4DA3066A1B} = {9C119F8F-7465-3041-A8E2-7F4DA3066A1B}
		{B5A42350-7F9D-376D-8374-0909BE74C4F5} = {B5A42350-7F9D-376D-8374-0909BE74C4F5}
		{9DEF9194-E727-3A20-8609-82D9CB2EA6FF} = {9DEF9194-E727-3A20-8609-82D9CB2EA6FF}
	EndProjectSection
EndProject
Project("{8BC9CEB8-8B4A-11D0-8D11-00A0C91BC942}") = "vaist_cpp_tensor", "vaist_cpp_tensor.vcxproj", "{8F7A0B47-787A-3D89-BD21-BA7380AA9CEA}"
	ProjectSection(ProjectDependencies) = postProject
		{3B81462C-7974-3248-A886-3AAEB2FB7EB1} = {3B81462C-7974-3248-A886-3AAEB2FB7EB1}
		{9DEF9194-E727-3A20-8609-82D9CB2EA6FF} = {9DEF9194-E727-3A20-8609-82D9CB2EA6FF}
	EndProjectSection
EndProject
Project("{8BC9CEB8-8B4A-11D0-8D11-00A0C91BC942}") = "vaist_cpp_tensor_test", "vaist_cpp_tensor_test.vcxproj", "{46131543-643B-3169-ACF9-5B5B3407ED04}"
	ProjectSection(ProjectDependencies) = postProject
		{3B81462C-7974-3248-A886-3AAEB2FB7EB1} = {3B81462C-7974-3248-A886-3AAEB2FB7EB1}
		{8F7A0B47-787A-3D89-BD21-BA7380AA9CEA} = {8F7A0B47-787A-3D89-BD21-BA7380AA9CEA}
		{B5A42350-7F9D-376D-8374-0909BE74C4F5} = {B5A42350-7F9D-376D-8374-0909BE74C4F5}
		{9DEF9194-E727-3A20-8609-82D9CB2EA6FF} = {9DEF9194-E727-3A20-8609-82D9CB2EA6FF}
	EndProjectSection
EndProject
Project("{8BC9CEB8-8B4A-11D0-8D11-00A0C91BC942}") = "vaist_distributed", "vaist_distributed.vcxproj", "{4092A617-E497-3A56-B3A3-6AB71543E5D2}"
	ProjectSection(ProjectDependencies) = postProject
		{3B81462C-7974-3248-A886-3AAEB2FB7EB1} = {3B81462C-7974-3248-A886-3AAEB2FB7EB1}
		{D5E9FD89-F177-3EC7-8D48-8723D997C56F} = {D5E9FD89-F177-3EC7-8D48-8723D997C56F}
	EndProjectSection
EndProject
Project("{8BC9CEB8-8B4A-11D0-8D11-00A0C91BC942}") = "vaist_engine", "vaist_engine.vcxproj", "{ED2A7147-9661-38E8-B66C-57D6B258041E}"
	ProjectSection(ProjectDependencies) = postProject
		{3B81462C-7974-3248-A886-3AAEB2FB7EB1} = {3B81462C-7974-3248-A886-3AAEB2FB7EB1}
		{D5E9FD89-F177-3EC7-8D48-8723D997C56F} = {D5E9FD89-F177-3EC7-8D48-8723D997C56F}
	EndProjectSection
EndProject
Project("{8BC9CEB8-8B4A-11D0-8D11-00A0C91BC942}") = "vaist_graph", "vaist_graph.vcxproj", "{16740359-60F5-3D3C-8CFC-99F2BBEC1820}"
	ProjectSection(ProjectDependencies) = postProject
		{3B81462C-7974-3248-A886-3AAEB2FB7EB1} = {3B81462C-7974-3248-A886-3AAEB2FB7EB1}
		{D5E9FD89-F177-3EC7-8D48-8723D997C56F} = {D5E9FD89-F177-3EC7-8D48-8723D997C56F}
	EndProjectSection
EndProject
Project("{8BC9CEB8-8B4A-11D0-8D11-00A0C91BC942}") = "vaist_linalg", "vaist_linalg.vcxproj", "{2AF907E5-F859-3188-B407-864926E4C25C}"
	ProjectSection(ProjectDependencies) = postProject
		{3B81462C-7974-3248-A886-3AAEB2FB7EB1} = {3B81462C-7974-3248-A886-3AAEB2FB7EB1}
		{5FCB3EBC-1C3D-3564-B21F-516FF0B8D885} = {5FCB3EBC-1C3D-3564-B21F-516FF0B8D885}
		{D5E9FD89-F177-3EC7-8D48-8723D997C56F} = {D5E9FD89-F177-3EC7-8D48-8723D997C56F}
		{B5A42350-7F9D-376D-8374-0909BE74C4F5} = {B5A42350-7F9D-376D-8374-0909BE74C4F5}
	EndProjectSection
EndProject
Project("{8BC9CEB8-8B4A-11D0-8D11-00A0C91BC942}") = "vaist_linalg_test", "vaist_linalg_test.vcxproj", "{1820A61C-93E4-3E8D-A4E1-D5B5084D6315}"
	ProjectSection(ProjectDependencies) = postProject
		{3B81462C-7974-3248-A886-3AAEB2FB7EB1} = {3B81462C-7974-3248-A886-3AAEB2FB7EB1}
		{5FCB3EBC-1C3D-3564-B21F-516FF0B8D885} = {5FCB3EBC-1C3D-3564-B21F-516FF0B8D885}
		{2AF907E5-F859-3188-B407-864926E4C25C} = {2AF907E5-F859-3188-B407-864926E4C25C}
		{B5A42350-7F9D-376D-8374-0909BE74C4F5} = {B5A42350-7F9D-376D-8374-0909BE74C4F5}
	EndProjectSection
EndProject
Project("{8BC9CEB8-8B4A-11D0-8D11-00A0C91BC942}") = "vaist_llm", "vaist_llm.vcxproj", "{4300EE8C-5F3F-3200-958D-FC4180A31C02}"
	ProjectSection(ProjectDependencies) = postProject
		{3B81462C-7974-3248-A886-3AAEB2FB7EB1} = {3B81462C-7974-3248-A886-3AAEB2FB7EB1}
		{D5E9FD89-F177-3EC7-8D48-8723D997C56F} = {D5E9FD89-F177-3EC7-8D48-8723D997C56F}
	EndProjectSection
EndProject
Project("{8BC9CEB8-8B4A-11D0-8D11-00A0C91BC942}") = "vaist_model", "vaist_model.vcxproj", "{D65E0278-F98D-339B-89C0-4BEBCD618674}"
	ProjectSection(ProjectDependencies) = postProject
		{3B81462C-7974-3248-A886-3AAEB2FB7EB1} = {3B81462C-7974-3248-A886-3AAEB2FB7EB1}
		{D5E9FD89-F177-3EC7-8D48-8723D997C56F} = {D5E9FD89-F177-3EC7-8D48-8723D997C56F}
	EndProjectSection
EndProject
Project("{8BC9CEB8-8B4A-11D0-8D11-00A0C91BC942}") = "vaist_nn", "vaist_nn.vcxproj", "{570A4F95-A1AE-31A2-9EA3-C6273CCC174C}"
	ProjectSection(ProjectDependencies) = postProject
		{3B81462C-7974-3248-A886-3AAEB2FB7EB1} = {3B81462C-7974-3248-A886-3AAEB2FB7EB1}
		{D5E9FD89-F177-3EC7-8D48-8723D997C56F} = {D5E9FD89-F177-3EC7-8D48-8723D997C56F}
	EndProjectSection
EndProject
Project("{8BC9CEB8-8B4A-11D0-8D11-00A0C91BC942}") = "vaist_quant", "vaist_quant.vcxproj", "{9C119F8F-7465-3041-A8E2-7F4DA3066A1B}"
	ProjectSection(ProjectDependencies) = postProject
		{3B81462C-7974-3248-A886-3AAEB2FB7EB1} = {3B81462C-7974-3248-A886-3AAEB2FB7EB1}
		{D5E9FD89-F177-3EC7-8D48-8723D997C56F} = {D5E9FD89-F177-3EC7-8D48-8723D997C56F}
	EndProjectSection
EndProject
Project("{8BC9CEB8-8B4A-11D0-8D11-00A0C91BC942}") = "vaist_runtime", "vaist_runtime.vcxproj", "{B5A42350-7F9D-376D-8374-0909BE74C4F5}"
	ProjectSection(ProjectDependencies) = postProject
		{3B81462C-7974-3248-A886-3AAEB2FB7EB1} = {3B81462C-7974-3248-A886-3AAEB2FB7EB1}
		{D5E9FD89-F177-3EC7-8D48-8723D997C56F} = {D5E9FD89-F177-3EC7-8D48-8723D997C56F}
	EndProjectSection
EndProject
Project("{8BC9CEB8-8B4A-11D0-8D11-00A0C91BC942}") = "vaist_shaders", "vaist_shaders.vcxproj", "{0BCFA7C2-02BD-3A3D-8370-13D3B1F1AD22}"
	ProjectSection(ProjectDependencies) = postProject
		{3B81462C-7974-3248-A886-3AAEB2FB7EB1} = {3B81462C-7974-3248-A886-3AAEB2FB7EB1}
	EndProjectSection
EndProject
Project("{8BC9CEB8-8B4A-11D0-8D11-00A0C91BC942}") = "vaist_spirv_validate", "vaist_spirv_validate.vcxproj", "{4F2606E8-4A19-32A0-9968-F03B149C07B0}"
	ProjectSection(ProjectDependencies) = postProject
		{3B81462C-7974-3248-A886-3AAEB2FB7EB1} = {3B81462C-7974-3248-A886-3AAEB2FB7EB1}
		{0BCFA7C2-02BD-3A3D-8370-13D3B1F1AD22} = {0BCFA7C2-02BD-3A3D-8370-13D3B1F1AD22}
	EndProjectSection
EndProject
Project("{8BC9CEB8-8B4A-11D0-8D11-00A0C91BC942}") = "vaist_stack_smoke", "vaist_stack_smoke.vcxproj", "{BC2947F9-9075-3FD3-8FDA-8FC04DC2A68B}"
	ProjectSection(ProjectDependencies) = postProject
		{3B81462C-7974-3248-A886-3AAEB2FB7EB1} = {3B81462C-7974-3248-A886-3AAEB2FB7EB1}
		{CF6C696D-AC3D-33DC-92EB-41C06A35280A} = {CF6C696D-AC3D-33DC-92EB-41C06A35280A}
		{5FCB3EBC-1C3D-3564-B21F-516FF0B8D885} = {5FCB3EBC-1C3D-3564-B21F-516FF0B8D885}
		{269E3B64-4217-3904-923A-0D1DCD99BBEA} = {269E3B64-4217-3904-923A-0D1DCD99BBEA}
		{D5E9FD89-F177-3EC7-8D48-8723D997C56F} = {D5E9FD89-F177-3EC7-8D48-8723D997C56F}
		{4092A617-E497-3A56-B3A3-6AB71543E5D2} = {4092A617-E497-3A56-B3A3-6AB71543E5D2}
		{ED2A7147-9661-38E8-B66C-57D6B258041E} = {ED2A7147-9661-38E8-B66C-57D6B258041E}
		{16740359-60F5-3D3C-8CFC-99F2BBEC1820} = {16740359-60F5-3D3C-8CFC-99F2BBEC1820}
		{2AF907E5-F859-3188-B407-864926E4C25C} = {2AF907E5-F859-3188-B407-864926E4C25C}
		{4300EE8C-5F3F-3200-958D-FC4180A31C02} = {4300EE8C-5F3F-3200-958D-FC4180A31C02}
		{D65E0278-F98D-339B-89C0-4BEBCD618674} = {D65E0278-F98D-339B-89C0-4BEBCD618674}
		{570A4F95-A1AE-31A2-9EA3-C6273CCC174C} = {570A4F95-A1AE-31A2-9EA3-C6273CCC174C}
		{9C119F8F-7465-3041-A8E2-7F4DA3066A1B} = {9C119F8F-7465-3041-A8E2-7F4DA3066A1B}
		{B5A42350-7F9D-376D-8374-0909BE74C4F5} = {B5A42350-7F9D-376D-8374-0909BE74C4F5}
		{9DEF9194-E727-3A20-8609-82D9CB2EA6FF} = {9DEF9194-E727-3A20-8609-82D9CB2EA6FF}
	EndProjectSection
EndProject
Project("{8BC9CEB8-8B4A-11D0-8D11-00A0C91BC942}") = "vaist_tensor", "vaist_tensor.vcxproj", "{9DEF9194-E727-3A20-8609-82D9CB2EA6FF}"
	ProjectSection(ProjectDependencies) = postProject
		{3B81462C-7974-3248-A886-3AAEB2FB7EB1} = {3B81462C-7974-3248-A886-3AAEB2FB7EB1}
		{D5E9FD89-F177-3EC7-8D48-8723D997C56F} = {D5E9FD89-F177-3EC7-8D48-8723D997C56F}
	EndProjectSection
EndProject
Global
	GlobalSection(SolutionConfigurationPlatforms) = preSolution
		Debug|x64 = Debug|x64
		Release|x64 = Release|x64
		MinSizeRel|x64 = MinSizeRel|x64
		RelWithDebInfo|x64 = RelWithDebInfo|x64
	EndGlobalSection
	GlobalSection(ProjectConfigurationPlatforms) = postSolution
		{03229F4F-8F12-3D4B-B0FE-91BB72983630}.Debug|x64.ActiveCfg = Debug|x64
		{03229F4F-8F12-3D4B-B0FE-91BB72983630}.Debug|x64.Build.0 = Debug|x64
		{03229F4F-8F12-3D4B-B0FE-91BB72983630}.Release|x64.ActiveCfg = Release|x64
		{03229F4F-8F12-3D4B-B0FE-91BB72983630}.Release|x64.Build.0 = Release|x64
		{03229F4F-8F12-3D4B-B0FE-91BB72983630}.MinSizeRel|x64.ActiveCfg = MinSizeRel|x64
		{03229F4F-8F12-3D4B-B0FE-91BB72983630}.MinSizeRel|x64.Build.0 = MinSizeRel|x64
		{03229F4F-8F12-3D4B-B0FE-91BB72983630}.RelWithDebInfo|x64.ActiveCfg = RelWithDebInfo|x64
		{03229F4F-8F12-3D4B-B0FE-91BB72983630}.RelWithDebInfo|x64.Build.0 = RelWithDebInfo|x64
		{BA4B6144-04CA-3A0C-BAD2-B3AFB81447D6}.Debug|x64.ActiveCfg = Debug|x64
		{BA4B6144-04CA-3A0C-BAD2-B3AFB81447D6}.Release|x64.ActiveCfg = Release|x64
		{BA4B6144-04CA-3A0C-BAD2-B3AFB81447D6}.MinSizeRel|x64.ActiveCfg = MinSizeRel|x64
		{BA4B6144-04CA-3A0C-BAD2-B3AFB81447D6}.RelWithDebInfo|x64.ActiveCfg = RelWithDebInfo|x64
		{36E2BE35-374C-3245-8DED-67EFE62F2AF7}.Debug|x64.ActiveCfg = Debug|x64
		{36E2BE35-374C-3245-8DED-67EFE62F2AF7}.Release|x64.ActiveCfg = Release|x64
		{36E2BE35-374C-3245-8DED-67EFE62F2AF7}.MinSizeRel|x64.ActiveCfg = MinSizeRel|x64
		{36E2BE35-374C-3245-8DED-67EFE62F2AF7}.RelWithDebInfo|x64.ActiveCfg = RelWithDebInfo|x64
		{3B81462C-7974-3248-A886-3AAEB2FB7EB1}.Debug|x64.ActiveCfg = Debug|x64
		{3B81462C-7974-3248-A886-3AAEB2FB7EB1}.Debug|x64.Build.0 = Debug|x64
		{3B81462C-7974-3248-A886-3AAEB2FB7EB1}.Release|x64.ActiveCfg = Release|x64
		{3B81462C-7974-3248-A886-3AAEB2FB7EB1}.Release|x64.Build.0 = Release|x64
		{3B81462C-7974-3248-A886-3AAEB2FB7EB1}.MinSizeRel|x64.ActiveCfg = MinSizeRel|x64
		{3B81462C-7974-3248-A886-3AAEB2FB7EB1}.MinSizeRel|x64.Build.0 = MinSizeRel|x64
		{3B81462C-7974-3248-A886-3AAEB2FB7EB1}.RelWithDebInfo|x64.ActiveCfg = RelWithDebInfo|x64
		{3B81462C-7974-3248-A886-3AAEB2FB7EB1}.RelWithDebInfo|x64.Build.0 = RelWithDebInfo|x64
		{CF6C696D-AC3D-33DC-92EB-41C06A35280A}.Debug|x64.ActiveCfg = Debug|x64
		{CF6C696D-AC3D-33DC-92EB-41C06A35280A}.Debug|x64.Build.0 = Debug|x64
		{CF6C696D-AC3D-33DC-92EB-41C06A35280A}.Release|x64.ActiveCfg = Release|x64
		{CF6C696D-AC3D-33DC-92EB-41C06A35280A}.Release|x64.Build.0 = Release|x64
		{CF6C696D-AC3D-33DC-92EB-41C06A35280A}.MinSizeRel|x64.ActiveCfg = MinSizeRel|x64
		{CF6C696D-AC3D-33DC-92EB-41C06A35280A}.MinSizeRel|x64.Build.0 = MinSizeRel|x64
		{CF6C696D-AC3D-33DC-92EB-41C06A35280A}.RelWithDebInfo|x64.ActiveCfg = RelWithDebInfo|x64
		{CF6C696D-AC3D-33DC-92EB-41C06A35280A}.RelWithDebInfo|x64.Build.0 = RelWithDebInfo|x64
		{5FCB3EBC-1C3D-3564-B21F-516FF0B8D885}.Debug|x64.ActiveCfg = Debug|x64
		{5FCB3EBC-1C3D-3564-B21F-516FF0B8D885}.Debug|x64.Build.0 = Debug|x64
		{5FCB3EBC-1C3D-3564-B21F-516FF0B8D885}.Release|x64.ActiveCfg = Release|x64
		{5FCB3EBC-1C3D-3564-B21F-516FF0B8D885}.Release|x64.Build.0 = Release|x64
		{5FCB3EBC-1C3D-3564-B21F-516FF0B8D885}.MinSizeRel|x64.ActiveCfg = MinSizeRel|x64
		{5FCB3EBC-1C3D-3564-B21F-516FF0B8D885}.MinSizeRel|x64.Build.0 = MinSizeRel|x64
		{5FCB3EBC-1C3D-3564-B21F-516FF0B8D885}.RelWithDebInfo|x64.ActiveCfg = RelWithDebInfo|x64
		{5FCB3EBC-1C3D-3564-B21F-516FF0B8D885}.RelWithDebInfo|x64.Build.0 = RelWithDebInfo|x64
		{DBBCD4EF-3293-315A-96F1-00D66D2C37A1}.Debug|x64.ActiveCfg = Debug|x64
		{DBBCD4EF-3293-315A-96F1-00D66D2C37A1}.Debug|x64.Build.0 = Debug|x64
		{DBBCD4EF-3293-315A-96F1-00D66D2C37A1}.Release|x64.ActiveCfg = Release|x64
		{DBBCD4EF-3293-315A-96F1-00D66D2C37A1}.Release|x64.Build.0 = Release|x64
		{DBBCD4EF-3293-315A-96F1-00D66D2C37A1}.MinSizeRel|x64.ActiveCfg = MinSizeRel|x64
		{DBBCD4EF-3293-315A-96F1-00D66D2C37A1}.MinSizeRel|x64.Build.0 = MinSizeRel|x64
		{DBBCD4EF-3293-315A-96F1-00D66D2C37A1}.RelWithDebInfo|x64.ActiveCfg = RelWithDebInfo|x64
		{DBBCD4EF-3293-315A-96F1-00D66D2C37A1}.RelWithDebInfo|x64.Build.0 = RelWithDebInfo|x64
		{B0567AD1-81BB-31E0-BBEF-CADF5A213AD4}.Debug|x64.ActiveCfg = Debug|x64
		{B0567AD1-81BB-31E0-BBEF-CADF5A213AD4}.Debug|x64.Build.0 = Debug|x64
		{B0567AD1-81BB-31E0-BBEF-CADF5A213AD4}.Release|x64.ActiveCfg = Release|x64
		{B0567AD1-81BB-31E0-BBEF-CADF5A213AD4}.Release|x64.Build.0 = Release|x64
		{B0567AD1-81BB-31E0-BBEF-CADF5A213AD4}.MinSizeRel|x64.ActiveCfg = MinSizeRel|x64
		{B0567AD1-81BB-31E0-BBEF-CADF5A213AD4}.MinSizeRel|x64.Build.0 = MinSizeRel|x64
		{B0567AD1-81BB-31E0-BBEF-CADF5A213AD4}.RelWithDebInfo|x64.ActiveCfg = RelWithDebInfo|x64
		{B0567AD1-81BB-31E0-BBEF-CADF5A213AD4}.RelWithDebInfo|x64.Build.0 = RelWithDebInfo|x64
		{269E3B64-4217-3904-923A-0D1DCD99BBEA}.Debug|x64.ActiveCfg = Debug|x64
		{269E3B64-4217-3904-923A-0D1DCD99BBEA}.Debug|x64.Build.0 = Debug|x64
		{269E3B64-4217-3904-923A-0D1DCD99BBEA}.Release|x64.ActiveCfg = Release|x64
		{269E3B64-4217-3904-923A-0D1DCD99BBEA}.Release|x64.Build.0 = Release|x64
		{269E3B64-4217-3904-923A-0D1DCD99BBEA}.MinSizeRel|x64.ActiveCfg = MinSizeRel|x64
		{269E3B64-4217-3904-923A-0D1DCD99BBEA}.MinSizeRel|x64.Build.0 = MinSizeRel|x64
		{269E3B64-4217-3904-923A-0D1DCD99BBEA}.RelWithDebInfo|x64.ActiveCfg = RelWithDebInfo|x64
		{269E3B64-4217-3904-923A-0D1DCD99BBEA}.RelWithDebInfo|x64.Build.0 = RelWithDebInfo|x64
		{D5E9FD89-F177-3EC7-8D48-8723D997C56F}.Debug|x64.ActiveCfg = Debug|x64
		{D5E9FD89-F177-3EC7-8D48-8723D997C56F}.Debug|x64.Build.0 = Debug|x64
		{D5E9FD89-F177-3EC7-8D48-8723D997C56F}.Release|x64.ActiveCfg = Release|x64
		{D5E9FD89-F177-3EC7-8D48-8723D997C56F}.Release|x64.Build.0 = Release|x64
		{D5E9FD89-F177-3EC7-8D48-8723D997C56F}.MinSizeRel|x64.ActiveCfg = MinSizeRel|x64
		{D5E9FD89-F177-3EC7-8D48-8723D997C56F}.MinSizeRel|x64.Build.0 = MinSizeRel|x64
		{D5E9FD89-F177-3EC7-8D48-8723D997C56F}.RelWithDebInfo|x64.ActiveCfg = RelWithDebInfo|x64
		{D5E9FD89-F177-3EC7-8D48-8723D997C56F}.RelWithDebInfo|x64.Build.0 = RelWithDebInfo|x64
		{1EB34264-5518-3175-B7F6-5E88BDAF04DB}.Debug|x64.ActiveCfg = Debug|x64
		{1EB34264-5518-3175-B7F6-5E88BDAF04DB}.Debug|x64.Build.0 = Debug|x64
		{1EB34264-5518-3175-B7F6-5E88BDAF04DB}.Release|x64.ActiveCfg = Release|x64
		{1EB34264-5518-3175-B7F6-5E88BDAF04DB}.Release|x64.Build.0 = Release|x64
		{1EB34264-5518-3175-B7F6-5E88BDAF04DB}.MinSizeRel|x64.ActiveCfg = MinSizeRel|x64
		{1EB34264-5518-3175-B7F6-5E88BDAF04DB}.MinSizeRel|x64.Build.0 = MinSizeRel|x64
		{1EB34264-5518-3175-B7F6-5E88BDAF04DB}.RelWithDebInfo|x64.ActiveCfg = RelWithDebInfo|x64
		{1EB34264-5518-3175-B7F6-5E88BDAF04DB}.RelWithDebInfo|x64.Build.0 = RelWithDebInfo|x64
		{0F703070-A4BB-336B-8E2A-C8F40E425BBD}.Debug|x64.ActiveCfg = Debug|x64
		{0F703070-A4BB-336B-8E2A-C8F40E425BBD}.Debug|x64.Build.0 = Debug|x64
		{0F703070-A4BB-336B-8E2A-C8F40E425BBD}.Release|x64.ActiveCfg = Release|x64
		{0F703070-A4BB-336B-8E2A-C8F40E425BBD}.Release|x64.Build.0 = Release|x64
		{0F703070-A4BB-336B-8E2A-C8F40E425BBD}.MinSizeRel|x64.ActiveCfg = MinSizeRel|x64
		{0F703070-A4BB-336B-8E2A-C8F40E425BBD}.MinSizeRel|x64.Build.0 = MinSizeRel|x64
		{0F703070-A4BB-336B-8E2A-C8F40E425BBD}.RelWithDebInfo|x64.ActiveCfg = RelWithDebInfo|x64
		{0F703070-A4BB-336B-8E2A-C8F40E425BBD}.RelWithDebInfo|x64.Build.0 = RelWithDebInfo|x64
		{C970E7E1-13A0-3F3C-AE33-66D255B41F21}.Debug|x64.ActiveCfg = Debug|x64
		{C970E7E1-13A0-3F3C-AE33-66D255B41F21}.Debug|x64.Build.0 = Debug|x64
		{C970E7E1-13A0-3F3C-AE33-66D255B41F21}.Release|x64.ActiveCfg = Release|x64
		{C970E7E1-13A0-3F3C-AE33-66D255B41F21}.Release|x64.Build.0 = Release|x64
		{C970E7E1-13A0-3F3C-AE33-66D255B41F21}.MinSizeRel|x64.ActiveCfg = MinSizeRel|x64
		{C970E7E1-13A0-3F3C-AE33-66D255B41F21}.MinSizeRel|x64.Build.0 = MinSizeRel|x64
		{C970E7E1-13A0-3F3C-AE33-66D255B41F21}.RelWithDebInfo|x64.ActiveCfg = RelWithDebInfo|x64
		{C970E7E1-13A0-3F3C-AE33-66D255B41F21}.RelWithDebInfo|x64.Build.0 = RelWithDebInfo|x64
		{FA693813-A714-34EA-B201-3B7C4963FEEA}.Debug|x64.ActiveCfg = Debug|x64
		{FA693813-A714-34EA-B201-3B7C4963FEEA}.Debug|x64.Build.0 = Debug|x64
		{FA693813-A714-34EA-B201-3B7C4963FEEA}.Release|x64.ActiveCfg = Release|x64
		{FA693813-A714-34EA-B201-3B7C4963FEEA}.Release|x64.Build.0 = Release|x64
		{FA693813-A714-34EA-B201-3B7C4963FEEA}.MinSizeRel|x64.ActiveCfg = MinSizeRel|x64
		{FA693813-A714-34EA-B201-3B7C4963FEEA}.MinSizeRel|x64.Build.0 = MinSizeRel|x64
		{FA693813-A714-34EA-B201-3B7C4963FEEA}.RelWithDebInfo|x64.ActiveCfg = RelWithDebInfo|x64
		{FA693813-A714-34EA-B201-3B7C4963FEEA}.RelWithDebInfo|x64.Build.0 = RelWithDebInfo|x64
		{62D65A9B-6C9F-3627-8E82-0AC70F748197}.Debug|x64.ActiveCfg = Debug|x64
		{62D65A9B-6C9F-3627-8E82-0AC70F748197}.Debug|x64.Build.0 = Debug|x64
		{62D65A9B-6C9F-3627-8E82-0AC70F748197}.Release|x64.ActiveCfg = Release|x64
		{62D65A9B-6C9F-3627-8E82-0AC70F748197}.Release|x64.Build.0 = Release|x64
		{62D65A9B-6C9F-3627-8E82-0AC70F748197}.MinSizeRel|x64.ActiveCfg = MinSizeRel|x64
		{62D65A9B-6C9F-3627-8E82-0AC70F748197}.MinSizeRel|x64.Build.0 = MinSizeRel|x64
		{62D65A9B-6C9F-3627-8E82-0AC70F748197}.RelWithDebInfo|x64.ActiveCfg = RelWithDebInfo|x64
		{62D65A9B-6C9F-3627-8E82-0AC70F748197}.RelWithDebInfo|x64.Build.0 = RelWithDebInfo|x64
		{1EB9135E-739E-35E1-AB91-1A76B620451D}.Debug|x64.ActiveCfg = Debug|x64
		{1EB9135E-739E-35E1-AB91-1A76B620451D}.Debug|x64.Build.0 = Debug|x64
		{1EB9135E-739E-35E1-AB91-1A76B620451D}.Release|x64.ActiveCfg = Release|x64
		{1EB9135E-739E-35E1-AB91-1A76B620451D}.Release|x64.Build.0 = Release|x64
		{1EB9135E-739E-35E1-AB91-1A76B620451D}.MinSizeRel|x64.ActiveCfg = MinSizeRel|x64
		{1EB9135E-739E-35E1-AB91-1A76B620451D}.MinSizeRel|x64.Build.0 = MinSizeRel|x64
		{1EB9135E-739E-35E1-AB91-1A76B620451D}.RelWithDebInfo|x64.ActiveCfg = RelWithDebInfo|x64
		{1EB9135E-739E-35E1-AB91-1A76B620451D}.RelWithDebInfo|x64.Build.0 = RelWithDebInfo|x64
		{E8E701E4-B5B7-3C2A-A64A-D59AB7186663}.Debug|x64.ActiveCfg = Debug|x64
		{E8E701E4-B5B7-3C2A-A64A-D59AB7186663}.Debug|x64.Build.0 = Debug|x64
		{E8E701E4-B5B7-3C2A-A64A-D59AB7186663}.Release|x64.ActiveCfg = Release|x64
		{E8E701E4-B5B7-3C2A-A64A-D59AB7186663}.Release|x64.Build.0 = Release|x64
		{E8E701E4-B5B7-3C2A-A64A-D59AB7186663}.MinSizeRel|x64.ActiveCfg = MinSizeRel|x64
		{E8E701E4-B5B7-3C2A-A64A-D59AB7186663}.MinSizeRel|x64.Build.0 = MinSizeRel|x64
		{E8E701E4-B5B7-3C2A-A64A-D59AB7186663}.RelWithDebInfo|x64.ActiveCfg = RelWithDebInfo|x64
		{E8E701E4-B5B7-3C2A-A64A-D59AB7186663}.RelWithDebInfo|x64.Build.0 = RelWithDebInfo|x64
		{BD3B134B-70D8-3849-A0B2-AEDEC1FF841B}.Debug|x64.ActiveCfg = Debug|x64
		{BD3B134B-70D8-3849-A0B2-AEDEC1FF841B}.Debug|x64.Build.0 = Debug|x64
		{BD3B134B-70D8-3849-A0B2-AEDEC1FF841B}.Release|x64.ActiveCfg = Release|x64
		{BD3B134B-70D8-3849-A0B2-AEDEC1FF841B}.Release|x64.Build.0 = Release|x64
		{BD3B134B-70D8-3849-A0B2-AEDEC1FF841B}.MinSizeRel|x64.ActiveCfg = MinSizeRel|x64
		{BD3B134B-70D8-3849-A0B2-AEDEC1FF841B}.MinSizeRel|x64.Build.0 = MinSizeRel|x64
		{BD3B134B-70D8-3849-A0B2-AEDEC1FF841B}.RelWithDebInfo|x64.ActiveCfg = RelWithDebInfo|x64
		{BD3B134B-70D8-3849-A0B2-AEDEC1FF841B}.RelWithDebInfo|x64.Build.0 = RelWithDebInfo|x64
		{ECB7A5DA-120C-3BA9-9110-692771DC5854}.Debug|x64.ActiveCfg = Debug|x64
		{ECB7A5DA-120C-3BA9-9110-692771DC5854}.Debug|x64.Build.0 = Debug|x64
		{ECB7A5DA-120C-3BA9-9110-692771DC5854}.Release|x64.ActiveCfg = Release|x64
		{ECB7A5DA-120C-3BA9-9110-692771DC5854}.Release|x64.Build.0 = Release|x64
		{ECB7A5DA-120C-3BA9-9110-692771DC5854}.MinSizeRel|x64.ActiveCfg = MinSizeRel|x64
		{ECB7A5DA-120C-3BA9-9110-692771DC5854}.MinSizeRel|x64.Build.0 = MinSizeRel|x64
		{ECB7A5DA-120C-3BA9-9110-692771DC5854}.RelWithDebInfo|x64.ActiveCfg = RelWithDebInfo|x64
		{ECB7A5DA-120C-3BA9-9110-692771DC5854}.RelWithDebInfo|x64.Build.0 = RelWithDebInfo|x64
		{89C9AA9A-D80A-3732-8609-8C13EA4E1D20}.Debug|x64.ActiveCfg = Debug|x64
		{89C9AA9A-D80A-3732-8609-8C13EA4E1D20}.Debug|x64.Build.0 = Debug|x64
		{89C9AA9A-D80A-3732-8609-8C13EA4E1D20}.Release|x64.ActiveCfg = Release|x64
		{89C9AA9A-D80A-3732-8609-8C13EA4E1D20}.Release|x64.Build.0 = Release|x64
		{89C9AA9A-D80A-3732-8609-8C13EA4E1D20}.MinSizeRel|x64.ActiveCfg = MinSizeRel|x64
		{89C9AA9A-D80A-3732-8609-8C13EA4E1D20}.MinSizeRel|x64.Build.0 = MinSizeRel|x64
		{89C9AA9A-D80A-3732-8609-8C13EA4E1D20}.RelWithDebInfo|x64.ActiveCfg = RelWithDebInfo|x64
		{89C9AA9A-D80A-3732-8609-8C13EA4E1D20}.RelWithDebInfo|x64.Build.0 = RelWithDebInfo|x64
		{695553A8-382F-3A0C-BD81-047BCAA9C08C}.Debug|x64.ActiveCfg = Debug|x64
		{695553A8-382F-3A0C-BD81-047BCAA9C08C}.Debug|x64.Build.0 = Debug|x64
		{695553A8-382F-3A0C-BD81-047BCAA9C08C}.Release|x64.ActiveCfg = Release|x64
		{695553A8-382F-3A0C-BD81-047BCAA9C08C}.Release|x64.Build.0 = Release|x64
		{695553A8-382F-3A0C-BD81-047BCAA9C08C}.MinSizeRel|x64.ActiveCfg = MinSizeRel|x64
		{695553A8-382F-3A0C-BD81-047BCAA9C08C}.MinSizeRel|x64.Build.0 = MinSizeRel|x64
		{695553A8-382F-3A0C-BD81-047BCAA9C08C}.RelWithDebInfo|x64.ActiveCfg = RelWithDebInfo|x64
		{695553A8-382F-3A0C-BD81-047BCAA9C08C}.RelWithDebInfo|x64.Build.0 = RelWithDebInfo|x64
		{9240D4D0-45F1-34C8-A944-ED59F26439F2}.Debug|x64.ActiveCfg = Debug|x64
		{9240D4D0-45F1-34C8-A944-ED59F26439F2}.Debug|x64.Build.0 = Debug|x64
		{9240D4D0-45F1-34C8-A944-ED59F26439F2}.Release|x64.ActiveCfg = Release|x64
		{9240D4D0-45F1-34C8-A944-ED59F26439F2}.Release|x64.Build.0 = Release|x64
		{9240D4D0-45F1-34C8-A944-ED59F26439F2}.MinSizeRel|x64.ActiveCfg = MinSizeRel|x64
		{9240D4D0-45F1-34C8-A944-ED59F26439F2}.MinSizeRel|x64.Build.0 = MinSizeRel|x64
		{9240D4D0-45F1-34C8-A944-ED59F26439F2}.RelWithDebInfo|x64.ActiveCfg = RelWithDebInfo|x64
		{9240D4D0-45F1-34C8-A944-ED59F26439F2}.RelWithDebInfo|x64.Build.0 = RelWithDebInfo|x64
		{C03F8C58-974C-37CA-B2FD-FA7F70222059}.Debug|x64.ActiveCfg = Debug|x64
		{C03F8C58-974C-37CA-B2FD-FA7F70222059}.Debug|x64.Build.0 = Debug|x64
		{C03F8C58-974C-37CA-B2FD-FA7F70222059}.Release|x64.ActiveCfg = Release|x64
		{C03F8C58-974C-37CA-B2FD-FA7F70222059}.Release|x64.Build.0 = Release|x64
		{C03F8C58-974C-37CA-B2FD-FA7F70222059}.MinSizeRel|x64.ActiveCfg = MinSizeRel|x64
		{C03F8C58-974C-37CA-B2FD-FA7F70222059}.MinSizeRel|x64.Build.0 = MinSizeRel|x64
		{C03F8C58-974C-37CA-B2FD-FA7F70222059}.RelWithDebInfo|x64.ActiveCfg = RelWithDebInfo|x64
		{C03F8C58-974C-37CA-B2FD-FA7F70222059}.RelWithDebInfo|x64.Build.0 = RelWithDebInfo|x64
		{C83F15D0-4A28-3D6B-800E-B40C2BDB3F55}.Debug|x64.ActiveCfg = Debug|x64
		{C83F15D0-4A28-3D6B-800E-B40C2BDB3F55}.Debug|x64.Build.0 = Debug|x64
		{C83F15D0-4A28-3D6B-800E-B40C2BDB3F55}.Release|x64.ActiveCfg = Release|x64
		{C83F15D0-4A28-3D6B-800E-B40C2BDB3F55}.Release|x64.Build.0 = Release|x64
		{C83F15D0-4A28-3D6B-800E-B40C2BDB3F55}.MinSizeRel|x64.ActiveCfg = MinSizeRel|x64
		{C83F15D0-4A28-3D6B-800E-B40C2BDB3F55}.MinSizeRel|x64.Build.0 = MinSizeRel|x64
		{C83F15D0-4A28-3D6B-800E-B40C2BDB3F55}.RelWithDebInfo|x64.ActiveCfg = RelWithDebInfo|x64
		{C83F15D0-4A28-3D6B-800E-B40C2BDB3F55}.RelWithDebInfo|x64.Build.0 = RelWithDebInfo|x64
		{0E6C07E5-2627-3236-99F2-D20F97D45CD3}.Debug|x64.ActiveCfg = Debug|x64
		{0E6C07E5-2627-3236-99F2-D20F97D45CD3}.Debug|x64.Build.0 = Debug|x64
		{0E6C07E5-2627-3236-99F2-D20F97D45CD3}.Release|x64.ActiveCfg = Release|x64
		{0E6C07E5-2627-3236-99F2-D20F97D45CD3}.Release|x64.Build.0 = Release|x64
		{0E6C07E5-2627-3236-99F2-D20F97D45CD3}.MinSizeRel|x64.ActiveCfg = MinSizeRel|x64
		{0E6C07E5-2627-3236-99F2-D20F97D45CD3}.MinSizeRel|x64.Build.0 = MinSizeRel|x64
		{0E6C07E5-2627-3236-99F2-D20F97D45CD3}.RelWithDebInfo|x64.ActiveCfg = RelWithDebInfo|x64
		{0E6C07E5-2627-3236-99F2-D20F97D45CD3}.RelWithDebInfo|x64.Build.0 = RelWithDebInfo|x64
		{8E23FE3A-DFF6-3E4B-913C-E5A4F2AD7A04}.Debug|x64.ActiveCfg = Debug|x64
		{8E23FE3A-DFF6-3E4B-913C-E5A4F2AD7A04}.Debug|x64.Build.0 = Debug|x64
		{8E23FE3A-DFF6-3E4B-913C-E5A4F2AD7A04}.Release|x64.ActiveCfg = Release|x64
		{8E23FE3A-DFF6-3E4B-913C-E5A4F2AD7A04}.Release|x64.Build.0 = Release|x64
		{8E23FE3A-DFF6-3E4B-913C-E5A4F2AD7A04}.MinSizeRel|x64.ActiveCfg = MinSizeRel|x64
		{8E23FE3A-DFF6-3E4B-913C-E5A4F2AD7A04}.MinSizeRel|x64.Build.0 = MinSizeRel|x64
		{8E23FE3A-DFF6-3E4B-913C-E5A4F2AD7A04}.RelWithDebInfo|x64.ActiveCfg = RelWithDebInfo|x64
		{8E23FE3A-DFF6-3E4B-913C-E5A4F2AD7A04}.RelWithDebInfo|x64.Build.0 = RelWithDebInfo|x64
		{11E8DAD8-9D86-3C32-982A-9C3D905B7A2D}.Debug|x64.ActiveCfg = Debug|x64
		{11E8DAD8-9D86-3C32-982A-9C3D905B7A2D}.Debug|x64.Build.0 = Debug|x64
		{11E8DAD8-9D86-3C32-982A-9C3D905B7A2D}.Release|x64.ActiveCfg = Release|x64
		{11E8DAD8-9D86-3C32-982A-9C3D905B7A2D}.Release|x64.Build.0 = Release|x64
		{11E8DAD8-9D86-3C32-982A-9C3D905B7A2D}.MinSizeRel|x64.ActiveCfg = MinSizeRel|x64
		{11E8DAD8-9D86-3C32-982A-9C3D905B7A2D}.MinSizeRel|x64.Build.0 = MinSizeRel|x64
		{11E8DAD8-9D86-3C32-982A-9C3D905B7A2D}.RelWithDebInfo|x64.ActiveCfg = RelWithDebInfo|x64
		{11E8DAD8-9D86-3C32-982A-9C3D905B7A2D}.RelWithDebInfo|x64.Build.0 = RelWithDebInfo|x64
		{F741BCC9-9AF6-3E04-B25C-F06908020008}.Debug|x64.ActiveCfg = Debug|x64
		{F741BCC9-9AF6-3E04-B25C-F06908020008}.Debug|x64.Build.0 = Debug|x64
		{F741BCC9-9AF6-3E04-B25C-F06908020008}.Release|x64.ActiveCfg = Release|x64
		{F741BCC9-9AF6-3E04-B25C-F06908020008}.Release|x64.Build.0 = Release|x64
		{F741BCC9-9AF6-3E04-B25C-F06908020008}.MinSizeRel|x64.ActiveCfg = MinSizeRel|x64
		{F741BCC9-9AF6-3E04-B25C-F06908020008}.MinSizeRel|x64.Build.0 = MinSizeRel|x64
		{F741BCC9-9AF6-3E04-B25C-F06908020008}.RelWithDebInfo|x64.ActiveCfg = RelWithDebInfo|x64
		{F741BCC9-9AF6-3E04-B25C-F06908020008}.RelWithDebInfo|x64.Build.0 = RelWithDebInfo|x64
		{FABD9DD5-0FDC-3E86-B1E8-A41EAE40641D}.Debug|x64.ActiveCfg = Debug|x64
		{FABD9DD5-0FDC-3E86-B1E8-A41EAE40641D}.Debug|x64.Build.0 = Debug|x64
		{FABD9DD5-0FDC-3E86-B1E8-A41EAE40641D}.Release|x64.ActiveCfg = Release|x64
		{FABD9DD5-0FDC-3E86-B1E8-A41EAE40641D}.Release|x64.Build.0 = Release|x64
		{FABD9DD5-0FDC-3E86-B1E8-A41EAE40641D}.MinSizeRel|x64.ActiveCfg = MinSizeRel|x64
		{FABD9DD5-0FDC-3E86-B1E8-A41EAE40641D}.MinSizeRel|x64.Build.0 = MinSizeRel|x64
		{FABD9DD5-0FDC-3E86-B1E8-A41EAE40641D}.RelWithDebInfo|x64.ActiveCfg = RelWithDebInfo|x64
		{FABD9DD5-0FDC-3E86-B1E8-A41EAE40641D}.RelWithDebInfo|x64.Build.0 = RelWithDebInfo|x64
		{08F34421-ED55-3209-9038-591E6C020122}.Debug|x64.ActiveCfg = Debug|x64
		{08F34421-ED55-3209-9038-591E6C020122}.Debug|x64.Build.0 = Debug|x64
		{08F34421-ED55-3209-9038-591E6C020122}.Release|x64.ActiveCfg = Release|x64
		{08F34421-ED55-3209-9038-591E6C020122}.Release|x64.Build.0 = Release|x64
		{08F34421-ED55-3209-9038-591E6C020122}.MinSizeRel|x64.ActiveCfg = MinSizeRel|x64
		{08F34421-ED55-3209-9038-591E6C020122}.MinSizeRel|x64.Build.0 = MinSizeRel|x64
		{08F34421-ED55-3209-9038-591E6C020122}.RelWithDebInfo|x64.ActiveCfg = RelWithDebInfo|x64
		{08F34421-ED55-3209-9038-591E6C020122}.RelWithDebInfo|x64.Build.0 = RelWithDebInfo|x64
		{9FE9AF4F-5A92-388B-9DEF-BAF829D23CC0}.Debug|x64.ActiveCfg = Debug|x64
		{9FE9AF4F-5A92-388B-9DEF-BAF829D23CC0}.Debug|x64.Build.0 = Debug|x64
		{9FE9AF4F-5A92-388B-9DEF-BAF829D23CC0}.Release|x64.ActiveCfg = Release|x64
		{9FE9AF4F-5A92-388B-9DEF-BAF829D23CC0}.Release|x64.Build.0 = Release|x64
		{9FE9AF4F-5A92-388B-9DEF-BAF829D23CC0}.MinSizeRel|x64.ActiveCfg = MinSizeRel|x64
		{9FE9AF4F-5A92-388B-9DEF-BAF829D23CC0}.MinSizeRel|x64.Build.0 = MinSizeRel|x64
		{9FE9AF4F-5A92-388B-9DEF-BAF829D23CC0}.RelWithDebInfo|x64.ActiveCfg = RelWithDebInfo|x64
		{9FE9AF4F-5A92-388B-9DEF-BAF829D23CC0}.RelWithDebInfo|x64.Build.0 = RelWithDebInfo|x64
		{750AB983-71D6-3717-9205-F5B9D10A0972}.Debug|x64.ActiveCfg = Debug|x64
		{750AB983-71D6-3717-9205-F5B9D10A0972}.Debug|x64.Build.0 = Debug|x64
		{750AB983-71D6-3717-9205-F5B9D10A0972}.Release|x64.ActiveCfg = Release|x64
		{750AB983-71D6-3717-9205-F5B9D10A0972}.Release|x64.Build.0 = Release|x64
		{750AB983-71D6-3717-9205-F5B9D10A0972}.MinSizeRel|x64.ActiveCfg = MinSizeRel|x64
		{750AB983-71D6-3717-9205-F5B9D10A0972}.MinSizeRel|x64.Build.0 = MinSizeRel|x64
		{750AB983-71D6-3717-9205-F5B9D10A0972}.RelWithDebInfo|x64.ActiveCfg = RelWithDebInfo|x64
		{750AB983-71D6-3717-9205-F5B9D10A0972}.RelWithDebInfo|x64.Build.0 = RelWithDebInfo|x64
		{96DBE8B5-D042-3D50-A2CF-EF692C3D4B8D}.Debug|x64.ActiveCfg = Debug|x64
		{96DBE8B5-D042-3D50-A2CF-EF692C3D4B8D}.Debug|x64.Build.0 = Debug|x64
		{96DBE8B5-D042-3D50-A2CF-EF692C3D4B8D}.Release|x64.ActiveCfg = Release|x64
		{96DBE8B5-D042-3D50-A2CF-EF692C3D4B8D}.Release|x64.Build.0 = Release|x64
		{96DBE8B5-D042-3D50-A2CF-EF692C3D4B8D}.MinSizeRel|x64.ActiveCfg = MinSizeRel|x64
		{96DBE8B5-D042-3D50-A2CF-EF692C3D4B8D}.MinSizeRel|x64.Build.0 = MinSizeRel|x64
		{96DBE8B5-D042-3D50-A2CF-EF692C3D4B8D}.RelWithDebInfo|x64.ActiveCfg = RelWithDebInfo|x64
		{96DBE8B5-D042-3D50-A2CF-EF692C3D4B8D}.RelWithDebInfo|x64.Build.0 = RelWithDebInfo|x64
		{F30E4BB0-A20E-3EF4-9D0F-9B83C89527BD}.Debug|x64.ActiveCfg = Debug|x64
		{F30E4BB0-A20E-3EF4-9D0F-9B83C89527BD}.Debug|x64.Build.0 = Debug|x64
		{F30E4BB0-A20E-3EF4-9D0F-9B83C89527BD}.Release|x64.ActiveCfg = Release|x64
		{F30E4BB0-A20E-3EF4-9D0F-9B83C89527BD}.Release|x64.Build.0 = Release|x64
		{F30E4BB0-A20E-3EF4-9D0F-9B83C89527BD}.MinSizeRel|x64.ActiveCfg = MinSizeRel|x64
		{F30E4BB0-A20E-3EF4-9D0F-9B83C89527BD}.MinSizeRel|x64.Build.0 = MinSizeRel|x64
		{F30E4BB0-A20E-3EF4-9D0F-9B83C89527BD}.RelWithDebInfo|x64.ActiveCfg = RelWithDebInfo|x64
		{F30E4BB0-A20E-3EF4-9D0F-9B83C89527BD}.RelWithDebInfo|x64.Build.0 = RelWithDebInfo|x64
		{62C4B1D0-7123-3C42-9C0A-4B99BE229E29}.Debug|x64.ActiveCfg = Debug|x64
		{62C4B1D0-7123-3C42-9C0A-4B99BE229E29}.Debug|x64.Build.0 = Debug|x64
		{62C4B1D0-7123-3C42-9C0A-4B99BE229E29}.Release|x64.ActiveCfg = Release|x64
		{62C4B1D0-7123-3C42-9C0A-4B99BE229E29}.Release|x64.Build.0 = Release|x64
		{62C4B1D0-7123-3C42-9C0A-4B99BE229E29}.MinSizeRel|x64.ActiveCfg = MinSizeRel|x64
		{62C4B1D0-7123-3C42-9C0A-4B99BE229E29}.MinSizeRel|x64.Build.0 = MinSizeRel|x64
		{62C4B1D0-7123-3C42-9C0A-4B99BE229E29}.RelWithDebInfo|x64.ActiveCfg = RelWithDebInfo|x64
		{62C4B1D0-7123-3C42-9C0A-4B99BE229E29}.RelWithDebInfo|x64.Build.0 = RelWithDebInfo|x64
		{39F23595-9FAF-3B54-B89F-590D5A9DDDD5}.Debug|x64.ActiveCfg = Debug|x64
		{39F23595-9FAF-3B54-B89F-590D5A9DDDD5}.Debug|x64.Build.0 = Debug|x64
		{39F23595-9FAF-3B54-B89F-590D5A9DDDD5}.Release|x64.ActiveCfg = Release|x64
		{39F23595-9FAF-3B54-B89F-590D5A9DDDD5}.Release|x64.Build.0 = Release|x64
		{39F23595-9FAF-3B54-B89F-590D5A9DDDD5}.MinSizeRel|x64.ActiveCfg = MinSizeRel|x64
		{39F23595-9FAF-3B54-B89F-590D5A9DDDD5}.MinSizeRel|x64.Build.0 = MinSizeRel|x64
		{39F23595-9FAF-3B54-B89F-590D5A9DDDD5}.RelWithDebInfo|x64.ActiveCfg = RelWithDebInfo|x64
		{39F23595-9FAF-3B54-B89F-590D5A9DDDD5}.RelWithDebInfo|x64.Build.0 = RelWithDebInfo|x64
		{7FCCE94F-76B8-3B32-B8EC-84D249989218}.Debug|x64.ActiveCfg = Debug|x64
		{7FCCE94F-76B8-3B32-B8EC-84D249989218}.Debug|x64.Build.0 = Debug|x64
		{7FCCE94F-76B8-3B32-B8EC-84D249989218}.Release|x64.ActiveCfg = Release|x64
		{7FCCE94F-76B8-3B32-B8EC-84D249989218}.Release|x64.Build.0 = Release|x64
		{7FCCE94F-76B8-3B32-B8EC-84D249989218}.MinSizeRel|x64.ActiveCfg = MinSizeRel|x64
		{7FCCE94F-76B8-3B32-B8EC-84D249989218}.MinSizeRel|x64.Build.0 = MinSizeRel|x64
		{7FCCE94F-76B8-3B32-B8EC-84D249989218}.RelWithDebInfo|x64.ActiveCfg = RelWithDebInfo|x64
		{7FCCE94F-76B8-3B32-B8EC-84D249989218}.RelWithDebInfo|x64.Build.0 = RelWithDebInfo|x64
		{8F7A0B47-787A-3D89-BD21-BA7380AA9CEA}.Debug|x64.ActiveCfg = Debug|x64
		{8F7A0B47-787A-3D89-BD21-BA7380AA9CEA}.Debug|x64.Build.0 = Debug|x64
		{8F7A0B47-787A-3D89-BD21-BA7380AA9CEA}.Release|x64.ActiveCfg = Release|x64
		{8F7A0B47-787A-3D89-BD21-BA7380AA9CEA}.Release|x64.Build.0 = Release|x64
		{8F7A0B47-787A-3D89-BD21-BA7380AA9CEA}.MinSizeRel|x64.ActiveCfg = MinSizeRel|x64
		{8F7A0B47-787A-3D89-BD21-BA7380AA9CEA}.MinSizeRel|x64.Build.0 = MinSizeRel|x64
		{8F7A0B47-787A-3D89-BD21-BA7380AA9CEA}.RelWithDebInfo|x64.ActiveCfg = RelWithDebInfo|x64
		{8F7A0B47-787A-3D89-BD21-BA7380AA9CEA}.RelWithDebInfo|x64.Build.0 = RelWithDebInfo|x64
		{46131543-643B-3169-ACF9-5B5B3407ED04}.Debug|x64.ActiveCfg = Debug|x64
		{46131543-643B-3169-ACF9-5B5B3407ED04}.Debug|x64.Build.0 = Debug|x64
		{46131543-643B-3169-ACF9-5B5B3407ED04}.Release|x64.ActiveCfg = Release|x64
		{46131543-643B-3169-ACF9-5B5B3407ED04}.Release|x64.Build.0 = Release|x64
		{46131543-643B-3169-ACF9-5B5B3407ED04}.MinSizeRel|x64.ActiveCfg = MinSizeRel|x64
		{46131543-643B-3169-ACF9-5B5B3407ED04}.MinSizeRel|x64.Build.0 = MinSizeRel|x64
		{46131543-643B-3169-ACF9-5B5B3407ED04}.RelWithDebInfo|x64.ActiveCfg = RelWithDebInfo|x64
		{46131543-643B-3169-ACF9-5B5B3407ED04}.RelWithDebInfo|x64.Build.0 = RelWithDebInfo|x64
		{4092A617-E497-3A56-B3A3-6AB71543E5D2}.Debug|x64.ActiveCfg = Debug|x64
		{4092A617-E497-3A56-B3A3-6AB71543E5D2}.Debug|x64.Build.0 = Debug|x64
		{4092A617-E497-3A56-B3A3-6AB71543E5D2}.Release|x64.ActiveCfg = Release|x64
		{4092A617-E497-3A56-B3A3-6AB71543E5D2}.Release|x64.Build.0 = Release|x64
		{4092A617-E497-3A56-B3A3-6AB71543E5D2}.MinSizeRel|x64.ActiveCfg = MinSizeRel|x64
		{4092A617-E497-3A56-B3A3-6AB71543E5D2}.MinSizeRel|x64.Build.0 = MinSizeRel|x64
		{4092A617-E497-3A56-B3A3-6AB71543E5D2}.RelWithDebInfo|x64.ActiveCfg = RelWithDebInfo|x64
		{4092A617-E497-3A56-B3A3-6AB71543E5D2}.RelWithDebInfo|x64.Build.0 = RelWithDebInfo|x64
		{ED2A7147-9661-38E8-B66C-57D6B258041E}.Debug|x64.ActiveCfg = Debug|x64
		{ED2A7147-9661-38E8-B66C-57D6B258041E}.Debug|x64.Build.0 = Debug|x64
		{ED2A7147-9661-38E8-B66C-57D6B258041E}.Release|x64.ActiveCfg = Release|x64
		{ED2A7147-9661-38E8-B66C-57D6B258041E}.Release|x64.Build.0 = Release|x64
		{ED2A7147-9661-38E8-B66C-57D6B258041E}.MinSizeRel|x64.ActiveCfg = MinSizeRel|x64
		{ED2A7147-9661-38E8-B66C-57D6B258041E}.MinSizeRel|x64.Build.0 = MinSizeRel|x64
		{ED2A7147-9661-38E8-B66C-57D6B258041E}.RelWithDebInfo|x64.ActiveCfg = RelWithDebInfo|x64
		{ED2A7147-9661-38E8-B66C-57D6B258041E}.RelWithDebInfo|x64.Build.0 = RelWithDebInfo|x64
		{16740359-60F5-3D3C-8CFC-99F2BBEC1820}.Debug|x64.ActiveCfg = Debug|x64
		{16740359-60F5-3D3C-8CFC-99F2BBEC1820}.Debug|x64.Build.0 = Debug|x64
		{16740359-60F5-3D3C-8CFC-99F2BBEC1820}.Release|x64.ActiveCfg = Release|x64
		{16740359-60F5-3D3C-8CFC-99F2BBEC1820}.Release|x64.Build.0 = Release|x64
		{16740359-60F5-3D3C-8CFC-99F2BBEC1820}.MinSizeRel|x64.ActiveCfg = MinSizeRel|x64
		{16740359-60F5-3D3C-8CFC-99F2BBEC1820}.MinSizeRel|x64.Build.0 = MinSizeRel|x64
		{16740359-60F5-3D3C-8CFC-99F2BBEC1820}.RelWithDebInfo|x64.ActiveCfg = RelWithDebInfo|x64
		{16740359-60F5-3D3C-8CFC-99F2BBEC1820}.RelWithDebInfo|x64.Build.0 = RelWithDebInfo|x64
		{2AF907E5-F859-3188-B407-864926E4C25C}.Debug|x64.ActiveCfg = Debug|x64
		{2AF907E5-F859-3188-B407-864926E4C25C}.Debug|x64.Build.0 = Debug|x64
		{2AF907E5-F859-3188-B407-864926E4C25C}.Release|x64.ActiveCfg = Release|x64
		{2AF907E5-F859-3188-B407-864926E4C25C}.Release|x64.Build.0 = Release|x64
		{2AF907E5-F859-3188-B407-864926E4C25C}.MinSizeRel|x64.ActiveCfg = MinSizeRel|x64
		{2AF907E5-F859-3188-B407-864926E4C25C}.MinSizeRel|x64.Build.0 = MinSizeRel|x64
		{2AF907E5-F859-3188-B407-864926E4C25C}.RelWithDebInfo|x64.ActiveCfg = RelWithDebInfo|x64
		{2AF907E5-F859-3188-B407-864926E4C25C}.RelWithDebInfo|x64.Build.0 = RelWithDebInfo|x64
		{1820A61C-93E4-3E8D-A4E1-D5B5084D6315}.Debug|x64.ActiveCfg = Debug|x64
		{1820A61C-93E4-3E8D-A4E1-D5B5084D6315}.Debug|x64.Build.0 = Debug|x64
		{1820A61C-93E4-3E8D-A4E1-D5B5084D6315}.Release|x64.ActiveCfg = Release|x64
		{1820A61C-93E4-3E8D-A4E1-D5B5084D6315}.Release|x64.Build.0 = Release|x64
		{1820A61C-93E4-3E8D-A4E1-D5B5084D6315}.MinSizeRel|x64.ActiveCfg = MinSizeRel|x64
		{1820A61C-93E4-3E8D-A4E1-D5B5084D6315}.MinSizeRel|x64.Build.0 = MinSizeRel|x64
		{1820A61C-93E4-3E8D-A4E1-D5B5084D6315}.RelWithDebInfo|x64.ActiveCfg = RelWithDebInfo|x64
		{1820A61C-93E4-3E8D-A4E1-D5B5084D6315}.RelWithDebInfo|x64.Build.0 = RelWithDebInfo|x64
		{4300EE8C-5F3F-3200-958D-FC4180A31C02}.Debug|x64.ActiveCfg = Debug|x64
		{4300EE8C-5F3F-3200-958D-FC4180A31C02}.Debug|x64.Build.0 = Debug|x64
		{4300EE8C-5F3F-3200-958D-FC4180A31C02}.Release|x64.ActiveCfg = Release|x64
		{4300EE8C-5F3F-3200-958D-FC4180A31C02}.Release|x64.Build.0 = Release|x64
		{4300EE8C-5F3F-3200-958D-FC4180A31C02}.MinSizeRel|x64.ActiveCfg = MinSizeRel|x64
		{4300EE8C-5F3F-3200-958D-FC4180A31C02}.MinSizeRel|x64.Build.0 = MinSizeRel|x64
		{4300EE8C-5F3F-3200-958D-FC4180A31C02}.RelWithDebInfo|x64.ActiveCfg = RelWithDebInfo|x64
		{4300EE8C-5F3F-3200-958D-FC4180A31C02}.RelWithDebInfo|x64.Build.0 = RelWithDebInfo|x64
		{D65E0278-F98D-339B-89C0-4BEBCD618674}.Debug|x64.ActiveCfg = Debug|x64
		{D65E0278-F98D-339B-89C0-4BEBCD618674}.Debug|x64.Build.0 = Debug|x64
		{D65E0278-F98D-339B-89C0-4BEBCD618674}.Release|x64.ActiveCfg = Release|x64
		{D65E0278-F98D-339B-89C0-4BEBCD618674}.Release|x64.Build.0 = Release|x64
		{D65E0278-F98D-339B-89C0-4BEBCD618674}.MinSizeRel|x64.ActiveCfg = MinSizeRel|x64
		{D65E0278-F98D-339B-89C0-4BEBCD618674}.MinSizeRel|x64.Build.0 = MinSizeRel|x64
		{D65E0278-F98D-339B-89C0-4BEBCD618674}.RelWithDebInfo|x64.ActiveCfg = RelWithDebInfo|x64
		{D65E0278-F98D-339B-89C0-4BEBCD618674}.RelWithDebInfo|x64.Build.0 = RelWithDebInfo|x64
		{570A4F95-A1AE-31A2-9EA3-C6273CCC174C}.Debug|x64.ActiveCfg = Debug|x64
		{570A4F95-A1AE-31A2-9EA3-C6273CCC174C}.Debug|x64.Build.0 = Debug|x64
		{570A4F95-A1AE-31A2-9EA3-C6273CCC174C}.Release|x64.ActiveCfg = Release|x64
		{570A4F95-A1AE-31A2-9EA3-C6273CCC174C}.Release|x64.Build.0 = Release|x64
		{570A4F95-A1AE-31A2-9EA3-C6273CCC174C}.MinSizeRel|x64.ActiveCfg = MinSizeRel|x64
		{570A4F95-A1AE-31A2-9EA3-C6273CCC174C}.MinSizeRel|x64.Build.0 = MinSizeRel|x64
		{570A4F95-A1AE-31A2-9EA3-C6273CCC174C}.RelWithDebInfo|x64.ActiveCfg = RelWithDebInfo|x64
		{570A4F95-A1AE-31A2-9EA3-C6273CCC174C}.RelWithDebInfo|x64.Build.0 = RelWithDebInfo|x64
		{9C119F8F-7465-3041-A8E2-7F4DA3066A1B}.Debug|x64.ActiveCfg = Debug|x64
		{9C119F8F-7465-3041-A8E2-7F4DA3066A1B}.Debug|x64.Build.0 = Debug|x64
		{9C119F8F-7465-3041-A8E2-7F4DA3066A1B}.Release|x64.ActiveCfg = Release|x64
		{9C119F8F-7465-3041-A8E2-7F4DA3066A1B}.Release|x64.Build.0 = Release|x64
		{9C119F8F-7465-3041-A8E2-7F4DA3066A1B}.MinSizeRel|x64.ActiveCfg = MinSizeRel|x64
		{9C119F8F-7465-3041-A8E2-7F4DA3066A1B}.MinSizeRel|x64.Build.0 = MinSizeRel|x64
		{9C119F8F-7465-3041-A8E2-7F4DA3066A1B}.RelWithDebInfo|x64.ActiveCfg = RelWithDebInfo|x64
		{9C119F8F-7465-3041-A8E2-7F4DA3066A1B}.RelWithDebInfo|x64.Build.0 = RelWithDebInfo|x64
		{B5A42350-7F9D-376D-8374-0909BE74C4F5}.Debug|x64.ActiveCfg = Debug|x64
		{B5A42350-7F9D-376D-8374-0909BE74C4F5}.Debug|x64.Build.0 = Debug|x64
		{B5A42350-7F9D-376D-8374-0909BE74C4F5}.Release|x64.ActiveCfg = Release|x64
		{B5A42350-7F9D-376D-8374-0909BE74C4F5}.Release|x64.Build.0 = Release|x64
		{B5A42350-7F9D-376D-8374-0909BE74C4F5}.MinSizeRel|x64.ActiveCfg = MinSizeRel|x64
		{B5A42350-7F9D-376D-8374-0909BE74C4F5}.MinSizeRel|x64.Build.0 = MinSizeRel|x64
		{B5A42350-7F9D-376D-8374-0909BE74C4F5}.RelWithDebInfo|x64.ActiveCfg = RelWithDebInfo|x64
		{B5A42350-7F9D-376D-8374-0909BE74C4F5}.RelWithDebInfo|x64.Build.0 = RelWithDebInfo|x64
		{0BCFA7C2-02BD-3A3D-8370-13D3B1F1AD22}.Debug|x64.ActiveCfg = Debug|x64
		{0BCFA7C2-02BD-3A3D-8370-13D3B1F1AD22}.Debug|x64.Build.0 = Debug|x64
		{0BCFA7C2-02BD-3A3D-8370-13D3B1F1AD22}.Release|x64.ActiveCfg = Release|x64
		{0BCFA7C2-02BD-3A3D-8370-13D3B1F1AD22}.Release|x64.Build.0 = Release|x64
		{0BCFA7C2-02BD-3A3D-8370-13D3B1F1AD22}.MinSizeRel|x64.ActiveCfg = MinSizeRel|x64
		{0BCFA7C2-02BD-3A3D-8370-13D3B1F1AD22}.MinSizeRel|x64.Build.0 = MinSizeRel|x64
		{0BCFA7C2-02BD-3A3D-8370-13D3B1F1AD22}.RelWithDebInfo|x64.ActiveCfg = RelWithDebInfo|x64
		{0BCFA7C2-02BD-3A3D-8370-13D3B1F1AD22}.RelWithDebInfo|x64.Build.0 = RelWithDebInfo|x64
		{4F2606E8-4A19-32A0-9968-F03B149C07B0}.Debug|x64.ActiveCfg = Debug|x64
		{4F2606E8-4A19-32A0-9968-F03B149C07B0}.Release|x64.ActiveCfg = Release|x64
		{4F2606E8-4A19-32A0-9968-F03B149C07B0}.MinSizeRel|x64.ActiveCfg = MinSizeRel|x64
		{4F2606E8-4A19-32A0-9968-F03B149C07B0}.RelWithDebInfo|x64.ActiveCfg = RelWithDebInfo|x64
		{BC2947F9-9075-3FD3-8FDA-8FC04DC2A68B}.Debug|x64.ActiveCfg = Debug|x64
		{BC2947F9-9075-3FD3-8FDA-8FC04DC2A68B}.Debug|x64.Build.0 = Debug|x64
		{BC2947F9-9075-3FD3-8FDA-8FC04DC2A68B}.Release|x64.ActiveCfg = Release|x64
		{BC2947F9-9075-3FD3-8FDA-8FC04DC2A68B}.Release|x64.Build.0 = Release|x64
		{BC2947F9-9075-3FD3-8FDA-8FC04DC2A68B}.MinSizeRel|x64.ActiveCfg = MinSizeRel|x64
		{BC2947F9-9075-3FD3-8FDA-8FC04DC2A68B}.MinSizeRel|x64.Build.0 = MinSizeRel|x64
		{BC2947F9-9075-3FD3-8FDA-8FC04DC2A68B}.RelWithDebInfo|x64.ActiveCfg = RelWithDebInfo|x64
		{BC2947F9-9075-3FD3-8FDA-8FC04DC2A68B}.RelWithDebInfo|x64.Build.0 = RelWithDebInfo|x64
		{9DEF9194-E727-3A20-8609-82D9CB2EA6FF}.Debug|x64.ActiveCfg = Debug|x64
		{9DEF9194-E727-3A20-8609-82D9CB2EA6FF}.Debug|x64.Build.0 = Debug|x64
		{9DEF9194-E727-3A20-8609-82D9CB2EA6FF}.Release|x64.ActiveCfg = Release|x64
		{9DEF9194-E727-3A20-8609-82D9CB2EA6FF}.Release|x64.Build.0 = Release|x64
		{9DEF9194-E727-3A20-8609-82D9CB2EA6FF}.MinSizeRel|x64.ActiveCfg = MinSizeRel|x64
		{9DEF9194-E727-3A20-8609-82D9CB2EA6FF}.MinSizeRel|x64.Build.0 = MinSizeRel|x64
		{9DEF9194-E727-3A20-8609-82D9CB2EA6FF}.RelWithDebInfo|x64.ActiveCfg = RelWithDebInfo|x64
		{9DEF9194-E727-3A20-8609-82D9CB2EA6FF}.RelWithDebInfo|x64.Build.0 = RelWithDebInfo|x64
	EndGlobalSection
	GlobalSection(ExtensibilityGlobals) = postSolution
		SolutionGuid = {05897CA1-7DCD-3FB2-996D-A736743FCEE6}
	EndGlobalSection
	GlobalSection(ExtensibilityAddIns) = postSolution
	EndGlobalSection
EndGlobal
