<?xml version="1.0" encoding="utf-8"?>
<Project ToolsVersion="17.0" xmlns="http://schemas.microsoft.com/developer/msbuild/2003">
  <ItemGroup>
    <CustomBuild Include="C:\Users\rina0423\Desktop\VAiSt\build-default\CMakeFiles\0bc8b70e1639aa3785718e22ffc4b9b7\vaist_spirv_validate.rule">
      <Filter>CMake Rules</Filter>
    </CustomBuild>
    <CustomBuild Include="C:\Users\rina0423\Desktop\VAiSt\CMakeLists.txt" />
  </ItemGroup>
  <ItemGroup>
    <None Include="C:\Users\rina0423\Desktop\VAiSt\build-default\CMakeFiles\vaist_spirv_validate" />
  </ItemGroup>
  <ItemGroup>
    <Filter Include="CMake Rules">
      <UniqueIdentifier>{A5DC6EC3-6A46-374C-95CA-B9BA709CDEBE}</UniqueIdentifier>
    </Filter>
  </ItemGroup>
</Project>
