
Microsoft Visual Studio Solution File, Format Version 12.00
# Visual Studio Version 17
Project("{8BC9CEB8-8B4A-11D0-8D11-00A0C91BC942}") = "ALL_BUILD", "ALL_BUILD.vcxproj", "{3D687888-4E00-3911-B3A2-F301EC616132}"
	ProjectSection(ProjectDependencies) = postProject
		{DE069529-F6D3-385A-9C2E-2F61E4DEB09E} = {DE069529-F6D3-385A-9C2E-2F61E4DEB09E}
		{D7879911-4547-32C3-9217-80E115DCDFD4} = {D7879911-4547-32C3-9217-80E115DCDFD4}
		{C0AF351E-AE62-32CA-A79F-8F096E1894C4} = {C0AF351E-AE62-32CA-A79F-8F096E1894C4}
		{CE8C195F-1B4B-392A-863C-C964BD3772A4} = {CE8C195F-1B4B-392A-863C-C964BD3772A4}
		{B7A77FCB-11C8-3B1B-9138-1F095EB6F06A} = {B7A77FCB-11C8-3B1B-9138-1F095EB6F06A}
		{AB1612F2-F3B5-3340-A421-373EDD0F80B2} = {AB1612F2-F3B5-3340-A421-373EDD0F80B2}
		{E342AD73-9E99-3D31-8BF8-70D5EA984D31} = {E342AD73-9E99-3D31-8BF8-70D5EA984D31}
		{AAD46443-12FF-3663-A2AC-C3A8A380635E} = {AAD46443-12FF-3663-A2AC-C3A8A380635E}
		{F0DCC581-E5CA-3029-B27D-DB3DF35FFA70} = {F0DCC581-E5CA-3029-B27D-DB3DF35FFA70}
		{4A304D58-6CF8-3F33-8959-2C00730EEFF9} = {4A304D58-6CF8-3F33-8959-2C00730EEFF9}
		{BC3D84C4-4E5A-3EED-8E13-7928CE0F1127} = {BC3D84C4-4E5A-3EED-8E13-7928CE0F1127}
		{1C17DD93-49B3-3E0B-8254-11B3130C1ABF} = {1C17DD93-49B3-3E0B-8254-11B3130C1ABF}
		{A92A3792-203C-34A7-9A16-70128DB66B9B} = {A92A3792-203C-34A7-9A16-70128DB66B9B}
		{B1000A67-7670-32D2-88C4-488A901B4F7E} = {B1000A67-7670-32D2-88C4-488A901B4F7E}
		{8A15FCF6-8E57-3655-95D0-F6D5D62F0948} = {8A15FCF6-8E57-3655-95D0-F6D5D62F0948}
		{7B2BC394-AB9E-3E66-8EC4-E016A2379FE1} = {7B2BC394-AB9E-3E66-8EC4-E016A2379FE1}
		{EF20EB9B-85FD-35C6-8490-860216BCBADD} = {EF20EB9B-85FD-35C6-8490-860216BCBADD}
		{97F25928-C848-31BE-81E2-697E7B505105} = {97F25928-C848-31BE-81E2-697E7B505105}
		{436A6883-8AB1-3C28-AC35-8184680EE226} = {436A6883-8AB1-3C28-AC35-8184680EE226}
		{9C99F271-8DB4-3C84-BAAF-5E21C96BACD0} = {9C99F271-8DB4-3C84-BAAF-5E21C96BACD0}
		{6E00D7C4-2933-39FA-8341-113192811E69} = {6E00D7C4-2933-39FA-8341-113192811E69}
		{25429B3D-7143-3B2B-A362-D4127EE22901} = {25429B3D-7143-3B2B-A362-D4127EE22901}
		{F82C0D56-1342-31FA-9282-5AB201024261} = {F82C0D56-1342-31FA-9282-5AB201024261}
		{96AFFFB4-7F14-3D6A-A622-1FE2937B47BA} = {96AFFFB4-7F14-3D6A-A622-1FE2937B47BA}
		{C0D4DE84-92BB-3765-B643-6B5182DCDDC7} = {C0D4DE84-92BB-3765-B643-6B5182DCDDC7}
		{9E303DFD-BA0B-328C-9DDC-478E2F5508D4} = {9E303DFD-BA0B-328C-9DDC-478E2F5508D4}
		{F59AA773-7392-3D9E-A296-7EC974169829} = {F59AA773-7392-3D9E-A296-7EC974169829}
		{4D20FA23-0CA7-3D6B-92A3-C993B8CC81E0} = {4D20FA23-0CA7-3D6B-92A3-C993B8CC81E0}
		{C0318F7F-83B8-3B4D-B373-60AD2C02EC3C} = {C0318F7F-83B8-3B4D-B373-60AD2C02EC3C}
		{8D44A5B5-7E5E-3329-906D-CAEDDE2DFD74} = {8D44A5B5-7E5E-3329-906D-CAEDDE2DFD74}
		{9D3EB105-CFA6-3B99-A43A-B5F188CFCBB8} = {9D3EB105-CFA6-3B99-A43A-B5F188CFCBB8}
		{E4A79FBD-5929-356A-AC56-0E74ED45107E} = {E4A79FBD-5929-356A-AC56-0E74ED45107E}
		{4E10A061-E0EB-3D83-A08C-09557DE55A9C} = {4E10A061-E0EB-3D83-A08C-09557DE55A9C}
		{E59B4B8A-3EDC-3673-8F12-915FF2B1A768} = {E59B4B8A-3EDC-3673-8F12-915FF2B1A768}
		{5F5E8891-E436-3062-BCCD-7F3D8FC234E6} = {5F5E8891-E436-3062-BCCD-7F3D8FC234E6}
		{6CCF66BB-FA7E-3948-8875-F05451CBA16C} = {6CCF66BB-FA7E-3948-8875-F05451CBA16C}
		{794BC054-0082-3C2A-8825-2AB70403B477} = {794BC054-0082-3C2A-8825-2AB70403B477}
		{7A316A69-10CA-3108-AC50-7797AB980127} = {7A316A69-10CA-3108-AC50-7797AB980127}
		{25006D3E-CFF8-3E0B-8DB0-A1F70871DBC8} = {25006D3E-CFF8-3E0B-8DB0-A1F70871DBC8}
		{88C47942-507B-3D47-B939-7B8BF094BF77} = {88C47942-507B-3D47-B939-7B8BF094BF77}
		{8A37EA4B-6837-3D8F-82E9-D0D479A83679} = {8A37EA4B-6837-3D8F-82E9-D0D479A83679}
		{BB0DB124-54BA-3BE7-9EB4-18796F847D33} = {BB0DB124-54BA-3BE7-9EB4-18796F847D33}
		{AD9BC6A5-8812-3CE7-84D5-6B4F64856329} = {AD9BC6A5-8812-3CE7-84D5-6B4F64856329}
		{6870819B-088D-30FE-8E44-493A6700C739} = {6870819B-088D-30FE-8E44-493A6700C739}
		{4F5B0D3B-1F32-3128-B540-22B139B952A0} = {4F5B0D3B-1F32-3128-B540-22B139B952A0}
		{D58A6A9A-D081-3BD1-AB3C-8F6CA247C977} = {D58A6A9A-D081-3BD1-AB3C-8F6CA247C977}
		{44017F13-C63C-31E1-B739-962EF39A1C36} = {44017F13-C63C-31E1-B739-962EF39A1C36}
		{72C25413-DE22-37CF-B0D5-C2C727BF0212} = {72C25413-DE22-37CF-B0D5-C2C727BF0212}
		{DA9C9A99-0E2C-3192-B1B4-3E76EBCFB55D} = {DA9C9A99-0E2C-3192-B1B4-3E76EBCFB55D}
		{7FD976CE-8108-3832-8FC5-A1D155CBF0C6} = {7FD976CE-8108-3832-8FC5-A1D155CBF0C6}
		{0F86F508-9528-380B-86C1-E979F08D148D} = {0F86F508-9528-380B-86C1-E979F08D148D}
		{88113D6A-4A6A-333E-8AB7-808CFDD5424F} = {88113D6A-4A6A-333E-8AB7-808CFDD5424F}
	EndProjectSection
EndProject
Project("{8BC9CEB8-8B4A-11D0-8D11-00A0C91BC942}") = "INSTALL", "INSTALL.vcxproj", "{2821D868-F9B4-38F3-A95D-CFC94D5A7EA8}"
	ProjectSection(ProjectDependencies) = postProject
		{3D687888-4E00-3911-B3A2-F301EC616132} = {3D687888-4E00-3911-B3A2-F301EC616132}
		{DE069529-F6D3-385A-9C2E-2F61E4DEB09E} = {DE069529-F6D3-385A-9C2E-2F61E4DEB09E}
	EndProjectSection
EndProject
Project("{8BC9CEB8-8B4A-11D0-8D11-00A0C91BC942}") = "RUN_TESTS", "RUN_TESTS.vcxproj", "{2FD08FE0-B4AB-3620-AD68-970E671D6B61}"
	ProjectSection(ProjectDependencies) = postProject
		{DE069529-F6D3-385A-9C2E-2F61E4DEB09E} = {DE069529-F6D3-385A-9C2E-2F61E4DEB09E}
	EndProjectSection
EndProject
Project("{8BC9CEB8-8B4A-11D0-8D11-00A0C91BC942}") = "ZERO_CHECK", "ZERO_CHECK.vcxproj", "{DE069529-F6D3-385A-9C2E-2F61E4DEB09E}"
	ProjectSection(ProjectDependencies) = postProject
	EndProjectSection
EndProject
Project("{8BC9CEB8-8B4A-11D0-8D11-00A0C91BC942}") = "vaist_ai", "vaist_ai.vcxproj", "{D7879911-4547-32C3-9217-80E115DCDFD4}"
	ProjectSection(ProjectDependencies) = postProject
		{DE069529-F6D3-385A-9C2E-2F61E4DEB09E} = {DE069529-F6D3-385A-9C2E-2F61E4DEB09E}
		{AAD46443-12FF-3663-A2AC-C3A8A380635E} = {AAD46443-12FF-3663-A2AC-C3A8A380635E}
	EndProjectSection
EndProject
Project("{8BC9CEB8-8B4A-11D0-8D11-00A0C91BC942}") = "vaist_attn", "vaist_attn.vcxproj", "{C0AF351E-AE62-32CA-A79F-8F096E1894C4}"
	ProjectSection(ProjectDependencies) = postProject
		{DE069529-F6D3-385A-9C2E-2F61E4DEB09E} = {DE069529-F6D3-385A-9C2E-2F61E4DEB09E}
		{E342AD73-9E99-3D31-8BF8-70D5EA984D31} = {E342AD73-9E99-3D31-8BF8-70D5EA984D31}
		{AAD46443-12FF-3663-A2AC-C3A8A380635E} = {AAD46443-12FF-3663-A2AC-C3A8A380635E}
		{72C25413-DE22-37CF-B0D5-C2C727BF0212} = {72C25413-DE22-37CF-B0D5-C2C727BF0212}
		{DA9C9A99-0E2C-3192-B1B4-3E76EBCFB55D} = {DA9C9A99-0E2C-3192-B1B4-3E76EBCFB55D}
	EndProjectSection
EndProject
Project("{8BC9CEB8-8B4A-11D0-8D11-00A0C91BC942}") = "vaist_blas", "vaist_blas.vcxproj", "{CE8C195F-1B4B-392A-863C-C964BD3772A4}"
	ProjectSection(ProjectDependencies) = postProject
		{DE069529-F6D3-385A-9C2E-2F61E4DEB09E} = {DE069529-F6D3-385A-9C2E-2F61E4DEB09E}
		{8E2D9F63-6D95-37DC-8A88-099E5C1B36B9} = {8E2D9F63-6D95-37DC-8A88-099E5C1B36B9}
		{E342AD73-9E99-3D31-8BF8-70D5EA984D31} = {E342AD73-9E99-3D31-8BF8-70D5EA984D31}
		{AAD46443-12FF-3663-A2AC-C3A8A380635E} = {AAD46443-12FF-3663-A2AC-C3A8A380635E}
		{72C25413-DE22-37CF-B0D5-C2C727BF0212} = {72C25413-DE22-37CF-B0D5-C2C727BF0212}
		{DA9C9A99-0E2C-3192-B1B4-3E76EBCFB55D} = {DA9C9A99-0E2C-3192-B1B4-3E76EBCFB55D}
	EndProjectSection
EndProject
Project("{8BC9CEB8-8B4A-11D0-8D11-00A0C91BC942}") = "vaist_blas_spv_hdr", "vaist_blas_spv_hdr.vcxproj", "{8E2D9F63-6D95-37DC-8A88-099E5C1B36B9}"
	ProjectSection(ProjectDependencies) = postProject
		{DE069529-F6D3-385A-9C2E-2F61E4DEB09E} = {DE069529-F6D3-385A-9C2E-2F61E4DEB09E}
	EndProjectSection
EndProject
Project("{8BC9CEB8-8B4A-11D0-8D11-00A0C91BC942}") = "vaist_blas_test", "vaist_blas_test.vcxproj", "{B7A77FCB-11C8-3B1B-9138-1F095EB6F06A}"
	ProjectSection(ProjectDependencies) = postProject
		{DE069529-F6D3-385A-9C2E-2F61E4DEB09E} = {DE069529-F6D3-385A-9C2E-2F61E4DEB09E}
		{CE8C195F-1B4B-392A-863C-C964BD3772A4} = {CE8C195F-1B4B-392A-863C-C964BD3772A4}
		{DA9C9A99-0E2C-3192-B1B4-3E76EBCFB55D} = {DA9C9A99-0E2C-3192-B1B4-3E76EBCFB55D}
	EndProjectSection
EndProject
Project("{8BC9CEB8-8B4A-11D0-8D11-00A0C91BC942}") = "vaist_blas_vulkan_test", "vaist_blas_vulkan_test.vcxproj", "{AB1612F2-F3B5-3340-A421-373EDD0F80B2}"
	ProjectSection(ProjectDependencies) = postProject
		{DE069529-F6D3-385A-9C2E-2F61E4DEB09E} = {DE069529-F6D3-385A-9C2E-2F61E4DEB09E}
		{CE8C195F-1B4B-392A-863C-C964BD3772A4} = {CE8C195F-1B4B-392A-863C-C964BD3772A4}
		{DA9C9A99-0E2C-3192-B1B4-3E76EBCFB55D} = {DA9C9A99-0E2C-3192-B1B4-3E76EBCFB55D}
	EndProjectSection
EndProject
Project("{8BC9CEB8-8B4A-11D0-8D11-00A0C91BC942}") = "vaist_compute", "vaist_compute.vcxproj", "{E342AD73-9E99-3D31-8BF8-70D5EA984D31}"
	ProjectSection(ProjectDependencies) = postProject
		{DE069529-F6D3-385A-9C2E-2F61E4DEB09E} = {DE069529-F6D3-385A-9C2E-2F61E4DEB09E}
		{AAD46443-12FF-3663-A2AC-C3A8A380635E} = {AAD46443-12FF-3663-A2AC-C3A8A380635E}
		{DA9C9A99-0E2C-3192-B1B4-3E76EBCFB55D} = {DA9C9A99-0E2C-3192-B1B4-3E76EBCFB55D}
	EndProjectSection
EndProject
Project("{8BC9CEB8-8B4A-11D0-8D11-00A0C91BC942}") = "vaist_core", "vaist_core.vcxproj", "{AAD46443-12FF-3663-A2AC-C3A8A380635E}"
	ProjectSection(ProjectDependencies) = postProject
		{DE069529-F6D3-385A-9C2E-2F61E4DEB09E} = {DE069529-F6D3-385A-9C2E-2F61E4DEB09E}
	EndProjectSection
EndProject
Project("{8BC9CEB8-8B4A-11D0-8D11-00A0C91BC942}") = "vaist_cpp_ai", "vaist_cpp_ai.vcxproj", "{F0DCC581-E5CA-3029-B27D-DB3DF35FFA70}"
	ProjectSection(ProjectDependencies) = postProject
		{DE069529-F6D3-385A-9C2E-2F61E4DEB09E} = {DE069529-F6D3-385A-9C2E-2F61E4DEB09E}
		{D7879911-4547-32C3-9217-80E115DCDFD4} = {D7879911-4547-32C3-9217-80E115DCDFD4}
	EndProjectSection
EndProject
Project("{8BC9CEB8-8B4A-11D0-8D11-00A0C91BC942}") = "vaist_cpp_ai_test", "vaist_cpp_ai_test.vcxproj", "{4A304D58-6CF8-3F33-8959-2C00730EEFF9}"
	ProjectSection(ProjectDependencies) = postProject
		{DE069529-F6D3-385A-9C2E-2F61E4DEB09E} = {DE069529-F6D3-385A-9C2E-2F61E4DEB09E}
		{D7879911-4547-32C3-9217-80E115DCDFD4} = {D7879911-4547-32C3-9217-80E115DCDFD4}
		{F0DCC581-E5CA-3029-B27D-DB3DF35FFA70} = {F0DCC581-E5CA-3029-B27D-DB3DF35FFA70}
		{DA9C9A99-0E2C-3192-B1B4-3E76EBCFB55D} = {DA9C9A99-0E2C-3192-B1B4-3E76EBCFB55D}
	EndProjectSection
EndProject
Project("{8BC9CEB8-8B4A-11D0-8D11-00A0C91BC942}") = "vaist_cpp_attn", "vaist_cpp_attn.vcxproj", "{BC3D84C4-4E5A-3EED-8E13-7928CE0F1127}"
	ProjectSection(ProjectDependencies) = postProject
		{DE069529-F6D3-385A-9C2E-2F61E4DEB09E} = {DE069529-F6D3-385A-9C2E-2F61E4DEB09E}
		{C0AF351E-AE62-32CA-A79F-8F096E1894C4} = {C0AF351E-AE62-32CA-A79F-8F096E1894C4}
	EndProjectSection
EndProject
Project("{8BC9CEB8-8B4A-11D0-8D11-00A0C91BC942}") = "vaist_cpp_attn_test", "vaist_cpp_attn_test.vcxproj", "{1C17DD93-49B3-3E0B-8254-11B3130C1ABF}"
	ProjectSection(ProjectDependencies) = postProject
		{DE069529-F6D3-385A-9C2E-2F61E4DEB09E} = {DE069529-F6D3-385A-9C2E-2F61E4DEB09E}
		{C0AF351E-AE62-32CA-A79F-8F096E1894C4} = {C0AF351E-AE62-32CA-A79F-8F096E1894C4}
		{BC3D84C4-4E5A-3EED-8E13-7928CE0F1127} = {BC3D84C4-4E5A-3EED-8E13-7928CE0F1127}
		{DA9C9A99-0E2C-3192-B1B4-3E76EBCFB55D} = {DA9C9A99-0E2C-3192-B1B4-3E76EBCFB55D}
	EndProjectSection
EndProject
Project("{8BC9CEB8-8B4A-11D0-8D11-00A0C91BC942}") = "vaist_cpp_blas", "vaist_cpp_blas.vcxproj", "{A92A3792-203C-34A7-9A16-70128DB66B9B}"
	ProjectSection(ProjectDependencies) = postProject
		{DE069529-F6D3-385A-9C2E-2F61E4DEB09E} = {DE069529-F6D3-385A-9C2E-2F61E4DEB09E}
		{CE8C195F-1B4B-392A-863C-C964BD3772A4} = {CE8C195F-1B4B-392A-863C-C964BD3772A4}
	EndProjectSection
EndProject
Project("{8BC9CEB8-8B4A-11D0-8D11-00A0C91BC942}") = "vaist_cpp_blas_test", "vaist_cpp_blas_test.vcxproj", "{B1000A67-7670-32D2-88C4-488A901B4F7E}"
	ProjectSection(ProjectDependencies) = postProject
		{DE069529-F6D3-385A-9C2E-2F61E4DEB09E} = {DE069529-F6D3-385A-9C2E-2F61E4DEB09E}
		{CE8C195F-1B4B-392A-863C-C964BD3772A4} = {CE8C195F-1B4B-392A-863C-C964BD3772A4}
		{A92A3792-203C-34A7-9A16-70128DB66B9B} = {A92A3792-203C-34A7-9A16-70128DB66B9B}
		{DA9C9A99-0E2C-3192-B1B4-3E76EBCFB55D} = {DA9C9A99-0E2C-3192-B1B4-3E76EBCFB55D}
	EndProjectSection
EndProject
Project("{8BC9CEB8-8B4A-11D0-8D11-00A0C91BC942}") = "vaist_cpp_compute", "vaist_cpp_compute.vcxproj", "{8A15FCF6-8E57-3655-95D0-F6D5D62F0948}"
	ProjectSection(ProjectDependencies) = postProject
		{DE069529-F6D3-385A-9C2E-2F61E4DEB09E} = {DE069529-F6D3-385A-9C2E-2F61E4DEB09E}
		{E342AD73-9E99-3D31-8BF8-70D5EA984D31} = {E342AD73-9E99-3D31-8BF8-70D5EA984D31}
	EndProjectSection
EndProject
Project("{8BC9CEB8-8B4A-11D0-8D11-00A0C91BC942}") = "vaist_cpp_compute_test", "vaist_cpp_compute_test.vcxproj", "{7B2BC394-AB9E-3E66-8EC4-E016A2379FE1}"
	ProjectSection(ProjectDependencies) = postProject
		{DE069529-F6D3-385A-9C2E-2F61E4DEB09E} = {DE069529-F6D3-385A-9C2E-2F61E4DEB09E}
		{E342AD73-9E99-3D31-8BF8-70D5EA984D31} = {E342AD73-9E99-3D31-8BF8-70D5EA984D31}
		{8A15FCF6-8E57-3655-95D0-F6D5D62F0948} = {8A15FCF6-8E57-3655-95D0-F6D5D62F0948}
		{DA9C9A99-0E2C-3192-B1B4-3E76EBCFB55D} = {DA9C9A99-0E2C-3192-B1B4-3E76EBCFB55D}
	EndProjectSection
EndProject
Project("{8BC9CEB8-8B4A-11D0-8D11-00A0C91BC942}") = "vaist_cpp_core", "vaist_cpp_core.vcxproj", "{EF20EB9B-85FD-35C6-8490-860216BCBADD}"
	ProjectSection(ProjectDependencies) = postProject
		{DE069529-F6D3-385A-9C2E-2F61E4DEB09E} = {DE069529-F6D3-385A-9C2E-2F61E4DEB09E}
		{AAD46443-12FF-3663-A2AC-C3A8A380635E} = {AAD46443-12FF-3663-A2AC-C3A8A380635E}
	EndProjectSection
EndProject
Project("{8BC9CEB8-8B4A-11D0-8D11-00A0C91BC942}") = "vaist_cpp_core_test", "vaist_cpp_core_test.vcxproj", "{97F25928-C848-31BE-81E2-697E7B505105}"
	ProjectSection(ProjectDependencies) = postProject
		{DE069529-F6D3-385A-9C2E-2F61E4DEB09E} = {DE069529-F6D3-385A-9C2E-2F61E4DEB09E}
		{AAD46443-12FF-3663-A2AC-C3A8A380635E} = {AAD46443-12FF-3663-A2AC-C3A8A380635E}
		{EF20EB9B-85FD-35C6-8490-860216BCBADD} = {EF20EB9B-85FD-35C6-8490-860216BCBADD}
		{DA9C9A99-0E2C-3192-B1B4-3E76EBCFB55D} = {DA9C9A99-0E2C-3192-B1B4-3E76EBCFB55D}
	EndProjectSection
EndProject
Project("{8BC9CEB8-8B4A-11D0-8D11-00A0C91BC942}") = "vaist_cpp_distributed", "vaist_cpp_distributed.vcxproj", "{436A6883-8AB1-3C28-AC35-8184680EE226}"
	ProjectSection(ProjectDependencies) = postProject
		{DE069529-F6D3-385A-9C2E-2F61E4DEB09E} = {DE069529-F6D3-385A-9C2E-2F61E4DEB09E}
		{88C47942-507B-3D47-B939-7B8BF094BF77} = {88C47942-507B-3D47-B939-7B8BF094BF77}
	EndProjectSection
EndProject
Project("{8BC9CEB8-8B4A-11D0-8D11-00A0C91BC942}") = "vaist_cpp_distributed_test", "vaist_cpp_distributed_test.vcxproj", "{9C99F271-8DB4-3C84-BAAF-5E21C96BACD0}"
	ProjectSection(ProjectDependencies) = postProject
		{DE069529-F6D3-385A-9C2E-2F61E4DEB09E} = {DE069529-F6D3-385A-9C2E-2F61E4DEB09E}
		{436A6883-8AB1-3C28-AC35-8184680EE226} = {436A6883-8AB1-3C28-AC35-8184680EE226}
		{88C47942-507B-3D47-B939-7B8BF094BF77} = {88C47942-507B-3D47-B939-7B8BF094BF77}
		{DA9C9A99-0E2C-3192-B1B4-3E76EBCFB55D} = {DA9C9A99-0E2C-3192-B1B4-3E76EBCFB55D}
	EndProjectSection
EndProject
Project("{8BC9CEB8-8B4A-11D0-8D11-00A0C91BC942}") = "vaist_cpp_engine", "vaist_cpp_engine.vcxproj", "{6E00D7C4-2933-39FA-8341-113192811E69}"
	ProjectSection(ProjectDependencies) = postProject
		{DE069529-F6D3-385A-9C2E-2F61E4DEB09E} = {DE069529-F6D3-385A-9C2E-2F61E4DEB09E}
		{8A37EA4B-6837-3D8F-82E9-D0D479A83679} = {8A37EA4B-6837-3D8F-82E9-D0D479A83679}
	EndProjectSection
EndProject
Project("{8BC9CEB8-8B4A-11D0-8D11-00A0C91BC942}") = "vaist_cpp_engine_test", "vaist_cpp_engine_test.vcxproj", "{25429B3D-7143-3B2B-A362-D4127EE22901}"
	ProjectSection(ProjectDependencies) = postProject
		{DE069529-F6D3-385A-9C2E-2F61E4DEB09E} = {DE069529-F6D3-385A-9C2E-2F61E4DEB09E}
		{6E00D7C4-2933-39FA-8341-113192811E69} = {6E00D7C4-2933-39FA-8341-113192811E69}
		{8A37EA4B-6837-3D8F-82E9-D0D479A83679} = {8A37EA4B-6837-3D8F-82E9-D0D479A83679}
		{DA9C9A99-0E2C-3192-B1B4-3E76EBCFB55D} = {DA9C9A99-0E2C-3192-B1B4-3E76EBCFB55D}
	EndProjectSection
EndProject
Project("{8BC9CEB8-8B4A-11D0-8D11-00A0C91BC942}") = "vaist_cpp_graph", "vaist_cpp_graph.vcxproj", "{F82C0D56-1342-31FA-9282-5AB201024261}"
	ProjectSection(ProjectDependencies) = postProject
		{DE069529-F6D3-385A-9C2E-2F61E4DEB09E} = {DE069529-F6D3-385A-9C2E-2F61E4DEB09E}
		{BB0DB124-54BA-3BE7-9EB4-18796F847D33} = {BB0DB124-54BA-3BE7-9EB4-18796F847D33}
	EndProjectSection
EndProject
Project("{8BC9CEB8-8B4A-11D0-8D11-00A0C91BC942}") = "vaist_cpp_graph_test", "vaist_cpp_graph_test.vcxproj", "{96AFFFB4-7F14-3D6A-A622-1FE2937B47BA}"
	ProjectSection(ProjectDependencies) = postProject
		{DE069529-F6D3-385A-9C2E-2F61E4DEB09E} = {DE069529-F6D3-385A-9C2E-2F61E4DEB09E}
		{F82C0D56-1342-31FA-9282-5AB201024261} = {F82C0D56-1342-31FA-9282-5AB201024261}
		{BB0DB124-54BA-3BE7-9EB4-18796F847D33} = {BB0DB124-54BA-3BE7-9EB4-18796F847D33}
		{DA9C9A99-0E2C-3192-B1B4-3E76EBCFB55D} = {DA9C9A99-0E2C-3192-B1B4-3E76EBCFB55D}
	EndProjectSection
EndProject
Project("{8BC9CEB8-8B4A-11D0-8D11-00A0C91BC942}") = "vaist_cpp_linalg", "vaist_cpp_linalg.vcxproj", "{C0D4DE84-92BB-3765-B643-6B5182DCDDC7}"
	ProjectSection(ProjectDependencies) = postProject
		{DE069529-F6D3-385A-9C2E-2F61E4DEB09E} = {DE069529-F6D3-385A-9C2E-2F61E4DEB09E}
		{CE8C195F-1B4B-392A-863C-C964BD3772A4} = {CE8C195F-1B4B-392A-863C-C964BD3772A4}
		{AD9BC6A5-8812-3CE7-84D5-6B4F64856329} = {AD9BC6A5-8812-3CE7-84D5-6B4F64856329}
	EndProjectSection
EndProject
Project("{8BC9CEB8-8B4A-11D0-8D11-00A0C91BC942}") = "vaist_cpp_linalg_test", "vaist_cpp_linalg_test.vcxproj", "{9E303DFD-BA0B-328C-9DDC-478E2F5508D4}"
	ProjectSection(ProjectDependencies) = postProject
		{DE069529-F6D3-385A-9C2E-2F61E4DEB09E} = {DE069529-F6D3-385A-9C2E-2F61E4DEB09E}
		{CE8C195F-1B4B-392A-863C-C964BD3772A4} = {CE8C195F-1B4B-392A-863C-C964BD3772A4}
		{C0D4DE84-92BB-3765-B643-6B5182DCDDC7} = {C0D4DE84-92BB-3765-B643-6B5182DCDDC7}
		{AD9BC6A5-8812-3CE7-84D5-6B4F64856329} = {AD9BC6A5-8812-3CE7-84D5-6B4F64856329}
		{DA9C9A99-0E2C-3192-B1B4-3E76EBCFB55D} = {DA9C9A99-0E2C-3192-B1B4-3E76EBCFB55D}
	EndProjectSection
EndProject
Project("{8BC9CEB8-8B4A-11D0-8D11-00A0C91BC942}") = "vaist_cpp_llm", "vaist_cpp_llm.vcxproj", "{F59AA773-7392-3D9E-A296-7EC974169829}"
	ProjectSection(ProjectDependencies) = postProject
		{DE069529-F6D3-385A-9C2E-2F61E4DEB09E} = {DE069529-F6D3-385A-9C2E-2F61E4DEB09E}
		{4F5B0D3B-1F32-3128-B540-22B139B952A0} = {4F5B0D3B-1F32-3128-B540-22B139B952A0}
	EndProjectSection
EndProject
Project("{8BC9CEB8-8B4A-11D0-8D11-00A0C91BC942}") = "vaist_cpp_llm_test", "vaist_cpp_llm_test.vcxproj", "{4D20FA23-0CA7-3D6B-92A3-C993B8CC81E0}"
	ProjectSection(ProjectDependencies) = postProject
		{DE069529-F6D3-385A-9C2E-2F61E4DEB09E} = {DE069529-F6D3-385A-9C2E-2F61E4DEB09E}
		{F59AA773-7392-3D9E-A296-7EC974169829} = {F59AA773-7392-3D9E-A296-7EC974169829}
		{4F5B0D3B-1F32-3128-B540-22B139B952A0} = {4F5B0D3B-1F32-3128-B540-22B139B952A0}
		{DA9C9A99-0E2C-3192-B1B4-3E76EBCFB55D} = {DA9C9A99-0E2C-3192-B1B4-3E76EBCFB55D}
	EndProjectSection
EndProject
Project("{8BC9CEB8-8B4A-11D0-8D11-00A0C91BC942}") = "vaist_cpp_model", "vaist_cpp_model.vcxproj", "{C0318F7F-83B8-3B4D-B373-60AD2C02EC3C}"
	ProjectSection(ProjectDependencies) = postProject
		{DE069529-F6D3-385A-9C2E-2F61E4DEB09E} = {DE069529-F6D3-385A-9C2E-2F61E4DEB09E}
		{D58A6A9A-D081-3BD1-AB3C-8F6CA247C977} = {D58A6A9A-D081-3BD1-AB3C-8F6CA247C977}
	EndProjectSection
EndProject
Project("{8BC9CEB8-8B4A-11D0-8D11-00A0C91BC942}") = "vaist_cpp_model_test", "vaist_cpp_model_test.vcxproj", "{8D44A5B5-7E5E-3329-906D-CAEDDE2DFD74}"
	ProjectSection(ProjectDependencies) = postProject
		{DE069529-F6D3-385A-9C2E-2F61E4DEB09E} = {DE069529-F6D3-385A-9C2E-2F61E4DEB09E}
		{C0318F7F-83B8-3B4D-B373-60AD2C02EC3C} = {C0318F7F-83B8-3B4D-B373-60AD2C02EC3C}
		{D58A6A9A-D081-3BD1-AB3C-8F6CA247C977} = {D58A6A9A-D081-3BD1-AB3C-8F6CA247C977}
		{DA9C9A99-0E2C-3192-B1B4-3E76EBCFB55D} = {DA9C9A99-0E2C-3192-B1B4-3E76EBCFB55D}
	EndProjectSection
EndProject
Project("{8BC9CEB8-8B4A-11D0-8D11-00A0C91BC942}") = "vaist_cpp_nn", "vaist_cpp_nn.vcxproj", "{9D3EB105-CFA6-3B99-A43A-B5F188CFCBB8}"
	ProjectSection(ProjectDependencies) = postProject
		{DE069529-F6D3-385A-9C2E-2F61E4DEB09E} = {DE069529-F6D3-385A-9C2E-2F61E4DEB09E}
		{44017F13-C63C-31E1-B739-962EF39A1C36} = {44017F13-C63C-31E1-B739-962EF39A1C36}
	EndProjectSection
EndProject
Project("{8BC9CEB8-8B4A-11D0-8D11-00A0C91BC942}") = "vaist_cpp_nn_test", "vaist_cpp_nn_test.vcxproj", "{E4A79FBD-5929-356A-AC56-0E74ED45107E}"
	ProjectSection(ProjectDependencies) = postProject
		{DE069529-F6D3-385A-9C2E-2F61E4DEB09E} = {DE069529-F6D3-385A-9C2E-2F61E4DEB09E}
		{9D3EB105-CFA6-3B99-A43A-B5F188CFCBB8} = {9D3EB105-CFA6-3B99-A43A-B5F188CFCBB8}
		{44017F13-C63C-31E1-B739-962EF39A1C36} = {44017F13-C63C-31E1-B739-962EF39A1C36}
		{DA9C9A99-0E2C-3192-B1B4-3E76EBCFB55D} = {DA9C9A99-0E2C-3192-B1B4-3E76EBCFB55D}
	EndProjectSection
EndProject
Project("{8BC9CEB8-8B4A-11D0-8D11-00A0C91BC942}") = "vaist_cpp_quant", "vaist_cpp_quant.vcxproj", "{4E10A061-E0EB-3D83-A08C-09557DE55A9C}"
	ProjectSection(ProjectDependencies) = postProject
		{DE069529-F6D3-385A-9C2E-2F61E4DEB09E} = {DE069529-F6D3-385A-9C2E-2F61E4DEB09E}
		{72C25413-DE22-37CF-B0D5-C2C727BF0212} = {72C25413-DE22-37CF-B0D5-C2C727BF0212}
	EndProjectSection
EndProject
Project("{8BC9CEB8-8B4A-11D0-8D11-00A0C91BC942}") = "vaist_cpp_quant_test", "vaist_cpp_quant_test.vcxproj", "{E59B4B8A-3EDC-3673-8F12-915FF2B1A768}"
	ProjectSection(ProjectDependencies) = postProject
		{DE069529-F6D3-385A-9C2E-2F61E4DEB09E} = {DE069529-F6D3-385A-9C2E-2F61E4DEB09E}
		{4E10A061-E0EB-3D83-A08C-09557DE55A9C} = {4E10A061-E0EB-3D83-A08C-09557DE55A9C}
		{72C25413-DE22-37CF-B0D5-C2C727BF0212} = {72C25413-DE22-37CF-B0D5-C2C727BF0212}
		{DA9C9A99-0E2C-3192-B1B4-3E76EBCFB55D} = {DA9C9A99-0E2C-3192-B1B4-3E76EBCFB55D}
	EndProjectSection
EndProject
Project("{8BC9CEB8-8B4A-11D0-8D11-00A0C91BC942}") = "vaist_cpp_runtime", "vaist_cpp_runtime.vcxproj", "{5F5E8891-E436-3062-BCCD-7F3D8FC234E6}"
	ProjectSection(ProjectDependencies) = postProject
		{DE069529-F6D3-385A-9C2E-2F61E4DEB09E} = {DE069529-F6D3-385A-9C2E-2F61E4DEB09E}
		{DA9C9A99-0E2C-3192-B1B4-3E76EBCFB55D} = {DA9C9A99-0E2C-3192-B1B4-3E76EBCFB55D}
	EndProjectSection
EndProject
Project("{8BC9CEB8-8B4A-11D0-8D11-00A0C91BC942}") = "vaist_cpp_runtime_test", "vaist_cpp_runtime_test.vcxproj", "{6CCF66BB-FA7E-3948-8875-F05451CBA16C}"
	ProjectSection(ProjectDependencies) = postProject
		{DE069529-F6D3-385A-9C2E-2F61E4DEB09E} = {DE069529-F6D3-385A-9C2E-2F61E4DEB09E}
		{5F5E8891-E436-3062-BCCD-7F3D8FC234E6} = {5F5E8891-E436-3062-BCCD-7F3D8FC234E6}
		{DA9C9A99-0E2C-3192-B1B4-3E76EBCFB55D} = {DA9C9A99-0E2C-3192-B1B4-3E76EBCFB55D}
	EndProjectSection
EndProject
Project("{8BC9CEB8-8B4A-11D0-8D11-00A0C91BC942}") = "vaist_cpp_smoke", "vaist_cpp_smoke.vcxproj", "{794BC054-0082-3C2A-8825-2AB70403B477}"
	ProjectSection(ProjectDependencies) = postProject
		{DE069529-F6D3-385A-9C2E-2F61E4DEB09E} = {DE069529-F6D3-385A-9C2E-2F61E4DEB09E}
		{D7879911-4547-32C3-9217-80E115DCDFD4} = {D7879911-4547-32C3-9217-80E115DCDFD4}
		{C0AF351E-AE62-32CA-A79F-8F096E1894C4} = {C0AF351E-AE62-32CA-A79F-8F096E1894C4}
		{CE8C195F-1B4B-392A-863C-C964BD3772A4} = {CE8C195F-1B4B-392A-863C-C964BD3772A4}
		{E342AD73-9E99-3D31-8BF8-70D5EA984D31} = {E342AD73-9E99-3D31-8BF8-70D5EA984D31}
		{AAD46443-12FF-3663-A2AC-C3A8A380635E} = {AAD46443-12FF-3663-A2AC-C3A8A380635E}
		{F0DCC581-E5CA-3029-B27D-DB3DF35FFA70} = {F0DCC581-E5CA-3029-B27D-DB3DF35FFA70}
		{BC3D84C4-4E5A-3EED-8E13-7928CE0F1127} = {BC3D84C4-4E5A-3EED-8E13-7928CE0F1127}
		{A92A3792-203C-34A7-9A16-70128DB66B9B} = {A92A3792-203C-34A7-9A16-70128DB66B9B}
		{8A15FCF6-8E57-3655-95D0-F6D5D62F0948} = {8A15FCF6-8E57-3655-95D0-F6D5D62F0948}
		{EF20EB9B-85FD-35C6-8490-860216BCBADD} = {EF20EB9B-85FD-35C6-8490-860216BCBADD}
		{436A6883-8AB1-3C28-AC35-8184680EE226} = {436A6883-8AB1-3C28-AC35-8184680EE226}
		{6E00D7C4-2933-39FA-8341-113192811E69} = {6E00D7C4-2933-39FA-8341-113192811E69}
		{F82C0D56-1342-31FA-9282-5AB201024261} = {F82C0D56-1342-31FA-9282-5AB201024261}
		{C0D4DE84-92BB-3765-B643-6B5182DCDDC7} = {C0D4DE84-92BB-3765-B643-6B5182DCDDC7}
		{F59AA773-7392-3D9E-A296-7EC974169829} = {F59AA773-7392-3D9E-A296-7EC974169829}
		{C0318F7F-83B8-3B4D-B373-60AD2C02EC3C} = {C0318F7F-83B8-3B4D-B373-60AD2C02EC3C}
		{9D3EB105-CFA6-3B99-A43A-B5F188CFCBB8} = {9D3EB105-CFA6-3B99-A43A-B5F188CFCBB8}
		{4E10A061-E0EB-3D83-A08C-09557DE55A9C} = {4E10A061-E0EB-3D83-A08C-09557DE55A9C}
		{5F5E8891-E436-3062-BCCD-7F3D8FC234E6} = {5F5E8891-E436-3062-BCCD-7F3D8FC234E6}
		{7A316A69-10CA-3108-AC50-7797AB980127} = {7A316A69-10CA-3108-AC50-7797AB980127}
		{88C47942-507B-3D47-B939-7B8BF094BF77} = {88C47942-507B-3D47-B939-7B8BF094BF77}
		{8A37EA4B-6837-3D8F-82E9-D0D479A83679} = {8A37EA4B-6837-3D8F-82E9-D0D479A83679}
		{BB0DB124-54BA-3BE7-9EB4-18796F847D33} = {BB0DB124-54BA-3BE7-9EB4-18796F847D33}
		{AD9BC6A5-8812-3CE7-84D5-6B4F64856329} = {AD9BC6A5-8812-3CE7-84D5-6B4F64856329}
		{4F5B0D3B-1F32-3128-B540-22B139B952A0} = {4F5B0D3B-1F32-3128-B540-22B139B952A0}
		{D58A6A9A-D081-3BD1-AB3C-8F6CA247C977} = {D58A6A9A-D081-3BD1-AB3C-8F6CA247C977}
		{44017F13-C63C-31E1-B739-962EF39A1C36} = {44017F13-C63C-31E1-B739-962EF39A1C36}
		{72C25413-DE22-37CF-B0D5-C2C727BF0212} = {72C25413-DE22-37CF-B0D5-C2C727BF0212}
		{DA9C9A99-0E2C-3192-B1B4-3E76EBCFB55D} = {DA9C9A99-0E2C-3192-B1B4-3E76EBCFB55D}
		{88113D6A-4A6A-333E-8AB7-808CFDD5424F} = {88113D6A-4A6A-333E-8AB7-808CFDD5424F}
	EndProjectSection
EndProject
Project("{8BC9CEB8-8B4A-11D0-8D11-00A0C91BC942}") = "vaist_cpp_tensor", "vaist_cpp_tensor.vcxproj", "{7A316A69-10CA-3108-AC50-7797AB980127}"
	ProjectSection(ProjectDependencies) = postProject
		{DE069529-F6D3-385A-9C2E-2F61E4DEB09E} = {DE069529-F6D3-385A-9C2E-2F61E4DEB09E}
		{88113D6A-4A6A-333E-8AB7-808CFDD5424F} = {88113D6A-4A6A-333E-8AB7-808CFDD5424F}
	EndProjectSection
EndProject
Project("{8BC9CEB8-8B4A-11D0-8D11-00A0C91BC942}") = "vaist_cpp_tensor_test", "vaist_cpp_tensor_test.vcxproj", "{25006D3E-CFF8-3E0B-8DB0-A1F70871DBC8}"
	ProjectSection(ProjectDependencies) = postProject
		{DE069529-F6D3-385A-9C2E-2F61E4DEB09E} = {DE069529-F6D3-385A-9C2E-2F61E4DEB09E}
		{7A316A69-10CA-3108-AC50-7797AB980127} = {7A316A69-10CA-3108-AC50-7797AB980127}
		{DA9C9A99-0E2C-3192-B1B4-3E76EBCFB55D} = {DA9C9A99-0E2C-3192-B1B4-3E76EBCFB55D}
		{88113D6A-4A6A-333E-8AB7-808CFDD5424F} = {88113D6A-4A6A-333E-8AB7-808CFDD5424F}
	EndProjectSection
EndProject
Project("{8BC9CEB8-8B4A-11D0-8D11-00A0C91BC942}") = "vaist_distributed", "vaist_distributed.vcxproj", "{88C47942-507B-3D47-B939-7B8BF094BF77}"
	ProjectSection(ProjectDependencies) = postProject
		{DE069529-F6D3-385A-9C2E-2F61E4DEB09E} = {DE069529-F6D3-385A-9C2E-2F61E4DEB09E}
		{AAD46443-12FF-3663-A2AC-C3A8A380635E} = {AAD46443-12FF-3663-A2AC-C3A8A380635E}
	EndProjectSection
EndProject
Project("{8BC9CEB8-8B4A-11D0-8D11-00A0C91BC942}") = "vaist_engine", "vaist_engine.vcxproj", "{8A37EA4B-6837-3D8F-82E9-D0D479A83679}"
	ProjectSection(ProjectDependencies) = postProject
		{DE069529-F6D3-385A-9C2E-2F61E4DEB09E} = {DE069529-F6D3-385A-9C2E-2F61E4DEB09E}
		{AAD46443-12FF-3663-A2AC-C3A8A380635E} = {AAD46443-12FF-3663-A2AC-C3A8A380635E}
	EndProjectSection
EndProject
Project("{8BC9CEB8-8B4A-11D0-8D11-00A0C91BC942}") = "vaist_graph", "vaist_graph.vcxproj", "{BB0DB124-54BA-3BE7-9EB4-18796F847D33}"
	ProjectSection(ProjectDependencies) = postProject
		{DE069529-F6D3-385A-9C2E-2F61E4DEB09E} = {DE069529-F6D3-385A-9C2E-2F61E4DEB09E}
		{AAD46443-12FF-3663-A2AC-C3A8A380635E} = {AAD46443-12FF-3663-A2AC-C3A8A380635E}
	EndProjectSection
EndProject
Project("{8BC9CEB8-8B4A-11D0-8D11-00A0C91BC942}") = "vaist_linalg", "vaist_linalg.vcxproj", "{AD9BC6A5-8812-3CE7-84D5-6B4F64856329}"
	ProjectSection(ProjectDependencies) = postProject
		{DE069529-F6D3-385A-9C2E-2F61E4DEB09E} = {DE069529-F6D3-385A-9C2E-2F61E4DEB09E}
		{CE8C195F-1B4B-392A-863C-C964BD3772A4} = {CE8C195F-1B4B-392A-863C-C964BD3772A4}
		{AAD46443-12FF-3663-A2AC-C3A8A380635E} = {AAD46443-12FF-3663-A2AC-C3A8A380635E}
		{DA9C9A99-0E2C-3192-B1B4-3E76EBCFB55D} = {DA9C9A99-0E2C-3192-B1B4-3E76EBCFB55D}
	EndProjectSection
EndProject
Project("{8BC9CEB8-8B4A-11D0-8D11-00A0C91BC942}") = "vaist_linalg_test", "vaist_linalg_test.vcxproj", "{6870819B-088D-30FE-8E44-493A6700C739}"
	ProjectSection(ProjectDependencies) = postProject
		{DE069529-F6D3-385A-9C2E-2F61E4DEB09E} = {DE069529-F6D3-385A-9C2E-2F61E4DEB09E}
		{CE8C195F-1B4B-392A-863C-C964BD3772A4} = {CE8C195F-1B4B-392A-863C-C964BD3772A4}
		{AD9BC6A5-8812-3CE7-84D5-6B4F64856329} = {AD9BC6A5-8812-3CE7-84D5-6B4F64856329}
		{DA9C9A99-0E2C-3192-B1B4-3E76EBCFB55D} = {DA9C9A99-0E2C-3192-B1B4-3E76EBCFB55D}
	EndProjectSection
EndProject
Project("{8BC9CEB8-8B4A-11D0-8D11-00A0C91BC942}") = "vaist_llm", "vaist_llm.vcxproj", "{4F5B0D3B-1F32-3128-B540-22B139B952A0}"
	ProjectSection(ProjectDependencies) = postProject
		{DE069529-F6D3-385A-9C2E-2F61E4DEB09E} = {DE069529-F6D3-385A-9C2E-2F61E4DEB09E}
		{AAD46443-12FF-3663-A2AC-C3A8A380635E} = {AAD46443-12FF-3663-A2AC-C3A8A380635E}
	EndProjectSection
EndProject
Project("{8BC9CEB8-8B4A-11D0-8D11-00A0C91BC942}") = "vaist_model", "vaist_model.vcxproj", "{D58A6A9A-D081-3BD1-AB3C-8F6CA247C977}"
	ProjectSection(ProjectDependencies) = postProject
		{DE069529-F6D3-385A-9C2E-2F61E4DEB09E} = {DE069529-F6D3-385A-9C2E-2F61E4DEB09E}
		{AAD46443-12FF-3663-A2AC-C3A8A380635E} = {AAD46443-12FF-3663-A2AC-C3A8A380635E}
	EndProjectSection
EndProject
Project("{8BC9CEB8-8B4A-11D0-8D11-00A0C91BC942}") = "vaist_nn", "vaist_nn.vcxproj", "{44017F13-C63C-31E1-B739-962EF39A1C36}"
	ProjectSection(ProjectDependencies) = postProject
		{DE069529-F6D3-385A-9C2E-2F61E4DEB09E} = {DE069529-F6D3-385A-9C2E-2F61E4DEB09E}
		{AAD46443-12FF-3663-A2AC-C3A8A380635E} = {AAD46443-12FF-3663-A2AC-C3A8A380635E}
	EndProjectSection
EndProject
Project("{8BC9CEB8-8B4A-11D0-8D11-00A0C91BC942}") = "vaist_quant", "vaist_quant.vcxproj", "{72C25413-DE22-37CF-B0D5-C2C727BF0212}"
	ProjectSection(ProjectDependencies) = postProject
		{DE069529-F6D3-385A-9C2E-2F61E4DEB09E} = {DE069529-F6D3-385A-9C2E-2F61E4DEB09E}
		{AAD46443-12FF-3663-A2AC-C3A8A380635E} = {AAD46443-12FF-3663-A2AC-C3A8A380635E}
	EndProjectSection
EndProject
Project("{8BC9CEB8-8B4A-11D0-8D11-00A0C91BC942}") = "vaist_runtime", "vaist_runtime.vcxproj", "{DA9C9A99-0E2C-3192-B1B4-3E76EBCFB55D}"
	ProjectSection(ProjectDependencies) = postProject
		{DE069529-F6D3-385A-9C2E-2F61E4DEB09E} = {DE069529-F6D3-385A-9C2E-2F61E4DEB09E}
		{AAD46443-12FF-3663-A2AC-C3A8A380635E} = {AAD46443-12FF-3663-A2AC-C3A8A380635E}
	EndProjectSection
EndProject
Project("{8BC9CEB8-8B4A-11D0-8D11-00A0C91BC942}") = "vaist_shaders", "vaist_shaders.vcxproj", "{7FD976CE-8108-3832-8FC5-A1D155CBF0C6}"
	ProjectSection(ProjectDependencies) = postProject
		{DE069529-F6D3-385A-9C2E-2F61E4DEB09E} = {DE069529-F6D3-385A-9C2E-2F61E4DEB09E}
	EndProjectSection
EndProject
Project("{8BC9CEB8-8B4A-11D0-8D11-00A0C91BC942}") = "vaist_spirv_validate", "vaist_spirv_validate.vcxproj", "{E8B11993-4571-3097-8642-3173A5977C1E}"
	ProjectSection(ProjectDependencies) = postProject
		{DE069529-F6D3-385A-9C2E-2F61E4DEB09E} = {DE069529-F6D3-385A-9C2E-2F61E4DEB09E}
		{7FD976CE-8108-3832-8FC5-A1D155CBF0C6} = {7FD976CE-8108-3832-8FC5-A1D155CBF0C6}
	EndProjectSection
EndProject
Project("{8BC9CEB8-8B4A-11D0-8D11-00A0C91BC942}") = "vaist_stack_smoke", "vaist_stack_smoke.vcxproj", "{0F86F508-9528-380B-86C1-E979F08D148D}"
	ProjectSection(ProjectDependencies) = postProject
		{DE069529-F6D3-385A-9C2E-2F61E4DEB09E} = {DE069529-F6D3-385A-9C2E-2F61E4DEB09E}
		{D7879911-4547-32C3-9217-80E115DCDFD4} = {D7879911-4547-32C3-9217-80E115DCDFD4}
		{C0AF351E-AE62-32CA-A79F-8F096E1894C4} = {C0AF351E-AE62-32CA-A79F-8F096E1894C4}
		{CE8C195F-1B4B-392A-863C-C964BD3772A4} = {CE8C195F-1B4B-392A-863C-C964BD3772A4}
		{E342AD73-9E99-3D31-8BF8-70D5EA984D31} = {E342AD73-9E99-3D31-8BF8-70D5EA984D31}
		{AAD46443-12FF-3663-A2AC-C3A8A380635E} = {AAD46443-12FF-3663-A2AC-C3A8A380635E}
		{88C47942-507B-3D47-B939-7B8BF094BF77} = {88C47942-507B-3D47-B939-7B8BF094BF77}
		{8A37EA4B-6837-3D8F-82E9-D0D479A83679} = {8A37EA4B-6837-3D8F-82E9-D0D479A83679}
		{BB0DB124-54BA-3BE7-9EB4-18796F847D33} = {BB0DB124-54BA-3BE7-9EB4-18796F847D33}
		{AD9BC6A5-8812-3CE7-84D5-6B4F64856329} = {AD9BC6A5-8812-3CE7-84D5-6B4F64856329}
		{4F5B0D3B-1F32-3128-B540-22B139B952A0} = {4F5B0D3B-1F32-3128-B540-22B139B952A0}
		{D58A6A9A-D081-3BD1-AB3C-8F6CA247C977} = {D58A6A9A-D081-3BD1-AB3C-8F6CA247C977}
		{44017F13-C63C-31E1-B739-962EF39A1C36} = {44017F13-C63C-31E1-B739-962EF39A1C36}
		{72C25413-DE22-37CF-B0D5-C2C727BF0212} = {72C25413-DE22-37CF-B0D5-C2C727BF0212}
		{DA9C9A99-0E2C-3192-B1B4-3E76EBCFB55D} = {DA9C9A99-0E2C-3192-B1B4-3E76EBCFB55D}
		{88113D6A-4A6A-333E-8AB7-808CFDD5424F} = {88113D6A-4A6A-333E-8AB7-808CFDD5424F}
	EndProjectSection
EndProject
Project("{8BC9CEB8-8B4A-11D0-8D11-00A0C91BC942}") = "vaist_tensor", "vaist_tensor.vcxproj", "{88113D6A-4A6A-333E-8AB7-808CFDD5424F}"
	ProjectSection(ProjectDependencies) = postProject
		{DE069529-F6D3-385A-9C2E-2F61E4DEB09E} = {DE069529-F6D3-385A-9C2E-2F61E4DEB09E}
		{AAD46443-12FF-3663-A2AC-C3A8A380635E} = {AAD46443-12FF-3663-A2AC-C3A8A380635E}
	EndProjectSection
EndProject
Global
	GlobalSection(SolutionConfigurationPlatforms) = preSolution
		Debug|x64 = Debug|x64
		Release|x64 = Release|x64
		MinSizeRel|x64 = MinSizeRel|x64
		RelWithDebInfo|x64 = RelWithDebInfo|x64
	EndGlobalSection
	GlobalSection(ProjectConfigurationPlatforms) = postSolution
		{3D687888-4E00-3911-B3A2-F301EC616132}.Debug|x64.ActiveCfg = Debug|x64
		{3D687888-4E00-3911-B3A2-F301EC616132}.Debug|x64.Build.0 = Debug|x64
		{3D687888-4E00-3911-B3A2-F301EC616132}.Release|x64.ActiveCfg = Release|x64
		{3D687888-4E00-3911-B3A2-F301EC616132}.Release|x64.Build.0 = Release|x64
		{3D687888-4E00-3911-B3A2-F301EC616132}.MinSizeRel|x64.ActiveCfg = MinSizeRel|x64
		{3D687888-4E00-3911-B3A2-F301EC616132}.MinSizeRel|x64.Build.0 = MinSizeRel|x64
		{3D687888-4E00-3911-B3A2-F301EC616132}.RelWithDebInfo|x64.ActiveCfg = RelWithDebInfo|x64
		{3D687888-4E00-3911-B3A2-F301EC616132}.RelWithDebInfo|x64.Build.0 = RelWithDebInfo|x64
		{2821D868-F9B4-38F3-A95D-CFC94D5A7EA8}.Debug|x64.ActiveCfg = Debug|x64
		{2821D868-F9B4-38F3-A95D-CFC94D5A7EA8}.Release|x64.ActiveCfg = Release|x64
		{2821D868-F9B4-38F3-A95D-CFC94D5A7EA8}.MinSizeRel|x64.ActiveCfg = MinSizeRel|x64
		{2821D868-F9B4-38F3-A95D-CFC94D5A7EA8}.RelWithDebInfo|x64.ActiveCfg = RelWithDebInfo|x64
		{2FD08FE0-B4AB-3620-AD68-970E671D6B61}.Debug|x64.ActiveCfg = Debug|x64
		{2FD08FE0-B4AB-3620-AD68-970E671D6B61}.Release|x64.ActiveCfg = Release|x64
		{2FD08FE0-B4AB-3620-AD68-970E671D6B61}.MinSizeRel|x64.ActiveCfg = MinSizeRel|x64
		{2FD08FE0-B4AB-3620-AD68-970E671D6B61}.RelWithDebInfo|x64.ActiveCfg = RelWithDebInfo|x64
		{DE069529-F6D3-385A-9C2E-2F61E4DEB09E}.Debug|x64.ActiveCfg = Debug|x64
		{DE069529-F6D3-385A-9C2E-2F61E4DEB09E}.Debug|x64.Build.0 = Debug|x64
		{DE069529-F6D3-385A-9C2E-2F61E4DEB09E}.Release|x64.ActiveCfg = Release|x64
		{DE069529-F6D3-385A-9C2E-2F61E4DEB09E}.Release|x64.Build.0 = Release|x64
		{DE069529-F6D3-385A-9C2E-2F61E4DEB09E}.MinSizeRel|x64.ActiveCfg = MinSizeRel|x64
		{DE069529-F6D3-385A-9C2E-2F61E4DEB09E}.MinSizeRel|x64.Build.0 = MinSizeRel|x64
		{DE069529-F6D3-385A-9C2E-2F61E4DEB09E}.RelWithDebInfo|x64.ActiveCfg = RelWithDebInfo|x64
		{DE069529-F6D3-385A-9C2E-2F61E4DEB09E}.RelWithDebInfo|x64.Build.0 = RelWithDebInfo|x64
		{D7879911-4547-32C3-9217-80E115DCDFD4}.Debug|x64.ActiveCfg = Debug|x64
		{D7879911-4547-32C3-9217-80E115DCDFD4}.Debug|x64.Build.0 = Debug|x64
		{D7879911-4547-32C3-9217-80E115DCDFD4}.Release|x64.ActiveCfg = Release|x64
		{D7879911-4547-32C3-9217-80E115DCDFD4}.Release|x64.Build.0 = Release|x64
		{D7879911-4547-32C3-9217-80E115DCDFD4}.MinSizeRel|x64.ActiveCfg = MinSizeRel|x64
		{D7879911-4547-32C3-9217-80E115DCDFD4}.MinSizeRel|x64.Build.0 = MinSizeRel|x64
		{D7879911-4547-32C3-9217-80E115DCDFD4}.RelWithDebInfo|x64.ActiveCfg = RelWithDebInfo|x64
		{D7879911-4547-32C3-9217-80E115DCDFD4}.RelWithDebInfo|x64.Build.0 = RelWithDebInfo|x64
		{C0AF351E-AE62-32CA-A79F-8F096E1894C4}.Debug|x64.ActiveCfg = Debug|x64
		{C0AF351E-AE62-32CA-A79F-8F096E1894C4}.Debug|x64.Build.0 = Debug|x64
		{C0AF351E-AE62-32CA-A79F-8F096E1894C4}.Release|x64.ActiveCfg = Release|x64
		{C0AF351E-AE62-32CA-A79F-8F096E1894C4}.Release|x64.Build.0 = Release|x64
		{C0AF351E-AE62-32CA-A79F-8F096E1894C4}.MinSizeRel|x64.ActiveCfg = MinSizeRel|x64
		{C0AF351E-AE62-32CA-A79F-8F096E1894C4}.MinSizeRel|x64.Build.0 = MinSizeRel|x64
		{C0AF351E-AE62-32CA-A79F-8F096E1894C4}.RelWithDebInfo|x64.ActiveCfg = RelWithDebInfo|x64
		{C0AF351E-AE62-32CA-A79F-8F096E1894C4}.RelWithDebInfo|x64.Build.0 = RelWithDebInfo|x64
		{CE8C195F-1B4B-392A-863C-C964BD3772A4}.Debug|x64.ActiveCfg = Debug|x64
		{CE8C195F-1B4B-392A-863C-C964BD3772A4}.Debug|x64.Build.0 = Debug|x64
		{CE8C195F-1B4B-392A-863C-C964BD3772A4}.Release|x64.ActiveCfg = Release|x64
		{CE8C195F-1B4B-392A-863C-C964BD3772A4}.Release|x64.Build.0 = Release|x64
		{CE8C195F-1B4B-392A-863C-C964BD3772A4}.MinSizeRel|x64.ActiveCfg = MinSizeRel|x64
		{CE8C195F-1B4B-392A-863C-C964BD3772A4}.MinSizeRel|x64.Build.0 = MinSizeRel|x64
		{CE8C195F-1B4B-392A-863C-C964BD3772A4}.RelWithDebInfo|x64.ActiveCfg = RelWithDebInfo|x64
		{CE8C195F-1B4B-392A-863C-C964BD3772A4}.RelWithDebInfo|x64.Build.0 = RelWithDebInfo|x64
		{8E2D9F63-6D95-37DC-8A88-099E5C1B36B9}.Debug|x64.ActiveCfg = Debug|x64
		{8E2D9F63-6D95-37DC-8A88-099E5C1B36B9}.Debug|x64.Build.0 = Debug|x64
		{8E2D9F63-6D95-37DC-8A88-099E5C1B36B9}.Release|x64.ActiveCfg = Release|x64
		{8E2D9F63-6D95-37DC-8A88-099E5C1B36B9}.Release|x64.Build.0 = Release|x64
		{8E2D9F63-6D95-37DC-8A88-099E5C1B36B9}.MinSizeRel|x64.ActiveCfg = MinSizeRel|x64
		{8E2D9F63-6D95-37DC-8A88-099E5C1B36B9}.MinSizeRel|x64.Build.0 = MinSizeRel|x64
		{8E2D9F63-6D95-37DC-8A88-099E5C1B36B9}.RelWithDebInfo|x64.ActiveCfg = RelWithDebInfo|x64
		{8E2D9F63-6D95-37DC-8A88-099E5C1B36B9}.RelWithDebInfo|x64.Build.0 = RelWithDebInfo|x64
		{B7A77FCB-11C8-3B1B-9138-1F095EB6F06A}.Debug|x64.ActiveCfg = Debug|x64
		{B7A77FCB-11C8-3B1B-9138-1F095EB6F06A}.Debug|x64.Build.0 = Debug|x64
		{B7A77FCB-11C8-3B1B-9138-1F095EB6F06A}.Release|x64.ActiveCfg = Release|x64
		{B7A77FCB-11C8-3B1B-9138-1F095EB6F06A}.Release|x64.Build.0 = Release|x64
		{B7A77FCB-11C8-3B1B-9138-1F095EB6F06A}.MinSizeRel|x64.ActiveCfg = MinSizeRel|x64
		{B7A77FCB-11C8-3B1B-9138-1F095EB6F06A}.MinSizeRel|x64.Build.0 = MinSizeRel|x64
		{B7A77FCB-11C8-3B1B-9138-1F095EB6F06A}.RelWithDebInfo|x64.ActiveCfg = RelWithDebInfo|x64
		{B7A77FCB-11C8-3B1B-9138-1F095EB6F06A}.RelWithDebInfo|x64.Build.0 = RelWithDebInfo|x64
		{AB1612F2-F3B5-3340-A421-373EDD0F80B2}.Debug|x64.ActiveCfg = Debug|x64
		{AB1612F2-F3B5-3340-A421-373EDD0F80B2}.Debug|x64.Build.0 = Debug|x64
		{AB1612F2-F3B5-3340-A421-373EDD0F80B2}.Release|x64.ActiveCfg = Release|x64
		{AB1612F2-F3B5-3340-A421-373EDD0F80B2}.Release|x64.Build.0 = Release|x64
		{AB1612F2-F3B5-3340-A421-373EDD0F80B2}.MinSizeRel|x64.ActiveCfg = MinSizeRel|x64
		{AB1612F2-F3B5-3340-A421-373EDD0F80B2}.MinSizeRel|x64.Build.0 = MinSizeRel|x64
		{AB1612F2-F3B5-3340-A421-373EDD0F80B2}.RelWithDebInfo|x64.ActiveCfg = RelWithDebInfo|x64
		{AB1612F2-F3B5-3340-A421-373EDD0F80B2}.RelWithDebInfo|x64.Build.0 = RelWithDebInfo|x64
		{E342AD73-9E99-3D31-8BF8-70D5EA984D31}.Debug|x64.ActiveCfg = Debug|x64
		{E342AD73-9E99-3D31-8BF8-70D5EA984D31}.Debug|x64.Build.0 = Debug|x64
		{E342AD73-9E99-3D31-8BF8-70D5EA984D31}.Release|x64.ActiveCfg = Release|x64
		{E342AD73-9E99-3D31-8BF8-70D5EA984D31}.Release|x64.Build.0 = Release|x64
		{E342AD73-9E99-3D31-8BF8-70D5EA984D31}.MinSizeRel|x64.ActiveCfg = MinSizeRel|x64
		{E342AD73-9E99-3D31-8BF8-70D5EA984D31}.MinSizeRel|x64.Build.0 = MinSizeRel|x64
		{E342AD73-9E99-3D31-8BF8-70D5EA984D31}.RelWithDebInfo|x64.ActiveCfg = RelWithDebInfo|x64
		{E342AD73-9E99-3D31-8BF8-70D5EA984D31}.RelWithDebInfo|x64.Build.0 = RelWithDebInfo|x64
		{AAD46443-12FF-3663-A2AC-C3A8A380635E}.Debug|x64.ActiveCfg = Debug|x64
		{AAD46443-12FF-3663-A2AC-C3A8A380635E}.Debug|x64.Build.0 = Debug|x64
		{AAD46443-12FF-3663-A2AC-C3A8A380635E}.Release|x64.ActiveCfg = Release|x64
		{AAD46443-12FF-3663-A2AC-C3A8A380635E}.Release|x64.Build.0 = Release|x64
		{AAD46443-12FF-3663-A2AC-C3A8A380635E}.MinSizeRel|x64.ActiveCfg = MinSizeRel|x64
		{AAD46443-12FF-3663-A2AC-C3A8A380635E}.MinSizeRel|x64.Build.0 = MinSizeRel|x64
		{AAD46443-12FF-3663-A2AC-C3A8A380635E}.RelWithDebInfo|x64.ActiveCfg = RelWithDebInfo|x64
		{AAD46443-12FF-3663-A2AC-C3A8A380635E}.RelWithDebInfo|x64.Build.0 = RelWithDebInfo|x64
		{F0DCC581-E5CA-3029-B27D-DB3DF35FFA70}.Debug|x64.ActiveCfg = Debug|x64
		{F0DCC581-E5CA-3029-B27D-DB3DF35FFA70}.Debug|x64.Build.0 = Debug|x64
		{F0DCC581-E5CA-3029-B27D-DB3DF35FFA70}.Release|x64.ActiveCfg = Release|x64
		{F0DCC581-E5CA-3029-B27D-DB3DF35FFA70}.Release|x64.Build.0 = Release|x64
		{F0DCC581-E5CA-3029-B27D-DB3DF35FFA70}.MinSizeRel|x64.ActiveCfg = MinSizeRel|x64
		{F0DCC581-E5CA-3029-B27D-DB3DF35FFA70}.MinSizeRel|x64.Build.0 = MinSizeRel|x64
		{F0DCC581-E5CA-3029-B27D-DB3DF35FFA70}.RelWithDebInfo|x64.ActiveCfg = RelWithDebInfo|x64
		{F0DCC581-E5CA-3029-B27D-DB3DF35FFA70}.RelWithDebInfo|x64.Build.0 = RelWithDebInfo|x64
		{4A304D58-6CF8-3F33-8959-2C00730EEFF9}.Debug|x64.ActiveCfg = Debug|x64
		{4A304D58-6CF8-3F33-8959-2C00730EEFF9}.Debug|x64.Build.0 = Debug|x64
		{4A304D58-6CF8-3F33-8959-2C00730EEFF9}.Release|x64.ActiveCfg = Release|x64
		{4A304D58-6CF8-3F33-8959-2C00730EEFF9}.Release|x64.Build.0 = Release|x64
		{4A304D58-6CF8-3F33-8959-2C00730EEFF9}.MinSizeRel|x64.ActiveCfg = MinSizeRel|x64
		{4A304D58-6CF8-3F33-8959-2C00730EEFF9}.MinSizeRel|x64.Build.0 = MinSizeRel|x64
		{4A304D58-6CF8-3F33-8959-2C00730EEFF9}.RelWithDebInfo|x64.ActiveCfg = RelWithDebInfo|x64
		{4A304D58-6CF8-3F33-8959-2C00730EEFF9}.RelWithDebInfo|x64.Build.0 = RelWithDebInfo|x64
		{BC3D84C4-4E5A-3EED-8E13-7928CE0F1127}.Debug|x64.ActiveCfg = Debug|x64
		{BC3D84C4-4E5A-3EED-8E13-7928CE0F1127}.Debug|x64.Build.0 = Debug|x64
		{BC3D84C4-4E5A-3EED-8E13-7928CE0F1127}.Release|x64.ActiveCfg = Release|x64
		{BC3D84C4-4E5A-3EED-8E13-7928CE0F1127}.Release|x64.Build.0 = Release|x64
		{BC3D84C4-4E5A-3EED-8E13-7928CE0F1127}.MinSizeRel|x64.ActiveCfg = MinSizeRel|x64
		{BC3D84C4-4E5A-3EED-8E13-7928CE0F1127}.MinSizeRel|x64.Build.0 = MinSizeRel|x64
		{BC3D84C4-4E5A-3EED-8E13-7928CE0F1127}.RelWithDebInfo|x64.ActiveCfg = RelWithDebInfo|x64
		{BC3D84C4-4E5A-3EED-8E13-7928CE0F1127}.RelWithDebInfo|x64.Build.0 = RelWithDebInfo|x64
		{1C17DD93-49B3-3E0B-8254-11B3130C1ABF}.Debug|x64.ActiveCfg = Debug|x64
		{1C17DD93-49B3-3E0B-8254-11B3130C1ABF}.Debug|x64.Build.0 = Debug|x64
		{1C17DD93-49B3-3E0B-8254-11B3130C1ABF}.Release|x64.ActiveCfg = Release|x64
		{1C17DD93-49B3-3E0B-8254-11B3130C1ABF}.Release|x64.Build.0 = Release|x64
		{1C17DD93-49B3-3E0B-8254-11B3130C1ABF}.MinSizeRel|x64.ActiveCfg = MinSizeRel|x64
		{1C17DD93-49B3-3E0B-8254-11B3130C1ABF}.MinSizeRel|x64.Build.0 = MinSizeRel|x64
		{1C17DD93-49B3-3E0B-8254-11B3130C1ABF}.RelWithDebInfo|x64.ActiveCfg = RelWithDebInfo|x64
		{1C17DD93-49B3-3E0B-8254-11B3130C1ABF}.RelWithDebInfo|x64.Build.0 = RelWithDebInfo|x64
		{A92A3792-203C-34A7-9A16-70128DB66B9B}.Debug|x64.ActiveCfg = Debug|x64
		{A92A3792-203C-34A7-9A16-70128DB66B9B}.Debug|x64.Build.0 = Debug|x64
		{A92A3792-203C-34A7-9A16-70128DB66B9B}.Release|x64.ActiveCfg = Release|x64
		{A92A3792-203C-34A7-9A16-70128DB66B9B}.Release|x64.Build.0 = Release|x64
		{A92A3792-203C-34A7-9A16-70128DB66B9B}.MinSizeRel|x64.ActiveCfg = MinSizeRel|x64
		{A92A3792-203C-34A7-9A16-70128DB66B9B}.MinSizeRel|x64.Build.0 = MinSizeRel|x64
		{A92A3792-203C-34A7-9A16-70128DB66B9B}.RelWithDebInfo|x64.ActiveCfg = RelWithDebInfo|x64
		{A92A3792-203C-34A7-9A16-70128DB66B9B}.RelWithDebInfo|x64.Build.0 = RelWithDebInfo|x64
		{B1000A67-7670-32D2-88C4-488A901B4F7E}.Debug|x64.ActiveCfg = Debug|x64
		{B1000A67-7670-32D2-88C4-488A901B4F7E}.Debug|x64.Build.0 = Debug|x64
		{B1000A67-7670-32D2-88C4-488A901B4F7E}.Release|x64.ActiveCfg = Release|x64
		{B1000A67-7670-32D2-88C4-488A901B4F7E}.Release|x64.Build.0 = Release|x64
		{B1000A67-7670-32D2-88C4-488A901B4F7E}.MinSizeRel|x64.ActiveCfg = MinSizeRel|x64
		{B1000A67-7670-32D2-88C4-488A901B4F7E}.MinSizeRel|x64.Build.0 = MinSizeRel|x64
		{B1000A67-7670-32D2-88C4-488A901B4F7E}.RelWithDebInfo|x64.ActiveCfg = RelWithDebInfo|x64
		{B1000A67-7670-32D2-88C4-488A901B4F7E}.RelWithDebInfo|x64.Build.0 = RelWithDebInfo|x64
		{8A15FCF6-8E57-3655-95D0-F6D5D62F0948}.Debug|x64.ActiveCfg = Debug|x64
		{8A15FCF6-8E57-3655-95D0-F6D5D62F0948}.Debug|x64.Build.0 = Debug|x64
		{8A15FCF6-8E57-3655-95D0-F6D5D62F0948}.Release|x64.ActiveCfg = Release|x64
		{8A15FCF6-8E57-3655-95D0-F6D5D62F0948}.Release|x64.Build.0 = Release|x64
		{8A15FCF6-8E57-3655-95D0-F6D5D62F0948}.MinSizeRel|x64.ActiveCfg = MinSizeRel|x64
		{8A15FCF6-8E57-3655-95D0-F6D5D62F0948}.MinSizeRel|x64.Build.0 = MinSizeRel|x64
		{8A15FCF6-8E57-3655-95D0-F6D5D62F0948}.RelWithDebInfo|x64.ActiveCfg = RelWithDebInfo|x64
		{8A15FCF6-8E57-3655-95D0-F6D5D62F0948}.RelWithDebInfo|x64.Build.0 = RelWithDebInfo|x64
		{7B2BC394-AB9E-3E66-8EC4-E016A2379FE1}.Debug|x64.ActiveCfg = Debug|x64
		{7B2BC394-AB9E-3E66-8EC4-E016A2379FE1}.Debug|x64.Build.0 = Debug|x64
		{7B2BC394-AB9E-3E66-8EC4-E016A2379FE1}.Release|x64.ActiveCfg = Release|x64
		{7B2BC394-AB9E-3E66-8EC4-E016A2379FE1}.Release|x64.Build.0 = Release|x64
		{7B2BC394-AB9E-3E66-8EC4-E016A2379FE1}.MinSizeRel|x64.ActiveCfg = MinSizeRel|x64
		{7B2BC394-AB9E-3E66-8EC4-E016A2379FE1}.MinSizeRel|x64.Build.0 = MinSizeRel|x64
		{7B2BC394-AB9E-3E66-8EC4-E016A2379FE1}.RelWithDebInfo|x64.ActiveCfg = RelWithDebInfo|x64
		{7B2BC394-AB9E-3E66-8EC4-E016A2379FE1}.RelWithDebInfo|x64.Build.0 = RelWithDebInfo|x64
		{EF20EB9B-85FD-35C6-8490-860216BCBADD}.Debug|x64.ActiveCfg = Debug|x64
		{EF20EB9B-85FD-35C6-8490-860216BCBADD}.Debug|x64.Build.0 = Debug|x64
		{EF20EB9B-85FD-35C6-8490-860216BCBADD}.Release|x64.ActiveCfg = Release|x64
		{EF20EB9B-85FD-35C6-8490-860216BCBADD}.Release|x64.Build.0 = Release|x64
		{EF20EB9B-85FD-35C6-8490-860216BCBADD}.MinSizeRel|x64.ActiveCfg = MinSizeRel|x64
		{EF20EB9B-85FD-35C6-8490-860216BCBADD}.MinSizeRel|x64.Build.0 = MinSizeRel|x64
		{EF20EB9B-85FD-35C6-8490-860216BCBADD}.RelWithDebInfo|x64.ActiveCfg = RelWithDebInfo|x64
		{EF20EB9B-85FD-35C6-8490-860216BCBADD}.RelWithDebInfo|x64.Build.0 = RelWithDebInfo|x64
		{97F25928-C848-31BE-81E2-697E7B505105}.Debug|x64.ActiveCfg = Debug|x64
		{97F25928-C848-31BE-81E2-697E7B505105}.Debug|x64.Build.0 = Debug|x64
		{97F25928-C848-31BE-81E2-697E7B505105}.Release|x64.ActiveCfg = Release|x64
		{97F25928-C848-31BE-81E2-697E7B505105}.Release|x64.Build.0 = Release|x64
		{97F25928-C848-31BE-81E2-697E7B505105}.MinSizeRel|x64.ActiveCfg = MinSizeRel|x64
		{97F25928-C848-31BE-81E2-697E7B505105}.MinSizeRel|x64.Build.0 = MinSizeRel|x64
		{97F25928-C848-31BE-81E2-697E7B505105}.RelWithDebInfo|x64.ActiveCfg = RelWithDebInfo|x64
		{97F25928-C848-31BE-81E2-697E7B505105}.RelWithDebInfo|x64.Build.0 = RelWithDebInfo|x64
		{436A6883-8AB1-3C28-AC35-8184680EE226}.Debug|x64.ActiveCfg = Debug|x64
		{436A6883-8AB1-3C28-AC35-8184680EE226}.Debug|x64.Build.0 = Debug|x64
		{436A6883-8AB1-3C28-AC35-8184680EE226}.Release|x64.ActiveCfg = Release|x64
		{436A6883-8AB1-3C28-AC35-8184680EE226}.Release|x64.Build.0 = Release|x64
		{436A6883-8AB1-3C28-AC35-8184680EE226}.MinSizeRel|x64.ActiveCfg = MinSizeRel|x64
		{436A6883-8AB1-3C28-AC35-8184680EE226}.MinSizeRel|x64.Build.0 = MinSizeRel|x64
		{436A6883-8AB1-3C28-AC35-8184680EE226}.RelWithDebInfo|x64.ActiveCfg = RelWithDebInfo|x64
		{436A6883-8AB1-3C28-AC35-8184680EE226}.RelWithDebInfo|x64.Build.0 = RelWithDebInfo|x64
		{9C99F271-8DB4-3C84-BAAF-5E21C96BACD0}.Debug|x64.ActiveCfg = Debug|x64
		{9C99F271-8DB4-3C84-BAAF-5E21C96BACD0}.Debug|x64.Build.0 = Debug|x64
		{9C99F271-8DB4-3C84-BAAF-5E21C96BACD0}.Release|x64.ActiveCfg = Release|x64
		{9C99F271-8DB4-3C84-BAAF-5E21C96BACD0}.Release|x64.Build.0 = Release|x64
		{9C99F271-8DB4-3C84-BAAF-5E21C96BACD0}.MinSizeRel|x64.ActiveCfg = MinSizeRel|x64
		{9C99F271-8DB4-3C84-BAAF-5E21C96BACD0}.MinSizeRel|x64.Build.0 = MinSizeRel|x64
		{9C99F271-8DB4-3C84-BAAF-5E21C96BACD0}.RelWithDebInfo|x64.ActiveCfg = RelWithDebInfo|x64
		{9C99F271-8DB4-3C84-BAAF-5E21C96BACD0}.RelWithDebInfo|x64.Build.0 = RelWithDebInfo|x64
		{6E00D7C4-2933-39FA-8341-113192811E69}.Debug|x64.ActiveCfg = Debug|x64
		{6E00D7C4-2933-39FA-8341-113192811E69}.Debug|x64.Build.0 = Debug|x64
		{6E00D7C4-2933-39FA-8341-113192811E69}.Release|x64.ActiveCfg = Release|x64
		{6E00D7C4-2933-39FA-8341-113192811E69}.Release|x64.Build.0 = Release|x64
		{6E00D7C4-2933-39FA-8341-113192811E69}.MinSizeRel|x64.ActiveCfg = MinSizeRel|x64
		{6E00D7C4-2933-39FA-8341-113192811E69}.MinSizeRel|x64.Build.0 = MinSizeRel|x64
		{6E00D7C4-2933-39FA-8341-113192811E69}.RelWithDebInfo|x64.ActiveCfg = RelWithDebInfo|x64
		{6E00D7C4-2933-39FA-8341-113192811E69}.RelWithDebInfo|x64.Build.0 = RelWithDebInfo|x64
		{25429B3D-7143-3B2B-A362-D4127EE22901}.Debug|x64.ActiveCfg = Debug|x64
		{25429B3D-7143-3B2B-A362-D4127EE22901}.Debug|x64.Build.0 = Debug|x64
		{25429B3D-7143-3B2B-A362-D4127EE22901}.Release|x64.ActiveCfg = Release|x64
		{25429B3D-7143-3B2B-A362-D4127EE22901}.Release|x64.Build.0 = Release|x64
		{25429B3D-7143-3B2B-A362-D4127EE22901}.MinSizeRel|x64.ActiveCfg = MinSizeRel|x64
		{25429B3D-7143-3B2B-A362-D4127EE22901}.MinSizeRel|x64.Build.0 = MinSizeRel|x64
		{25429B3D-7143-3B2B-A362-D4127EE22901}.RelWithDebInfo|x64.ActiveCfg = RelWithDebInfo|x64
		{25429B3D-7143-3B2B-A362-D4127EE22901}.RelWithDebInfo|x64.Build.0 = RelWithDebInfo|x64
		{F82C0D56-1342-31FA-9282-5AB201024261}.Debug|x64.ActiveCfg = Debug|x64
		{F82C0D56-1342-31FA-9282-5AB201024261}.Debug|x64.Build.0 = Debug|x64
		{F82C0D56-1342-31FA-9282-5AB201024261}.Release|x64.ActiveCfg = Release|x64
		{F82C0D56-1342-31FA-9282-5AB201024261}.Release|x64.Build.0 = Release|x64
		{F82C0D56-1342-31FA-9282-5AB201024261}.MinSizeRel|x64.ActiveCfg = MinSizeRel|x64
		{F82C0D56-1342-31FA-9282-5AB201024261}.MinSizeRel|x64.Build.0 = MinSizeRel|x64
		{F82C0D56-1342-31FA-9282-5AB201024261}.RelWithDebInfo|x64.ActiveCfg = RelWithDebInfo|x64
		{F82C0D56-1342-31FA-9282-5AB201024261}.RelWithDebInfo|x64.Build.0 = RelWithDebInfo|x64
		{96AFFFB4-7F14-3D6A-A622-1FE2937B47BA}.Debug|x64.ActiveCfg = Debug|x64
		{96AFFFB4-7F14-3D6A-A622-1FE2937B47BA}.Debug|x64.Build.0 = Debug|x64
		{96AFFFB4-7F14-3D6A-A622-1FE2937B47BA}.Release|x64.ActiveCfg = Release|x64
		{96AFFFB4-7F14-3D6A-A622-1FE2937B47BA}.Release|x64.Build.0 = Release|x64
		{96AFFFB4-7F14-3D6A-A622-1FE2937B47BA}.MinSizeRel|x64.ActiveCfg = MinSizeRel|x64
		{96AFFFB4-7F14-3D6A-A622-1FE2937B47BA}.MinSizeRel|x64.Build.0 = MinSizeRel|x64
		{96AFFFB4-7F14-3D6A-A622-1FE2937B47BA}.RelWithDebInfo|x64.ActiveCfg = RelWithDebInfo|x64
		{96AFFFB4-7F14-3D6A-A622-1FE2937B47BA}.RelWithDebInfo|x64.Build.0 = RelWithDebInfo|x64
		{C0D4DE84-92BB-3765-B643-6B5182DCDDC7}.Debug|x64.ActiveCfg = Debug|x64
		{C0D4DE84-92BB-3765-B643-6B5182DCDDC7}.Debug|x64.Build.0 = Debug|x64
		{C0D4DE84-92BB-3765-B643-6B5182DCDDC7}.Release|x64.ActiveCfg = Release|x64
		{C0D4DE84-92BB-3765-B643-6B5182DCDDC7}.Release|x64.Build.0 = Release|x64
		{C0D4DE84-92BB-3765-B643-6B5182DCDDC7}.MinSizeRel|x64.ActiveCfg = MinSizeRel|x64
		{C0D4DE84-92BB-3765-B643-6B5182DCDDC7}.MinSizeRel|x64.Build.0 = MinSizeRel|x64
		{C0D4DE84-92BB-3765-B643-6B5182DCDDC7}.RelWithDebInfo|x64.ActiveCfg = RelWithDebInfo|x64
		{C0D4DE84-92BB-3765-B643-6B5182DCDDC7}.RelWithDebInfo|x64.Build.0 = RelWithDebInfo|x64
		{9E303DFD-BA0B-328C-9DDC-478E2F5508D4}.Debug|x64.ActiveCfg = Debug|x64
		{9E303DFD-BA0B-328C-9DDC-478E2F5508D4}.Debug|x64.Build.0 = Debug|x64
		{9E303DFD-BA0B-328C-9DDC-478E2F5508D4}.Release|x64.ActiveCfg = Release|x64
		{9E303DFD-BA0B-328C-9DDC-478E2F5508D4}.Release|x64.Build.0 = Release|x64
		{9E303DFD-BA0B-328C-9DDC-478E2F5508D4}.MinSizeRel|x64.ActiveCfg = MinSizeRel|x64
		{9E303DFD-BA0B-328C-9DDC-478E2F5508D4}.MinSizeRel|x64.Build.0 = MinSizeRel|x64
		{9E303DFD-BA0B-328C-9DDC-478E2F5508D4}.RelWithDebInfo|x64.ActiveCfg = RelWithDebInfo|x64
		{9E303DFD-BA0B-328C-9DDC-478E2F5508D4}.RelWithDebInfo|x64.Build.0 = RelWithDebInfo|x64
		{F59AA773-7392-3D9E-A296-7EC974169829}.Debug|x64.ActiveCfg = Debug|x64
		{F59AA773-7392-3D9E-A296-7EC974169829}.Debug|x64.Build.0 = Debug|x64
		{F59AA773-7392-3D9E-A296-7EC974169829}.Release|x64.ActiveCfg = Release|x64
		{F59AA773-7392-3D9E-A296-7EC974169829}.Release|x64.Build.0 = Release|x64
		{F59AA773-7392-3D9E-A296-7EC974169829}.MinSizeRel|x64.ActiveCfg = MinSizeRel|x64
		{F59AA773-7392-3D9E-A296-7EC974169829}.MinSizeRel|x64.Build.0 = MinSizeRel|x64
		{F59AA773-7392-3D9E-A296-7EC974169829}.RelWithDebInfo|x64.ActiveCfg = RelWithDebInfo|x64
		{F59AA773-7392-3D9E-A296-7EC974169829}.RelWithDebInfo|x64.Build.0 = RelWithDebInfo|x64
		{4D20FA23-0CA7-3D6B-92A3-C993B8CC81E0}.Debug|x64.ActiveCfg = Debug|x64
		{4D20FA23-0CA7-3D6B-92A3-C993B8CC81E0}.Debug|x64.Build.0 = Debug|x64
		{4D20FA23-0CA7-3D6B-92A3-C993B8CC81E0}.Release|x64.ActiveCfg = Release|x64
		{4D20FA23-0CA7-3D6B-92A3-C993B8CC81E0}.Release|x64.Build.0 = Release|x64
		{4D20FA23-0CA7-3D6B-92A3-C993B8CC81E0}.MinSizeRel|x64.ActiveCfg = MinSizeRel|x64
		{4D20FA23-0CA7-3D6B-92A3-C993B8CC81E0}.MinSizeRel|x64.Build.0 = MinSizeRel|x64
		{4D20FA23-0CA7-3D6B-92A3-C993B8CC81E0}.RelWithDebInfo|x64.ActiveCfg = RelWithDebInfo|x64
		{4D20FA23-0CA7-3D6B-92A3-C993B8CC81E0}.RelWithDebInfo|x64.Build.0 = RelWithDebInfo|x64
		{C0318F7F-83B8-3B4D-B373-60AD2C02EC3C}.Debug|x64.ActiveCfg = Debug|x64
		{C0318F7F-83B8-3B4D-B373-60AD2C02EC3C}.Debug|x64.Build.0 = Debug|x64
		{C0318F7F-83B8-3B4D-B373-60AD2C02EC3C}.Release|x64.ActiveCfg = Release|x64
		{C0318F7F-83B8-3B4D-B373-60AD2C02EC3C}.Release|x64.Build.0 = Release|x64
		{C0318F7F-83B8-3B4D-B373-60AD2C02EC3C}.MinSizeRel|x64.ActiveCfg = MinSizeRel|x64
		{C0318F7F-83B8-3B4D-B373-60AD2C02EC3C}.MinSizeRel|x64.Build.0 = MinSizeRel|x64
		{C0318F7F-83B8-3B4D-B373-60AD2C02EC3C}.RelWithDebInfo|x64.ActiveCfg = RelWithDebInfo|x64
		{C0318F7F-83B8-3B4D-B373-60AD2C02EC3C}.RelWithDebInfo|x64.Build.0 = RelWithDebInfo|x64
		{8D44A5B5-7E5E-3329-906D-CAEDDE2DFD74}.Debug|x64.ActiveCfg = Debug|x64
		{8D44A5B5-7E5E-3329-906D-CAEDDE2DFD74}.Debug|x64.Build.0 = Debug|x64
		{8D44A5B5-7E5E-3329-906D-CAEDDE2DFD74}.Release|x64.ActiveCfg = Release|x64
		{8D44A5B5-7E5E-3329-906D-CAEDDE2DFD74}.Release|x64.Build.0 = Release|x64
		{8D44A5B5-7E5E-3329-906D-CAEDDE2DFD74}.MinSizeRel|x64.ActiveCfg = MinSizeRel|x64
		{8D44A5B5-7E5E-3329-906D-CAEDDE2DFD74}.MinSizeRel|x64.Build.0 = MinSizeRel|x64
		{8D44A5B5-7E5E-3329-906D-CAEDDE2DFD74}.RelWithDebInfo|x64.ActiveCfg = RelWithDebInfo|x64
		{8D44A5B5-7E5E-3329-906D-CAEDDE2DFD74}.RelWithDebInfo|x64.Build.0 = RelWithDebInfo|x64
		{9D3EB105-CFA6-3B99-A43A-B5F188CFCBB8}.Debug|x64.ActiveCfg = Debug|x64
		{9D3EB105-CFA6-3B99-A43A-B5F188CFCBB8}.Debug|x64.Build.0 = Debug|x64
		{9D3EB105-CFA6-3B99-A43A-B5F188CFCBB8}.Release|x64.ActiveCfg = Release|x64
		{9D3EB105-CFA6-3B99-A43A-B5F188CFCBB8}.Release|x64.Build.0 = Release|x64
		{9D3EB105-CFA6-3B99-A43A-B5F188CFCBB8}.MinSizeRel|x64.ActiveCfg = MinSizeRel|x64
		{9D3EB105-CFA6-3B99-A43A-B5F188CFCBB8}.MinSizeRel|x64.Build.0 = MinSizeRel|x64
		{9D3EB105-CFA6-3B99-A43A-B5F188CFCBB8}.RelWithDebInfo|x64.ActiveCfg = RelWithDebInfo|x64
		{9D3EB105-CFA6-3B99-A43A-B5F188CFCBB8}.RelWithDebInfo|x64.Build.0 = RelWithDebInfo|x64
		{E4A79FBD-5929-356A-AC56-0E74ED45107E}.Debug|x64.ActiveCfg = Debug|x64
		{E4A79FBD-5929-356A-AC56-0E74ED45107E}.Debug|x64.Build.0 = Debug|x64
		{E4A79FBD-5929-356A-AC56-0E74ED45107E}.Release|x64.ActiveCfg = Release|x64
		{E4A79FBD-5929-356A-AC56-0E74ED45107E}.Release|x64.Build.0 = Release|x64
		{E4A79FBD-5929-356A-AC56-0E74ED45107E}.MinSizeRel|x64.ActiveCfg = MinSizeRel|x64
		{E4A79FBD-5929-356A-AC56-0E74ED45107E}.MinSizeRel|x64.Build.0 = MinSizeRel|x64
		{E4A79FBD-5929-356A-AC56-0E74ED45107E}.RelWithDebInfo|x64.ActiveCfg = RelWithDebInfo|x64
		{E4A79FBD-5929-356A-AC56-0E74ED45107E}.RelWithDebInfo|x64.Build.0 = RelWithDebInfo|x64
		{4E10A061-E0EB-3D83-A08C-09557DE55A9C}.Debug|x64.ActiveCfg = Debug|x64
		{4E10A061-E0EB-3D83-A08C-09557DE55A9C}.Debug|x64.Build.0 = Debug|x64
		{4E10A061-E0EB-3D83-A08C-09557DE55A9C}.Release|x64.ActiveCfg = Release|x64
		{4E10A061-E0EB-3D83-A08C-09557DE55A9C}.Release|x64.Build.0 = Release|x64
		{4E10A061-E0EB-3D83-A08C-09557DE55A9C}.MinSizeRel|x64.ActiveCfg = MinSizeRel|x64
		{4E10A061-E0EB-3D83-A08C-09557DE55A9C}.MinSizeRel|x64.Build.0 = MinSizeRel|x64
		{4E10A061-E0EB-3D83-A08C-09557DE55A9C}.RelWithDebInfo|x64.ActiveCfg = RelWithDebInfo|x64
		{4E10A061-E0EB-3D83-A08C-09557DE55A9C}.RelWithDebInfo|x64.Build.0 = RelWithDebInfo|x64
		{E59B4B8A-3EDC-3673-8F12-915FF2B1A768}.Debug|x64.ActiveCfg = Debug|x64
		{E59B4B8A-3EDC-3673-8F12-915FF2B1A768}.Debug|x64.Build.0 = Debug|x64
		{E59B4B8A-3EDC-3673-8F12-915FF2B1A768}.Release|x64.ActiveCfg = Release|x64
		{E59B4B8A-3EDC-3673-8F12-915FF2B1A768}.Release|x64.Build.0 = Release|x64
		{E59B4B8A-3EDC-3673-8F12-915FF2B1A768}.MinSizeRel|x64.ActiveCfg = MinSizeRel|x64
		{E59B4B8A-3EDC-3673-8F12-915FF2B1A768}.MinSizeRel|x64.Build.0 = MinSizeRel|x64
		{E59B4B8A-3EDC-3673-8F12-915FF2B1A768}.RelWithDebInfo|x64.ActiveCfg = RelWithDebInfo|x64
		{E59B4B8A-3EDC-3673-8F12-915FF2B1A768}.RelWithDebInfo|x64.Build.0 = RelWithDebInfo|x64
		{5F5E8891-E436-3062-BCCD-7F3D8FC234E6}.Debug|x64.ActiveCfg = Debug|x64
		{5F5E8891-E436-3062-BCCD-7F3D8FC234E6}.Debug|x64.Build.0 = Debug|x64
		{5F5E8891-E436-3062-BCCD-7F3D8FC234E6}.Release|x64.ActiveCfg = Release|x64
		{5F5E8891-E436-3062-BCCD-7F3D8FC234E6}.Release|x64.Build.0 = Release|x64
		{5F5E8891-E436-3062-BCCD-7F3D8FC234E6}.MinSizeRel|x64.ActiveCfg = MinSizeRel|x64
		{5F5E8891-E436-3062-BCCD-7F3D8FC234E6}.MinSizeRel|x64.Build.0 = MinSizeRel|x64
		{5F5E8891-E436-3062-BCCD-7F3D8FC234E6}.RelWithDebInfo|x64.ActiveCfg = RelWithDebInfo|x64
		{5F5E8891-E436-3062-BCCD-7F3D8FC234E6}.RelWithDebInfo|x64.Build.0 = RelWithDebInfo|x64
		{6CCF66BB-FA7E-3948-8875-F05451CBA16C}.Debug|x64.ActiveCfg = Debug|x64
		{6CCF66BB-FA7E-3948-8875-F05451CBA16C}.Debug|x64.Build.0 = Debug|x64
		{6CCF66BB-FA7E-3948-8875-F05451CBA16C}.Release|x64.ActiveCfg = Release|x64
		{6CCF66BB-FA7E-3948-8875-F05451CBA16C}.Release|x64.Build.0 = Release|x64
		{6CCF66BB-FA7E-3948-8875-F05451CBA16C}.MinSizeRel|x64.ActiveCfg = MinSizeRel|x64
		{6CCF66BB-FA7E-3948-8875-F05451CBA16C}.MinSizeRel|x64.Build.0 = MinSizeRel|x64
		{6CCF66BB-FA7E-3948-8875-F05451CBA16C}.RelWithDebInfo|x64.ActiveCfg = RelWithDebInfo|x64
		{6CCF66BB-FA7E-3948-8875-F05451CBA16C}.RelWithDebInfo|x64.Build.0 = RelWithDebInfo|x64
		{794BC054-0082-3C2A-8825-2AB70403B477}.Debug|x64.ActiveCfg = Debug|x64
		{794BC054-0082-3C2A-8825-2AB70403B477}.Debug|x64.Build.0 = Debug|x64
		{794BC054-0082-3C2A-8825-2AB70403B477}.Release|x64.ActiveCfg = Release|x64
		{794BC054-0082-3C2A-8825-2AB70403B477}.Release|x64.Build.0 = Release|x64
		{794BC054-0082-3C2A-8825-2AB70403B477}.MinSizeRel|x64.ActiveCfg = MinSizeRel|x64
		{794BC054-0082-3C2A-8825-2AB70403B477}.MinSizeRel|x64.Build.0 = MinSizeRel|x64
		{794BC054-0082-3C2A-8825-2AB70403B477}.RelWithDebInfo|x64.ActiveCfg = RelWithDebInfo|x64
		{794BC054-0082-3C2A-8825-2AB70403B477}.RelWithDebInfo|x64.Build.0 = RelWithDebInfo|x64
		{7A316A69-10CA-3108-AC50-7797AB980127}.Debug|x64.ActiveCfg = Debug|x64
		{7A316A69-10CA-3108-AC50-7797AB980127}.Debug|x64.Build.0 = Debug|x64
		{7A316A69-10CA-3108-AC50-7797AB980127}.Release|x64.ActiveCfg = Release|x64
		{7A316A69-10CA-3108-AC50-7797AB980127}.Release|x64.Build.0 = Release|x64
		{7A316A69-10CA-3108-AC50-7797AB980127}.MinSizeRel|x64.ActiveCfg = MinSizeRel|x64
		{7A316A69-10CA-3108-AC50-7797AB980127}.MinSizeRel|x64.Build.0 = MinSizeRel|x64
		{7A316A69-10CA-3108-AC50-7797AB980127}.RelWithDebInfo|x64.ActiveCfg = RelWithDebInfo|x64
		{7A316A69-10CA-3108-AC50-7797AB980127}.RelWithDebInfo|x64.Build.0 = RelWithDebInfo|x64
		{25006D3E-CFF8-3E0B-8DB0-A1F70871DBC8}.Debug|x64.ActiveCfg = Debug|x64
		{25006D3E-CFF8-3E0B-8DB0-A1F70871DBC8}.Debug|x64.Build.0 = Debug|x64
		{25006D3E-CFF8-3E0B-8DB0-A1F70871DBC8}.Release|x64.ActiveCfg = Release|x64
		{25006D3E-CFF8-3E0B-8DB0-A1F70871DBC8}.Release|x64.Build.0 = Release|x64
		{25006D3E-CFF8-3E0B-8DB0-A1F70871DBC8}.MinSizeRel|x64.ActiveCfg = MinSizeRel|x64
		{25006D3E-CFF8-3E0B-8DB0-A1F70871DBC8}.MinSizeRel|x64.Build.0 = MinSizeRel|x64
		{25006D3E-CFF8-3E0B-8DB0-A1F70871DBC8}.RelWithDebInfo|x64.ActiveCfg = RelWithDebInfo|x64
		{25006D3E-CFF8-3E0B-8DB0-A1F70871DBC8}.RelWithDebInfo|x64.Build.0 = RelWithDebInfo|x64
		{88C47942-507B-3D47-B939-7B8BF094BF77}.Debug|x64.ActiveCfg = Debug|x64
		{88C47942-507B-3D47-B939-7B8BF094BF77}.Debug|x64.Build.0 = Debug|x64
		{88C47942-507B-3D47-B939-7B8BF094BF77}.Release|x64.ActiveCfg = Release|x64
		{88C47942-507B-3D47-B939-7B8BF094BF77}.Release|x64.Build.0 = Release|x64
		{88C47942-507B-3D47-B939-7B8BF094BF77}.MinSizeRel|x64.ActiveCfg = MinSizeRel|x64
		{88C47942-507B-3D47-B939-7B8BF094BF77}.MinSizeRel|x64.Build.0 = MinSizeRel|x64
		{88C47942-507B-3D47-B939-7B8BF094BF77}.RelWithDebInfo|x64.ActiveCfg = RelWithDebInfo|x64
		{88C47942-507B-3D47-B939-7B8BF094BF77}.RelWithDebInfo|x64.Build.0 = RelWithDebInfo|x64
		{8A37EA4B-6837-3D8F-82E9-D0D479A83679}.Debug|x64.ActiveCfg = Debug|x64
		{8A37EA4B-6837-3D8F-82E9-D0D479A83679}.Debug|x64.Build.0 = Debug|x64
		{8A37EA4B-6837-3D8F-82E9-D0D479A83679}.Release|x64.ActiveCfg = Release|x64
		{8A37EA4B-6837-3D8F-82E9-D0D479A83679}.Release|x64.Build.0 = Release|x64
		{8A37EA4B-6837-3D8F-82E9-D0D479A83679}.MinSizeRel|x64.ActiveCfg = MinSizeRel|x64
		{8A37EA4B-6837-3D8F-82E9-D0D479A83679}.MinSizeRel|x64.Build.0 = MinSizeRel|x64
		{8A37EA4B-6837-3D8F-82E9-D0D479A83679}.RelWithDebInfo|x64.ActiveCfg = RelWithDebInfo|x64
		{8A37EA4B-6837-3D8F-82E9-D0D479A83679}.RelWithDebInfo|x64.Build.0 = RelWithDebInfo|x64
		{BB0DB124-54BA-3BE7-9EB4-18796F847D33}.Debug|x64.ActiveCfg = Debug|x64
		{BB0DB124-54BA-3BE7-9EB4-18796F847D33}.Debug|x64.Build.0 = Debug|x64
		{BB0DB124-54BA-3BE7-9EB4-18796F847D33}.Release|x64.ActiveCfg = Release|x64
		{BB0DB124-54BA-3BE7-9EB4-18796F847D33}.Release|x64.Build.0 = Release|x64
		{BB0DB124-54BA-3BE7-9EB4-18796F847D33}.MinSizeRel|x64.ActiveCfg = MinSizeRel|x64
		{BB0DB124-54BA-3BE7-9EB4-18796F847D33}.MinSizeRel|x64.Build.0 = MinSizeRel|x64
		{BB0DB124-54BA-3BE7-9EB4-18796F847D33}.RelWithDebInfo|x64.ActiveCfg = RelWithDebInfo|x64
		{BB0DB124-54BA-3BE7-9EB4-18796F847D33}.RelWithDebInfo|x64.Build.0 = RelWithDebInfo|x64
		{AD9BC6A5-8812-3CE7-84D5-6B4F64856329}.Debug|x64.ActiveCfg = Debug|x64
		{AD9BC6A5-8812-3CE7-84D5-6B4F64856329}.Debug|x64.Build.0 = Debug|x64
		{AD9BC6A5-8812-3CE7-84D5-6B4F64856329}.Release|x64.ActiveCfg = Release|x64
		{AD9BC6A5-8812-3CE7-84D5-6B4F64856329}.Release|x64.Build.0 = Release|x64
		{AD9BC6A5-8812-3CE7-84D5-6B4F64856329}.MinSizeRel|x64.ActiveCfg = MinSizeRel|x64
		{AD9BC6A5-8812-3CE7-84D5-6B4F64856329}.MinSizeRel|x64.Build.0 = MinSizeRel|x64
		{AD9BC6A5-8812-3CE7-84D5-6B4F64856329}.RelWithDebInfo|x64.ActiveCfg = RelWithDebInfo|x64
		{AD9BC6A5-8812-3CE7-84D5-6B4F64856329}.RelWithDebInfo|x64.Build.0 = RelWithDebInfo|x64
		{6870819B-088D-30FE-8E44-493A6700C739}.Debug|x64.ActiveCfg = Debug|x64
		{6870819B-088D-30FE-8E44-493A6700C739}.Debug|x64.Build.0 = Debug|x64
		{6870819B-088D-30FE-8E44-493A6700C739}.Release|x64.ActiveCfg = Release|x64
		{6870819B-088D-30FE-8E44-493A6700C739}.Release|x64.Build.0 = Release|x64
		{6870819B-088D-30FE-8E44-493A6700C739}.MinSizeRel|x64.ActiveCfg = MinSizeRel|x64
		{6870819B-088D-30FE-8E44-493A6700C739}.MinSizeRel|x64.Build.0 = MinSizeRel|x64
		{6870819B-088D-30FE-8E44-493A6700C739}.RelWithDebInfo|x64.ActiveCfg = RelWithDebInfo|x64
		{6870819B-088D-30FE-8E44-493A6700C739}.RelWithDebInfo|x64.Build.0 = RelWithDebInfo|x64
		{4F5B0D3B-1F32-3128-B540-22B139B952A0}.Debug|x64.ActiveCfg = Debug|x64
		{4F5B0D3B-1F32-3128-B540-22B139B952A0}.Debug|x64.Build.0 = Debug|x64
		{4F5B0D3B-1F32-3128-B540-22B139B952A0}.Release|x64.ActiveCfg = Release|x64
		{4F5B0D3B-1F32-3128-B540-22B139B952A0}.Release|x64.Build.0 = Release|x64
		{4F5B0D3B-1F32-3128-B540-22B139B952A0}.MinSizeRel|x64.ActiveCfg = MinSizeRel|x64
		{4F5B0D3B-1F32-3128-B540-22B139B952A0}.MinSizeRel|x64.Build.0 = MinSizeRel|x64
		{4F5B0D3B-1F32-3128-B540-22B139B952A0}.RelWithDebInfo|x64.ActiveCfg = RelWithDebInfo|x64
		{4F5B0D3B-1F32-3128-B540-22B139B952A0}.RelWithDebInfo|x64.Build.0 = RelWithDebInfo|x64
		{D58A6A9A-D081-3BD1-AB3C-8F6CA247C977}.Debug|x64.ActiveCfg = Debug|x64
		{D58A6A9A-D081-3BD1-AB3C-8F6CA247C977}.Debug|x64.Build.0 = Debug|x64
		{D58A6A9A-D081-3BD1-AB3C-8F6CA247C977}.Release|x64.ActiveCfg = Release|x64
		{D58A6A9A-D081-3BD1-AB3C-8F6CA247C977}.Release|x64.Build.0 = Release|x64
		{D58A6A9A-D081-3BD1-AB3C-8F6CA247C977}.MinSizeRel|x64.ActiveCfg = MinSizeRel|x64
		{D58A6A9A-D081-3BD1-AB3C-8F6CA247C977}.MinSizeRel|x64.Build.0 = MinSizeRel|x64
		{D58A6A9A-D081-3BD1-AB3C-8F6CA247C977}.RelWithDebInfo|x64.ActiveCfg = RelWithDebInfo|x64
		{D58A6A9A-D081-3BD1-AB3C-8F6CA247C977}.RelWithDebInfo|x64.Build.0 = RelWithDebInfo|x64
		{44017F13-C63C-31E1-B739-962EF39A1C36}.Debug|x64.ActiveCfg = Debug|x64
		{44017F13-C63C-31E1-B739-962EF39A1C36}.Debug|x64.Build.0 = Debug|x64
		{44017F13-C63C-31E1-B739-962EF39A1C36}.Release|x64.ActiveCfg = Release|x64
		{44017F13-C63C-31E1-B739-962EF39A1C36}.Release|x64.Build.0 = Release|x64
		{44017F13-C63C-31E1-B739-962EF39A1C36}.MinSizeRel|x64.ActiveCfg = MinSizeRel|x64
		{44017F13-C63C-31E1-B739-962EF39A1C36}.MinSizeRel|x64.Build.0 = MinSizeRel|x64
		{44017F13-C63C-31E1-B739-962EF39A1C36}.RelWithDebInfo|x64.ActiveCfg = RelWithDebInfo|x64
		{44017F13-C63C-31E1-B739-962EF39A1C36}.RelWithDebInfo|x64.Build.0 = RelWithDebInfo|x64
		{72C25413-DE22-37CF-B0D5-C2C727BF0212}.Debug|x64.ActiveCfg = Debug|x64
		{72C25413-DE22-37CF-B0D5-C2C727BF0212}.Debug|x64.Build.0 = Debug|x64
		{72C25413-DE22-37CF-B0D5-C2C727BF0212}.Release|x64.ActiveCfg = Release|x64
		{72C25413-DE22-37CF-B0D5-C2C727BF0212}.Release|x64.Build.0 = Release|x64
		{72C25413-DE22-37CF-B0D5-C2C727BF0212}.MinSizeRel|x64.ActiveCfg = MinSizeRel|x64
		{72C25413-DE22-37CF-B0D5-C2C727BF0212}.MinSizeRel|x64.Build.0 = MinSizeRel|x64
		{72C25413-DE22-37CF-B0D5-C2C727BF0212}.RelWithDebInfo|x64.ActiveCfg = RelWithDebInfo|x64
		{72C25413-DE22-37CF-B0D5-C2C727BF0212}.RelWithDebInfo|x64.Build.0 = RelWithDebInfo|x64
		{DA9C9A99-0E2C-3192-B1B4-3E76EBCFB55D}.Debug|x64.ActiveCfg = Debug|x64
		{DA9C9A99-0E2C-3192-B1B4-3E76EBCFB55D}.Debug|x64.Build.0 = Debug|x64
		{DA9C9A99-0E2C-3192-B1B4-3E76EBCFB55D}.Release|x64.ActiveCfg = Release|x64
		{DA9C9A99-0E2C-3192-B1B4-3E76EBCFB55D}.Release|x64.Build.0 = Release|x64
		{DA9C9A99-0E2C-3192-B1B4-3E76EBCFB55D}.MinSizeRel|x64.ActiveCfg = MinSizeRel|x64
		{DA9C9A99-0E2C-3192-B1B4-3E76EBCFB55D}.MinSizeRel|x64.Build.0 = MinSizeRel|x64
		{DA9C9A99-0E2C-3192-B1B4-3E76EBCFB55D}.RelWithDebInfo|x64.ActiveCfg = RelWithDebInfo|x64
		{DA9C9A99-0E2C-3192-B1B4-3E76EBCFB55D}.RelWithDebInfo|x64.Build.0 = RelWithDebInfo|x64
		{7FD976CE-8108-3832-8FC5-A1D155CBF0C6}.Debug|x64.ActiveCfg = Debug|x64
		{7FD976CE-8108-3832-8FC5-A1D155CBF0C6}.Debug|x64.Build.0 = Debug|x64
		{7FD976CE-8108-3832-8FC5-A1D155CBF0C6}.Release|x64.ActiveCfg = Release|x64
		{7FD976CE-8108-3832-8FC5-A1D155CBF0C6}.Release|x64.Build.0 = Release|x64
		{7FD976CE-8108-3832-8FC5-A1D155CBF0C6}.MinSizeRel|x64.ActiveCfg = MinSizeRel|x64
		{7FD976CE-8108-3832-8FC5-A1D155CBF0C6}.MinSizeRel|x64.Build.0 = MinSizeRel|x64
		{7FD976CE-8108-3832-8FC5-A1D155CBF0C6}.RelWithDebInfo|x64.ActiveCfg = RelWithDebInfo|x64
		{7FD976CE-8108-3832-8FC5-A1D155CBF0C6}.RelWithDebInfo|x64.Build.0 = RelWithDebInfo|x64
		{E8B11993-4571-3097-8642-3173A5977C1E}.Debug|x64.ActiveCfg = Debug|x64
		{E8B11993-4571-3097-8642-3173A5977C1E}.Release|x64.ActiveCfg = Release|x64
		{E8B11993-4571-3097-8642-3173A5977C1E}.MinSizeRel|x64.ActiveCfg = MinSizeRel|x64
		{E8B11993-4571-3097-8642-3173A5977C1E}.RelWithDebInfo|x64.ActiveCfg = RelWithDebInfo|x64
		{0F86F508-9528-380B-86C1-E979F08D148D}.Debug|x64.ActiveCfg = Debug|x64
		{0F86F508-9528-380B-86C1-E979F08D148D}.Debug|x64.Build.0 = Debug|x64
		{0F86F508-9528-380B-86C1-E979F08D148D}.Release|x64.ActiveCfg = Release|x64
		{0F86F508-9528-380B-86C1-E979F08D148D}.Release|x64.Build.0 = Release|x64
		{0F86F508-9528-380B-86C1-E979F08D148D}.MinSizeRel|x64.ActiveCfg = MinSizeRel|x64
		{0F86F508-9528-380B-86C1-E979F08D148D}.MinSizeRel|x64.Build.0 = MinSizeRel|x64
		{0F86F508-9528-380B-86C1-E979F08D148D}.RelWithDebInfo|x64.ActiveCfg = RelWithDebInfo|x64
		{0F86F508-9528-380B-86C1-E979F08D148D}.RelWithDebInfo|x64.Build.0 = RelWithDebInfo|x64
		{88113D6A-4A6A-333E-8AB7-808CFDD5424F}.Debug|x64.ActiveCfg = Debug|x64
		{88113D6A-4A6A-333E-8AB7-808CFDD5424F}.Debug|x64.Build.0 = Debug|x64
		{88113D6A-4A6A-333E-8AB7-808CFDD5424F}.Release|x64.ActiveCfg = Release|x64
		{88113D6A-4A6A-333E-8AB7-808CFDD5424F}.Release|x64.Build.0 = Release|x64
		{88113D6A-4A6A-333E-8AB7-808CFDD5424F}.MinSizeRel|x64.ActiveCfg = MinSizeRel|x64
		{88113D6A-4A6A-333E-8AB7-808CFDD5424F}.MinSizeRel|x64.Build.0 = MinSizeRel|x64
		{88113D6A-4A6A-333E-8AB7-808CFDD5424F}.RelWithDebInfo|x64.ActiveCfg = RelWithDebInfo|x64
		{88113D6A-4A6A-333E-8AB7-808CFDD5424F}.RelWithDebInfo|x64.Build.0 = RelWithDebInfo|x64
	EndGlobalSection
	GlobalSection(ExtensibilityGlobals) = postSolution
		SolutionGuid = {D55F0203-BBF3-3E92-9E2A-F46F7BABE6E5}
	EndGlobalSection
	GlobalSection(ExtensibilityAddIns) = postSolution
	EndGlobalSection
EndGlobal
