<?xml version="1.0" encoding="utf-8"?>
<Project ToolsVersion="17.0" xmlns="http://schemas.microsoft.com/developer/msbuild/2003">
  <ItemGroup>
    <CustomBuild Include="C:\vaist\bi2\CMakeFiles\797793bdc6212b1fa8cc5cc763e6b294\attn_flash_decode.comp.spv.rule">
      <Filter>CMake Rules</Filter>
    </CustomBuild>
    <CustomBuild Include="C:\vaist\bi2\CMakeFiles\c097f742db9eab1cffa0f168c9c8c151\moe_route.comp.spv.rule">
      <Filter>CMake Rules</Filter>
    </CustomBuild>
    <CustomBuild Include="C:\vaist\bi2\CMakeFiles\c097f742db9eab1cffa0f168c9c8c151\qgemm_iq4xs.comp.spv.rule">
      <Filter>CMake Rules</Filter>
    </CustomBuild>
    <CustomBuild Include="C:\vaist\bi2\CMakeFiles\c097f742db9eab1cffa0f168c9c8c151\qgemm_q2_K.comp.spv.rule">
      <Filter>CMake Rules</Filter>
    </CustomBuild>
    <CustomBuild Include="C:\vaist\bi2\CMakeFiles\c097f742db9eab1cffa0f168c9c8c151\qgemm_q3k.comp.spv.rule">
      <Filter>CMake Rules</Filter>
    </CustomBuild>
    <CustomBuild Include="C:\vaist\bi2\CMakeFiles\c097f742db9eab1cffa0f168c9c8c151\qgemm_q4_0.comp.spv.rule">
      <Filter>CMake Rules</Filter>
    </CustomBuild>
    <CustomBuild Include="C:\vaist\bi2\CMakeFiles\c097f742db9eab1cffa0f168c9c8c151\qgemm_q4_1.comp.spv.rule">
      <Filter>CMake Rules</Filter>
    </CustomBuild>
    <CustomBuild Include="C:\vaist\bi2\CMakeFiles\c097f742db9eab1cffa0f168c9c8c151\qgemm_q4k.comp.spv.rule">
      <Filter>CMake Rules</Filter>
    </CustomBuild>
    <CustomBuild Include="C:\vaist\bi2\CMakeFiles\c097f742db9eab1cffa0f168c9c8c151\qgemm_q5_0.comp.spv.rule">
      <Filter>CMake Rules</Filter>
    </CustomBuild>
    <CustomBuild Include="C:\vaist\bi2\CMakeFiles\c097f742db9eab1cffa0f168c9c8c151\qgemm_q5_1.comp.spv.rule">
      <Filter>CMake Rules</Filter>
    </CustomBuild>
    <CustomBuild Include="C:\vaist\bi2\CMakeFiles\c097f742db9eab1cffa0f168c9c8c151\qgemm_q5k.comp.spv.rule">
      <Filter>CMake Rules</Filter>
    </CustomBuild>
    <CustomBuild Include="C:\vaist\bi2\CMakeFiles\c097f742db9eab1cffa0f168c9c8c151\qgemm_q6k.comp.spv.rule">
      <Filter>CMake Rules</Filter>
    </CustomBuild>
    <CustomBuild Include="C:\vaist\bi2\CMakeFiles\c097f742db9eab1cffa0f168c9c8c151\qgemm_q8_0.comp.spv.rule">
      <Filter>CMake Rules</Filter>
    </CustomBuild>
    <CustomBuild Include="C:\vaist\bi2\CMakeFiles\f45668b1dafd48dac32a45d799900919\vaist_shaders.rule">
      <Filter>CMake Rules</Filter>
    </CustomBuild>
    <CustomBuild Include="C:\vaist\CMakeLists.txt" />
  </ItemGroup>
  <ItemGroup>
    <None Include="C:\vaist\bi2\CMakeFiles\vaist_shaders" />
  </ItemGroup>
  <ItemGroup>
    <Filter Include="CMake Rules">
      <UniqueIdentifier>{65EDC6AA-492A-3704-A907-9FBCD74A5C91}</UniqueIdentifier>
    </Filter>
  </ItemGroup>
</Project>
